
Microsoft Visual Studio Solution File, Format Version 11.00
# Visual Studio 2010
Project("{2150E333-8FDC-42A3-9474-1A3956D46DE8}") = "StrongNameKey", "StrongNameKey", "{5509EDEF-3EA1-4BBA-905A-34C9C89004C0}"
	ProjectSection(SolutionItems) = preProject
		Konfidence.nl.snk = Konfidence.nl.snk
	EndProjectSection
EndProject
Project("{2150E333-8FDC-42A3-9474-1A3956D46DE8}") = "Solution Items", "Solution Items", "{4FAC7656-5009-4A8F-8383-F9488538224F}"
	ProjectSection(SolutionItems) = preProject
		BaseClasses.vsmdi = BaseClasses.vsmdi
		LocalTestRun.testrunconfig = LocalTestRun.testrunconfig
	EndProjectSection
EndProject
Project("{2150E333-8FDC-42A3-9474-1A3956D46DE8}") = "ReBaserConfig", "ReBaserConfig", "{F13754A5-412F-41E5-B228-5F39C3ED476F}"
	ProjectSection(SolutionItems) = preProject
		..\..\References\Config\ProjectReBaser.Config.xml = ..\..\References\Config\ProjectReBaser.Config.xml
	EndProjectSection
EndProject
Project("{FAE04EC0-301F-11D3-BF4B-00C04F79EFBC}") = "Konfidence.BaseClasses", "Konfidence.BaseClasses\Konfidence.BaseClasses.csproj", "{D71A4677-79C7-443B-900D-218FBCFE8728}"
EndProject
Project("{FAE04EC0-301F-11D3-BF4B-00C04F79EFBC}") = "Konfidence.BaseUserControlHelpers", "Konfidence.BaseUserControlHelpers\Konfidence.BaseUserControlHelpers.csproj", "{D60A1063-3897-44FA-97F5-85A9C25B1F8C}"
EndProject
Project("{FAE04EC0-301F-11D3-BF4B-00C04F79EFBC}") = "Konfidence.BaseDataBaseClasses", "Konfidence.BaseDataBaseClasses\Konfidence.BaseDataBaseClasses.csproj", "{2B4CCFAC-0B45-4F69-96BB-A60C4584027F}"
EndProject
Project("{FAE04EC0-301F-11D3-BF4B-00C04F79EFBC}") = "Konfidence.BaseThreadClasses", "Konfidence.BaseThreadClasses\Konfidence.BaseThreadClasses.csproj", "{536AED59-A354-4905-AFC9-6FF981B06413}"
EndProject
Project("{FAE04EC0-301F-11D3-BF4B-00C04F79EFBC}") = "Konfidence.BaseHelper", "Konfidence.BaseHelper\Konfidence.BaseHelper.csproj", "{687FBFF3-F978-48F9-BF2B-AF242FC8214C}"
EndProject
Project("{FAE04EC0-301F-11D3-BF4B-00C04F79EFBC}") = "Konfidence.BaseWindowComponents", "Konfidence.BaseWindowComponents\Konfidence.BaseWindowComponents.csproj", "{D1AE74F0-8D30-4F7B-983B-46466C7DBB5C}"
EndProject
Project("{FAE04EC0-301F-11D3-BF4B-00C04F79EFBC}") = "Konfidence.BaseWindowForms", "Konfidence.BaseWindowForms\Konfidence.BaseWindowForms.csproj", "{0D53566A-235C-47C3-8DE0-60538050FD9C}"
EndProject
Project("{FAE04EC0-301F-11D3-BF4B-00C04F79EFBC}") = "Konfidence.UtilHelper", "Konfidence.UtilHelper\Konfidence.UtilHelper.csproj", "{BAD05CC5-FB06-4B17-8089-67CF420159B9}"
EndProject
Project("{FAE04EC0-301F-11D3-BF4B-00C04F79EFBC}") = "Konfidence.DesignPatterns", "Konfidence.Designpatterns\Konfidence.DesignPatterns.csproj", "{3D3FD6C6-3583-4047-B960-EF45030FBDE2}"
EndProject
Project("{FAE04EC0-301F-11D3-BF4B-00C04F79EFBC}") = "Konfidence.TeamFoundation", "Konfidence.TeamFoundation\Konfidence.TeamFoundation.csproj", "{99B3193A-0739-4586-A379-138176C425A7}"
EndProject
Project("{FAE04EC0-301F-11D3-BF4B-00C04F79EFBC}") = "ReferenceReBaser", "ReferenceReBaser\ReferenceReBaser.csproj", "{195292BF-209C-423C-ABB1-6AC884122F22}"
EndProject
Project("{FAE04EC0-301F-11D3-BF4B-00C04F79EFBC}") = "Konfidence.BaseClassesTest", "Konfidence.BaseClassesTest\Konfidence.BaseClassesTest.csproj", "{060F714F-AC6B-4834-964B-AB46CE23E5A4}"
EndProject
Project("{FAE04EC0-301F-11D3-BF4B-00C04F79EFBC}") = "Konfidence.Security", "Konfidence.Security\Konfidence.Security.csproj", "{EA37BC31-3523-495C-A0A0-3828065EE218}"
EndProject
Global
	GlobalSection(TeamFoundationVersionControl) = preSolution
		SccNumberOfProjects = 14
		SccEnterpriseProvider = {4CA58AB2-18FA-4F8D-95D4-32DDF27D184C}
		SccTeamFoundationServer = http://tfs.konfidence.nl:8080/
		SccLocalPath0 = .
		SccProjectUniqueName1 = Konfidence.BaseClasses\\Konfidence.BaseClasses.csproj
		SccProjectName1 = Konfidence.BaseClasses
		SccLocalPath1 = Konfidence.BaseClasses
		SccProjectUniqueName2 = Konfidence.BaseDataBaseClasses\\Konfidence.BaseDataBaseClasses.csproj
		SccProjectName2 = Konfidence.BaseDataBaseClasses
		SccLocalPath2 = Konfidence.BaseDataBaseClasses
		SccProjectUniqueName3 = Konfidence.BaseHelper\\Konfidence.BaseHelper.csproj
		SccProjectName3 = Konfidence.BaseHelper
		SccLocalPath3 = Konfidence.BaseHelper
		SccProjectUniqueName4 = Konfidence.BaseThreadClasses\\Konfidence.BaseThreadClasses.csproj
		SccProjectName4 = Konfidence.BaseThreadClasses
		SccLocalPath4 = Konfidence.BaseThreadClasses
		SccProjectUniqueName5 = Konfidence.BaseUserControlHelpers\\Konfidence.BaseUserControlHelpers.csproj
		SccProjectName5 = Konfidence.BaseUserControlHelpers
		SccLocalPath5 = Konfidence.BaseUserControlHelpers
		SccProjectUniqueName6 = Konfidence.BaseWindowComponents\\Konfidence.BaseWindowComponents.csproj
		SccProjectName6 = Konfidence.BaseWindowComponents
		SccLocalPath6 = Konfidence.BaseWindowComponents
		SccProjectUniqueName7 = Konfidence.BaseWindowForms\\Konfidence.BaseWindowForms.csproj
		SccProjectName7 = Konfidence.BaseWindowForms
		SccLocalPath7 = Konfidence.BaseWindowForms
		SccProjectUniqueName8 = Konfidence.Designpatterns\\Konfidence.DesignPatterns.csproj
		SccProjectName8 = Konfidence.Designpatterns
		SccLocalPath8 = Konfidence.Designpatterns
		SccProjectUniqueName9 = Konfidence.UtilHelper\\Konfidence.UtilHelper.csproj
		SccProjectName9 = Konfidence.UtilHelper
		SccLocalPath9 = Konfidence.UtilHelper
		SccProjectUniqueName10 = Konfidence.TeamFoundation\\Konfidence.TeamFoundation.csproj
		SccProjectName10 = Konfidence.TeamFoundation
		SccLocalPath10 = Konfidence.TeamFoundation
		SccProjectUniqueName11 = ReferenceReBaser\\ReferenceReBaser.csproj
		SccProjectName11 = ReferenceReBaser
		SccLocalPath11 = ReferenceReBaser
		SccProjectUniqueName12 = Konfidence.BaseClassesTest\\Konfidence.BaseClassesTest.csproj
		SccProjectName12 = Konfidence.BaseClassesTest
		SccLocalPath12 = Konfidence.BaseClassesTest
		SccProjectUniqueName13 = Konfidence.Security\\Konfidence.Security.csproj
		SccProjectName13 = Konfidence.Security
		SccLocalPath13 = Konfidence.Security
	EndGlobalSection
	GlobalSection(SolutionConfigurationPlatforms) = preSolution
		Debug|Any CPU = Debug|Any CPU
		Release|Any CPU = Release|Any CPU
	EndGlobalSection
	GlobalSection(ProjectConfigurationPlatforms) = postSolution
		{D71A4677-79C7-443B-900D-218FBCFE8728}.Debug|Any CPU.ActiveCfg = Debug|Any CPU
		{D71A4677-79C7-443B-900D-218FBCFE8728}.Debug|Any CPU.Build.0 = Debug|Any CPU
		{D71A4677-79C7-443B-900D-218FBCFE8728}.Release|Any CPU.ActiveCfg = Release|Any CPU
		{D71A4677-79C7-443B-900D-218FBCFE8728}.Release|Any CPU.Build.0 = Release|Any CPU
		{D60A1063-3897-44FA-97F5-85A9C25B1F8C}.Debug|Any CPU.ActiveCfg = Debug|Any CPU
		{D60A1063-3897-44FA-97F5-85A9C25B1F8C}.Debug|Any CPU.Build.0 = Debug|Any CPU
		{D60A1063-3897-44FA-97F5-85A9C25B1F8C}.Release|Any CPU.ActiveCfg = Release|Any CPU
		{D60A1063-3897-44FA-97F5-85A9C25B1F8C}.Release|Any CPU.Build.0 = Release|Any CPU
		{2B4CCFAC-0B45-4F69-96BB-A60C4584027F}.Debug|Any CPU.ActiveCfg = Debug|Any CPU
		{2B4CCFAC-0B45-4F69-96BB-A60C4584027F}.Debug|Any CPU.Build.0 = Debug|Any CPU
		{2B4CCFAC-0B45-4F69-96BB-A60C4584027F}.Release|Any CPU.ActiveCfg = Release|Any CPU
		{2B4CCFAC-0B45-4F69-96BB-A60C4584027F}.Release|Any CPU.Build.0 = Release|Any CPU
		{536AED59-A354-4905-AFC9-6FF981B06413}.Debug|Any CPU.ActiveCfg = Debug|Any CPU
		{536AED59-A354-4905-AFC9-6FF981B06413}.Debug|Any CPU.Build.0 = Debug|Any CPU
		{536AED59-A354-4905-AFC9-6FF981B06413}.Release|Any CPU.ActiveCfg = Release|Any CPU
		{536AED59-A354-4905-AFC9-6FF981B06413}.Release|Any CPU.Build.0 = Release|Any CPU
		{687FBFF3-F978-48F9-BF2B-AF242FC8214C}.Debug|Any CPU.ActiveCfg = Debug|Any CPU
		{687FBFF3-F978-48F9-BF2B-AF242FC8214C}.Debug|Any CPU.Build.0 = Debug|Any CPU
		{687FBFF3-F978-48F9-BF2B-AF242FC8214C}.Release|Any CPU.ActiveCfg = Release|Any CPU
		{687FBFF3-F978-48F9-BF2B-AF242FC8214C}.Release|Any CPU.Build.0 = Release|Any CPU
		{D1AE74F0-8D30-4F7B-983B-46466C7DBB5C}.Debug|Any CPU.ActiveCfg = Debug|Any CPU
		{D1AE74F0-8D30-4F7B-983B-46466C7DBB5C}.Debug|Any CPU.Build.0 = Debug|Any CPU
		{D1AE74F0-8D30-4F7B-983B-46466C7DBB5C}.Release|Any CPU.ActiveCfg = Release|Any CPU
		{D1AE74F0-8D30-4F7B-983B-46466C7DBB5C}.Release|Any CPU.Build.0 = Release|Any CPU
		{0D53566A-235C-47C3-8DE0-60538050FD9C}.Debug|Any CPU.ActiveCfg = Debug|Any CPU
		{0D53566A-235C-47C3-8DE0-60538050FD9C}.Debug|Any CPU.Build.0 = Debug|Any CPU
		{0D53566A-235C-47C3-8DE0-60538050FD9C}.Release|Any CPU.ActiveCfg = Release|Any CPU
		{0D53566A-235C-47C3-8DE0-60538050FD9C}.Release|Any CPU.Build.0 = Release|Any CPU
		{BAD05CC5-FB06-4B17-8089-67CF420159B9}.Debug|Any CPU.ActiveCfg = Debug|Any CPU
		{BAD05CC5-FB06-4B17-8089-67CF420159B9}.Debug|Any CPU.Build.0 = Debug|Any CPU
		{BAD05CC5-FB06-4B17-8089-67CF420159B9}.Release|Any CPU.ActiveCfg = Release|Any CPU
		{BAD05CC5-FB06-4B17-8089-67CF420159B9}.Release|Any CPU.Build.0 = Release|Any CPU
		{3D3FD6C6-3583-4047-B960-EF45030FBDE2}.Debug|Any CPU.ActiveCfg = Debug|Any CPU
		{3D3FD6C6-3583-4047-B960-EF45030FBDE2}.Debug|Any CPU.Build.0 = Debug|Any CPU
		{3D3FD6C6-3583-4047-B960-EF45030FBDE2}.Release|Any CPU.ActiveCfg = Release|Any CPU
		{3D3FD6C6-3583-4047-B960-EF45030FBDE2}.Release|Any CPU.Build.0 = Release|Any CPU
		{99B3193A-0739-4586-A379-138176C425A7}.Debug|Any CPU.ActiveCfg = Debug|Any CPU
		{99B3193A-0739-4586-A379-138176C425A7}.Debug|Any CPU.Build.0 = Debug|Any CPU
		{99B3193A-0739-4586-A379-138176C425A7}.Release|Any CPU.ActiveCfg = Release|Any CPU
		{99B3193A-0739-4586-A379-138176C425A7}.Release|Any CPU.Build.0 = Release|Any CPU
		{195292BF-209C-423C-ABB1-6AC884122F22}.Debug|Any CPU.ActiveCfg = Debug|Any CPU
		{195292BF-209C-423C-ABB1-6AC884122F22}.Debug|Any CPU.Build.0 = Debug|Any CPU
		{195292BF-209C-423C-ABB1-6AC884122F22}.Release|Any CPU.ActiveCfg = Release|Any CPU
		{195292BF-209C-423C-ABB1-6AC884122F22}.Release|Any CPU.Build.0 = Release|Any CPU
		{060F714F-AC6B-4834-964B-AB46CE23E5A4}.Debug|Any CPU.ActiveCfg = Debug|Any CPU
		{060F714F-AC6B-4834-964B-AB46CE23E5A4}.Debug|Any CPU.Build.0 = Debug|Any CPU
		{060F714F-AC6B-4834-964B-AB46CE23E5A4}.Release|Any CPU.ActiveCfg = Release|Any CPU
		{060F714F-AC6B-4834-964B-AB46CE23E5A4}.Release|Any CPU.Build.0 = Release|Any CPU
		{EA37BC31-3523-495C-A0A0-3828065EE218}.Debug|Any CPU.ActiveCfg = Debug|Any CPU
		{EA37BC31-3523-495C-A0A0-3828065EE218}.Debug|Any CPU.Build.0 = Debug|Any CPU
		{EA37BC31-3523-495C-A0A0-3828065EE218}.Release|Any CPU.ActiveCfg = Release|Any CPU
		{EA37BC31-3523-495C-A0A0-3828065EE218}.Release|Any CPU.Build.0 = Release|Any CPU
	EndGlobalSection
	GlobalSection(SolutionProperties) = preSolution
		HideSolutionNode = FALSE
	EndGlobalSection
EndGlobal
