
Microsoft Visual Studio Solution File, Format Version 12.00
# Visual Studio Version 16
VisualStudioVersion = 16.0.28714.193
MinimumVisualStudioVersion = 10.0.40219.1
Project("{2150E333-8FDC-42A3-9474-1A3956D46DE8}") = "ClassGeneratorConfig", "ClassGeneratorConfig", "{36786862-305D-446D-8B01-BDAC2476260C}"
	ProjectSection(SolutionItems) = preProject
		ClassModelGenerator.config.json = ClassModelGenerator.config.json
	EndProjectSection
EndProject
Project("{2150E333-8FDC-42A3-9474-1A3956D46DE8}") = "StrongNameKey", "StrongNameKey", "{5509EDEF-3EA1-4BBA-905A-34C9C89004C0}"
	ProjectSection(SolutionItems) = preProject
		HowToGetPublicKey.txt = HowToGetPublicKey.txt
		Konfidence.nl.snk = Konfidence.nl.snk
	EndProjectSection
EndProject
Project("{2150E333-8FDC-42A3-9474-1A3956D46DE8}") = ".nuget", ".nuget", "{1D94BDD9-A879-4163-BB2C-225088B97A67}"
	ProjectSection(SolutionItems) = preProject
		.nuget\NuGet.Config = .nuget\NuGet.Config
	EndProjectSection
EndProject
Project("{2150E333-8FDC-42A3-9474-1A3956D46DE8}") = "TestProjects", "TestProjects", "{35800589-CB56-4489-A217-2108E97ECFAC}"
EndProject
Project("{9A19103F-16F7-4668-BE54-9A1E7A4F7556}") = "Konfidence.Security.Tests", "Konfidence.Security.Tests\Konfidence.Security.Tests.csproj", "{6765A31E-69E8-4541-BF5E-F419B32E6069}"
EndProject
Project("{9A19103F-16F7-4668-BE54-9A1E7A4F7556}") = "Konfidence.RestProvider", "Konfidence.RestProvider\Konfidence.RestProvider.csproj", "{1FC56015-7C87-4B9B-8490-009210FC2CEE}"
EndProject
Project("{9A19103F-16F7-4668-BE54-9A1E7A4F7556}") = "Konfidence.BaseDatabaseClasses.Tests", "Konfidence.BaseDatabaseClasses.Tests\Konfidence.BaseDatabaseClasses.Tests.csproj", "{A0D7E2E0-144C-409B-B5F2-107780F69B6D}"
EndProject
Project("{9A19103F-16F7-4668-BE54-9A1E7A4F7556}") = "Konfidence.BaseDatabaseClasses.Code", "Konfidence.BaseDatabaseClasses.Code\Konfidence.BaseDatabaseClasses.Code.csproj", "{AC595ED8-F17A-4D6C-A801-480433BE4D34}"
EndProject
Project("{9A19103F-16F7-4668-BE54-9A1E7A4F7556}") = "Konfidence.SqlHostProvider.Code", "Konfidence.SqlHostProvider.Code\Konfidence.SqlHostProvider.Code.csproj", "{45D19995-B114-4A65-87AD-3E4A7FBB0A26}"
EndProject
Project("{9A19103F-16F7-4668-BE54-9A1E7A4F7556}") = "Konfidence.RepositoryInterface.Code", "Konfidence.RepositoryInterface.Code\Konfidence.RepositoryInterface.Code.csproj", "{DCAB3A56-9D42-4CE4-9300-D72B9F9E2F64}"
EndProject
Project("{9A19103F-16F7-4668-BE54-9A1E7A4F7556}") = "Konfidence.Security.Code", "Konfidence.Security.Code\Konfidence.Security.Code.csproj", "{43E53231-5C0C-455C-BE26-B4655A38316E}"
EndProject
Project("{9A19103F-16F7-4668-BE54-9A1E7A4F7556}") = "Konfidence.BaseUserControlHelpers.Code", "Konfidence.BaseUserControlHelpers.Code\Konfidence.BaseUserControlHelpers.Code.csproj", "{7E52DB0C-F25F-441A-9C68-D3B3E7DBFFB2}"
EndProject
Project("{9A19103F-16F7-4668-BE54-9A1E7A4F7556}") = "Konfidence.MenuClasses.Code", "Konfidence.MenuClasses.Code\Konfidence.MenuClasses.Code.csproj", "{60D5C141-9292-4B6D-937F-5DEFDD01CAA3}"
EndProject
Project("{2150E333-8FDC-42A3-9474-1A3956D46DE8}") = "Solution Items", "Solution Items", "{CB6FF5D2-CD43-41EE-A0D1-B1BAE6920C64}"
EndProject
Project("{9A19103F-16F7-4668-BE54-9A1E7A4F7556}") = "Konfidence.BaseClasses.Code", "Konfidence.BaseClasses.Code\Konfidence.BaseClasses.Code.csproj", "{0A49D448-BDFE-432C-8390-9A285559CE3E}"
EndProject
Project("{9A19103F-16F7-4668-BE54-9A1E7A4F7556}") = "Konfidence.SqlHostProvider.Tests", "Konfidence.SqlHostProvider.Tests\Konfidence.SqlHostProvider.Tests.csproj", "{060F714F-AC6B-4834-964B-AB46CE23E5A4}"
EndProject
Project("{9A19103F-16F7-4668-BE54-9A1E7A4F7556}") = "Konfidence.BaseUserControlHelpers.Tests", "Konfidence.BaseUserControlHelpers.Tests\Konfidence.BaseUserControlHelpers.Tests.csproj", "{2C66D9D2-6A55-429F-9B68-1FB1EC1D8EF2}"
EndProject
Project("{9A19103F-16F7-4668-BE54-9A1E7A4F7556}") = "Konfidence.MenuClasses.Tests", "Konfidence.MenuClasses.Tests\Konfidence.MenuClasses.Tests.csproj", "{136189D9-1A3E-4D85-B3DF-E2EBCCE0FC92}"
EndProject
Project("{9A19103F-16F7-4668-BE54-9A1E7A4F7556}") = "Konfidence.DataBaseInterface.Code", "Konfidence.DataBaseInterface.Code\Konfidence.DataBaseInterface.Code.csproj", "{9753C870-A5F8-4325-9F95-E243796D17E9}"
EndProject
Global
	GlobalSection(SolutionConfigurationPlatforms) = preSolution
		Debug|Any CPU = Debug|Any CPU
		Debug|Mixed Platforms = Debug|Mixed Platforms
		Debug|x86 = Debug|x86
		Release|Any CPU = Release|Any CPU
		Release|Mixed Platforms = Release|Mixed Platforms
		Release|x86 = Release|x86
	EndGlobalSection
	GlobalSection(ProjectConfigurationPlatforms) = postSolution
		{6765A31E-69E8-4541-BF5E-F419B32E6069}.Debug|Any CPU.ActiveCfg = Debug|Any CPU
		{6765A31E-69E8-4541-BF5E-F419B32E6069}.Debug|Any CPU.Build.0 = Debug|Any CPU
		{6765A31E-69E8-4541-BF5E-F419B32E6069}.Debug|Mixed Platforms.ActiveCfg = Debug|Any CPU
		{6765A31E-69E8-4541-BF5E-F419B32E6069}.Debug|Mixed Platforms.Build.0 = Debug|Any CPU
		{6765A31E-69E8-4541-BF5E-F419B32E6069}.Debug|x86.ActiveCfg = Debug|Any CPU
		{6765A31E-69E8-4541-BF5E-F419B32E6069}.Debug|x86.Build.0 = Debug|Any CPU
		{6765A31E-69E8-4541-BF5E-F419B32E6069}.Release|Any CPU.ActiveCfg = Release|Any CPU
		{6765A31E-69E8-4541-BF5E-F419B32E6069}.Release|Any CPU.Build.0 = Release|Any CPU
		{6765A31E-69E8-4541-BF5E-F419B32E6069}.Release|Mixed Platforms.ActiveCfg = Release|Any CPU
		{6765A31E-69E8-4541-BF5E-F419B32E6069}.Release|Mixed Platforms.Build.0 = Release|Any CPU
		{6765A31E-69E8-4541-BF5E-F419B32E6069}.Release|x86.ActiveCfg = Release|Any CPU
		{6765A31E-69E8-4541-BF5E-F419B32E6069}.Release|x86.Build.0 = Release|Any CPU
		{1FC56015-7C87-4B9B-8490-009210FC2CEE}.Debug|Any CPU.ActiveCfg = Debug|Any CPU
		{1FC56015-7C87-4B9B-8490-009210FC2CEE}.Debug|Any CPU.Build.0 = Debug|Any CPU
		{1FC56015-7C87-4B9B-8490-009210FC2CEE}.Debug|Mixed Platforms.ActiveCfg = Debug|Any CPU
		{1FC56015-7C87-4B9B-8490-009210FC2CEE}.Debug|Mixed Platforms.Build.0 = Debug|Any CPU
		{1FC56015-7C87-4B9B-8490-009210FC2CEE}.Debug|x86.ActiveCfg = Debug|Any CPU
		{1FC56015-7C87-4B9B-8490-009210FC2CEE}.Debug|x86.Build.0 = Debug|Any CPU
		{1FC56015-7C87-4B9B-8490-009210FC2CEE}.Release|Any CPU.ActiveCfg = Release|Any CPU
		{1FC56015-7C87-4B9B-8490-009210FC2CEE}.Release|Any CPU.Build.0 = Release|Any CPU
		{1FC56015-7C87-4B9B-8490-009210FC2CEE}.Release|Mixed Platforms.ActiveCfg = Release|Any CPU
		{1FC56015-7C87-4B9B-8490-009210FC2CEE}.Release|Mixed Platforms.Build.0 = Release|Any CPU
		{1FC56015-7C87-4B9B-8490-009210FC2CEE}.Release|x86.ActiveCfg = Release|Any CPU
		{1FC56015-7C87-4B9B-8490-009210FC2CEE}.Release|x86.Build.0 = Release|Any CPU
		{A0D7E2E0-144C-409B-B5F2-107780F69B6D}.Debug|Any CPU.ActiveCfg = Debug|Any CPU
		{A0D7E2E0-144C-409B-B5F2-107780F69B6D}.Debug|Any CPU.Build.0 = Debug|Any CPU
		{A0D7E2E0-144C-409B-B5F2-107780F69B6D}.Debug|Mixed Platforms.ActiveCfg = Debug|Any CPU
		{A0D7E2E0-144C-409B-B5F2-107780F69B6D}.Debug|Mixed Platforms.Build.0 = Debug|Any CPU
		{A0D7E2E0-144C-409B-B5F2-107780F69B6D}.Debug|x86.ActiveCfg = Debug|Any CPU
		{A0D7E2E0-144C-409B-B5F2-107780F69B6D}.Debug|x86.Build.0 = Debug|Any CPU
		{A0D7E2E0-144C-409B-B5F2-107780F69B6D}.Release|Any CPU.ActiveCfg = Release|Any CPU
		{A0D7E2E0-144C-409B-B5F2-107780F69B6D}.Release|Any CPU.Build.0 = Release|Any CPU
		{A0D7E2E0-144C-409B-B5F2-107780F69B6D}.Release|Mixed Platforms.ActiveCfg = Release|Any CPU
		{A0D7E2E0-144C-409B-B5F2-107780F69B6D}.Release|Mixed Platforms.Build.0 = Release|Any CPU
		{A0D7E2E0-144C-409B-B5F2-107780F69B6D}.Release|x86.ActiveCfg = Release|Any CPU
		{A0D7E2E0-144C-409B-B5F2-107780F69B6D}.Release|x86.Build.0 = Release|Any CPU
		{AC595ED8-F17A-4D6C-A801-480433BE4D34}.Debug|Any CPU.ActiveCfg = Debug|Any CPU
		{AC595ED8-F17A-4D6C-A801-480433BE4D34}.Debug|Any CPU.Build.0 = Debug|Any CPU
		{AC595ED8-F17A-4D6C-A801-480433BE4D34}.Debug|Mixed Platforms.ActiveCfg = Debug|Any CPU
		{AC595ED8-F17A-4D6C-A801-480433BE4D34}.Debug|Mixed Platforms.Build.0 = Debug|Any CPU
		{AC595ED8-F17A-4D6C-A801-480433BE4D34}.Debug|x86.ActiveCfg = Debug|Any CPU
		{AC595ED8-F17A-4D6C-A801-480433BE4D34}.Debug|x86.Build.0 = Debug|Any CPU
		{AC595ED8-F17A-4D6C-A801-480433BE4D34}.Release|Any CPU.ActiveCfg = Release|Any CPU
		{AC595ED8-F17A-4D6C-A801-480433BE4D34}.Release|Any CPU.Build.0 = Release|Any CPU
		{AC595ED8-F17A-4D6C-A801-480433BE4D34}.Release|Mixed Platforms.ActiveCfg = Release|Any CPU
		{AC595ED8-F17A-4D6C-A801-480433BE4D34}.Release|Mixed Platforms.Build.0 = Release|Any CPU
		{AC595ED8-F17A-4D6C-A801-480433BE4D34}.Release|x86.ActiveCfg = Release|Any CPU
		{AC595ED8-F17A-4D6C-A801-480433BE4D34}.Release|x86.Build.0 = Release|Any CPU
		{45D19995-B114-4A65-87AD-3E4A7FBB0A26}.Debug|Any CPU.ActiveCfg = Debug|Any CPU
		{45D19995-B114-4A65-87AD-3E4A7FBB0A26}.Debug|Any CPU.Build.0 = Debug|Any CPU
		{45D19995-B114-4A65-87AD-3E4A7FBB0A26}.Debug|Mixed Platforms.ActiveCfg = Debug|Any CPU
		{45D19995-B114-4A65-87AD-3E4A7FBB0A26}.Debug|Mixed Platforms.Build.0 = Debug|Any CPU
		{45D19995-B114-4A65-87AD-3E4A7FBB0A26}.Debug|x86.ActiveCfg = Debug|Any CPU
		{45D19995-B114-4A65-87AD-3E4A7FBB0A26}.Debug|x86.Build.0 = Debug|Any CPU
		{45D19995-B114-4A65-87AD-3E4A7FBB0A26}.Release|Any CPU.ActiveCfg = Release|Any CPU
		{45D19995-B114-4A65-87AD-3E4A7FBB0A26}.Release|Any CPU.Build.0 = Release|Any CPU
		{45D19995-B114-4A65-87AD-3E4A7FBB0A26}.Release|Mixed Platforms.ActiveCfg = Release|Any CPU
		{45D19995-B114-4A65-87AD-3E4A7FBB0A26}.Release|Mixed Platforms.Build.0 = Release|Any CPU
		{45D19995-B114-4A65-87AD-3E4A7FBB0A26}.Release|x86.ActiveCfg = Release|Any CPU
		{45D19995-B114-4A65-87AD-3E4A7FBB0A26}.Release|x86.Build.0 = Release|Any CPU
		{DCAB3A56-9D42-4CE4-9300-D72B9F9E2F64}.Debug|Any CPU.ActiveCfg = Debug|Any CPU
		{DCAB3A56-9D42-4CE4-9300-D72B9F9E2F64}.Debug|Any CPU.Build.0 = Debug|Any CPU
		{DCAB3A56-9D42-4CE4-9300-D72B9F9E2F64}.Debug|Mixed Platforms.ActiveCfg = Debug|Any CPU
		{DCAB3A56-9D42-4CE4-9300-D72B9F9E2F64}.Debug|Mixed Platforms.Build.0 = Debug|Any CPU
		{DCAB3A56-9D42-4CE4-9300-D72B9F9E2F64}.Debug|x86.ActiveCfg = Debug|Any CPU
		{DCAB3A56-9D42-4CE4-9300-D72B9F9E2F64}.Debug|x86.Build.0 = Debug|Any CPU
		{DCAB3A56-9D42-4CE4-9300-D72B9F9E2F64}.Release|Any CPU.ActiveCfg = Release|Any CPU
		{DCAB3A56-9D42-4CE4-9300-D72B9F9E2F64}.Release|Any CPU.Build.0 = Release|Any CPU
		{DCAB3A56-9D42-4CE4-9300-D72B9F9E2F64}.Release|Mixed Platforms.ActiveCfg = Release|Any CPU
		{DCAB3A56-9D42-4CE4-9300-D72B9F9E2F64}.Release|Mixed Platforms.Build.0 = Release|Any CPU
		{DCAB3A56-9D42-4CE4-9300-D72B9F9E2F64}.Release|x86.ActiveCfg = Release|Any CPU
		{DCAB3A56-9D42-4CE4-9300-D72B9F9E2F64}.Release|x86.Build.0 = Release|Any CPU
		{43E53231-5C0C-455C-BE26-B4655A38316E}.Debug|Any CPU.ActiveCfg = Debug|Any CPU
		{43E53231-5C0C-455C-BE26-B4655A38316E}.Debug|Any CPU.Build.0 = Debug|Any CPU
		{43E53231-5C0C-455C-BE26-B4655A38316E}.Debug|Mixed Platforms.ActiveCfg = Debug|Any CPU
		{43E53231-5C0C-455C-BE26-B4655A38316E}.Debug|Mixed Platforms.Build.0 = Debug|Any CPU
		{43E53231-5C0C-455C-BE26-B4655A38316E}.Debug|x86.ActiveCfg = Debug|Any CPU
		{43E53231-5C0C-455C-BE26-B4655A38316E}.Debug|x86.Build.0 = Debug|Any CPU
		{43E53231-5C0C-455C-BE26-B4655A38316E}.Release|Any CPU.ActiveCfg = Release|Any CPU
		{43E53231-5C0C-455C-BE26-B4655A38316E}.Release|Any CPU.Build.0 = Release|Any CPU
		{43E53231-5C0C-455C-BE26-B4655A38316E}.Release|Mixed Platforms.ActiveCfg = Release|Any CPU
		{43E53231-5C0C-455C-BE26-B4655A38316E}.Release|Mixed Platforms.Build.0 = Release|Any CPU
		{43E53231-5C0C-455C-BE26-B4655A38316E}.Release|x86.ActiveCfg = Release|Any CPU
		{43E53231-5C0C-455C-BE26-B4655A38316E}.Release|x86.Build.0 = Release|Any CPU
		{7E52DB0C-F25F-441A-9C68-D3B3E7DBFFB2}.Debug|Any CPU.ActiveCfg = Debug|Any CPU
		{7E52DB0C-F25F-441A-9C68-D3B3E7DBFFB2}.Debug|Any CPU.Build.0 = Debug|Any CPU
		{7E52DB0C-F25F-441A-9C68-D3B3E7DBFFB2}.Debug|Mixed Platforms.ActiveCfg = Debug|Any CPU
		{7E52DB0C-F25F-441A-9C68-D3B3E7DBFFB2}.Debug|Mixed Platforms.Build.0 = Debug|Any CPU
		{7E52DB0C-F25F-441A-9C68-D3B3E7DBFFB2}.Debug|x86.ActiveCfg = Debug|Any CPU
		{7E52DB0C-F25F-441A-9C68-D3B3E7DBFFB2}.Debug|x86.Build.0 = Debug|Any CPU
		{7E52DB0C-F25F-441A-9C68-D3B3E7DBFFB2}.Release|Any CPU.ActiveCfg = Release|Any CPU
		{7E52DB0C-F25F-441A-9C68-D3B3E7DBFFB2}.Release|Any CPU.Build.0 = Release|Any CPU
		{7E52DB0C-F25F-441A-9C68-D3B3E7DBFFB2}.Release|Mixed Platforms.ActiveCfg = Release|Any CPU
		{7E52DB0C-F25F-441A-9C68-D3B3E7DBFFB2}.Release|Mixed Platforms.Build.0 = Release|Any CPU
		{7E52DB0C-F25F-441A-9C68-D3B3E7DBFFB2}.Release|x86.ActiveCfg = Release|Any CPU
		{7E52DB0C-F25F-441A-9C68-D3B3E7DBFFB2}.Release|x86.Build.0 = Release|Any CPU
		{60D5C141-9292-4B6D-937F-5DEFDD01CAA3}.Debug|Any CPU.ActiveCfg = Debug|Any CPU
		{60D5C141-9292-4B6D-937F-5DEFDD01CAA3}.Debug|Any CPU.Build.0 = Debug|Any CPU
		{60D5C141-9292-4B6D-937F-5DEFDD01CAA3}.Debug|Mixed Platforms.ActiveCfg = Debug|Any CPU
		{60D5C141-9292-4B6D-937F-5DEFDD01CAA3}.Debug|Mixed Platforms.Build.0 = Debug|Any CPU
		{60D5C141-9292-4B6D-937F-5DEFDD01CAA3}.Debug|x86.ActiveCfg = Debug|Any CPU
		{60D5C141-9292-4B6D-937F-5DEFDD01CAA3}.Debug|x86.Build.0 = Debug|Any CPU
		{60D5C141-9292-4B6D-937F-5DEFDD01CAA3}.Release|Any CPU.ActiveCfg = Release|Any CPU
		{60D5C141-9292-4B6D-937F-5DEFDD01CAA3}.Release|Any CPU.Build.0 = Release|Any CPU
		{60D5C141-9292-4B6D-937F-5DEFDD01CAA3}.Release|Mixed Platforms.ActiveCfg = Release|Any CPU
		{60D5C141-9292-4B6D-937F-5DEFDD01CAA3}.Release|Mixed Platforms.Build.0 = Release|Any CPU
		{60D5C141-9292-4B6D-937F-5DEFDD01CAA3}.Release|x86.ActiveCfg = Release|Any CPU
		{60D5C141-9292-4B6D-937F-5DEFDD01CAA3}.Release|x86.Build.0 = Release|Any CPU
		{0A49D448-BDFE-432C-8390-9A285559CE3E}.Debug|Any CPU.ActiveCfg = Debug|Any CPU
		{0A49D448-BDFE-432C-8390-9A285559CE3E}.Debug|Any CPU.Build.0 = Debug|Any CPU
		{0A49D448-BDFE-432C-8390-9A285559CE3E}.Debug|Mixed Platforms.ActiveCfg = Debug|Any CPU
		{0A49D448-BDFE-432C-8390-9A285559CE3E}.Debug|Mixed Platforms.Build.0 = Debug|Any CPU
		{0A49D448-BDFE-432C-8390-9A285559CE3E}.Debug|x86.ActiveCfg = Debug|Any CPU
		{0A49D448-BDFE-432C-8390-9A285559CE3E}.Debug|x86.Build.0 = Debug|Any CPU
		{0A49D448-BDFE-432C-8390-9A285559CE3E}.Release|Any CPU.ActiveCfg = Release|Any CPU
		{0A49D448-BDFE-432C-8390-9A285559CE3E}.Release|Any CPU.Build.0 = Release|Any CPU
		{0A49D448-BDFE-432C-8390-9A285559CE3E}.Release|Mixed Platforms.ActiveCfg = Release|Any CPU
		{0A49D448-BDFE-432C-8390-9A285559CE3E}.Release|Mixed Platforms.Build.0 = Release|Any CPU
		{0A49D448-BDFE-432C-8390-9A285559CE3E}.Release|x86.ActiveCfg = Release|Any CPU
		{0A49D448-BDFE-432C-8390-9A285559CE3E}.Release|x86.Build.0 = Release|Any CPU
		{060F714F-AC6B-4834-964B-AB46CE23E5A4}.Debug|Any CPU.ActiveCfg = Debug|Any CPU
		{060F714F-AC6B-4834-964B-AB46CE23E5A4}.Debug|Any CPU.Build.0 = Debug|Any CPU
		{060F714F-AC6B-4834-964B-AB46CE23E5A4}.Debug|Mixed Platforms.ActiveCfg = Debug|Any CPU
		{060F714F-AC6B-4834-964B-AB46CE23E5A4}.Debug|Mixed Platforms.Build.0 = Debug|Any CPU
		{060F714F-AC6B-4834-964B-AB46CE23E5A4}.Debug|x86.ActiveCfg = Debug|Any CPU
		{060F714F-AC6B-4834-964B-AB46CE23E5A4}.Debug|x86.Build.0 = Debug|Any CPU
		{060F714F-AC6B-4834-964B-AB46CE23E5A4}.Release|Any CPU.ActiveCfg = Release|Any CPU
		{060F714F-AC6B-4834-964B-AB46CE23E5A4}.Release|Any CPU.Build.0 = Release|Any CPU
		{060F714F-AC6B-4834-964B-AB46CE23E5A4}.Release|Mixed Platforms.ActiveCfg = Release|Any CPU
		{060F714F-AC6B-4834-964B-AB46CE23E5A4}.Release|Mixed Platforms.Build.0 = Release|Any CPU
		{060F714F-AC6B-4834-964B-AB46CE23E5A4}.Release|x86.ActiveCfg = Release|Any CPU
		{060F714F-AC6B-4834-964B-AB46CE23E5A4}.Release|x86.Build.0 = Release|Any CPU
		{2C66D9D2-6A55-429F-9B68-1FB1EC1D8EF2}.Debug|Any CPU.ActiveCfg = Debug|Any CPU
		{2C66D9D2-6A55-429F-9B68-1FB1EC1D8EF2}.Debug|Any CPU.Build.0 = Debug|Any CPU
		{2C66D9D2-6A55-429F-9B68-1FB1EC1D8EF2}.Debug|Mixed Platforms.ActiveCfg = Debug|Any CPU
		{2C66D9D2-6A55-429F-9B68-1FB1EC1D8EF2}.Debug|Mixed Platforms.Build.0 = Debug|Any CPU
		{2C66D9D2-6A55-429F-9B68-1FB1EC1D8EF2}.Debug|x86.ActiveCfg = Debug|Any CPU
		{2C66D9D2-6A55-429F-9B68-1FB1EC1D8EF2}.Debug|x86.Build.0 = Debug|Any CPU
		{2C66D9D2-6A55-429F-9B68-1FB1EC1D8EF2}.Release|Any CPU.ActiveCfg = Release|Any CPU
		{2C66D9D2-6A55-429F-9B68-1FB1EC1D8EF2}.Release|Any CPU.Build.0 = Release|Any CPU
		{2C66D9D2-6A55-429F-9B68-1FB1EC1D8EF2}.Release|Mixed Platforms.ActiveCfg = Release|Any CPU
		{2C66D9D2-6A55-429F-9B68-1FB1EC1D8EF2}.Release|Mixed Platforms.Build.0 = Release|Any CPU
		{2C66D9D2-6A55-429F-9B68-1FB1EC1D8EF2}.Release|x86.ActiveCfg = Release|Any CPU
		{2C66D9D2-6A55-429F-9B68-1FB1EC1D8EF2}.Release|x86.Build.0 = Release|Any CPU
		{136189D9-1A3E-4D85-B3DF-E2EBCCE0FC92}.Debug|Any CPU.ActiveCfg = Debug|Any CPU
		{136189D9-1A3E-4D85-B3DF-E2EBCCE0FC92}.Debug|Any CPU.Build.0 = Debug|Any CPU
		{136189D9-1A3E-4D85-B3DF-E2EBCCE0FC92}.Debug|Mixed Platforms.ActiveCfg = Debug|Any CPU
		{136189D9-1A3E-4D85-B3DF-E2EBCCE0FC92}.Debug|Mixed Platforms.Build.0 = Debug|Any CPU
		{136189D9-1A3E-4D85-B3DF-E2EBCCE0FC92}.Debug|x86.ActiveCfg = Debug|Any CPU
		{136189D9-1A3E-4D85-B3DF-E2EBCCE0FC92}.Debug|x86.Build.0 = Debug|Any CPU
		{136189D9-1A3E-4D85-B3DF-E2EBCCE0FC92}.Release|Any CPU.ActiveCfg = Release|Any CPU
		{136189D9-1A3E-4D85-B3DF-E2EBCCE0FC92}.Release|Any CPU.Build.0 = Release|Any CPU
		{136189D9-1A3E-4D85-B3DF-E2EBCCE0FC92}.Release|Mixed Platforms.ActiveCfg = Release|Any CPU
		{136189D9-1A3E-4D85-B3DF-E2EBCCE0FC92}.Release|Mixed Platforms.Build.0 = Release|Any CPU
		{136189D9-1A3E-4D85-B3DF-E2EBCCE0FC92}.Release|x86.ActiveCfg = Release|Any CPU
		{136189D9-1A3E-4D85-B3DF-E2EBCCE0FC92}.Release|x86.Build.0 = Release|Any CPU
		{9753C870-A5F8-4325-9F95-E243796D17E9}.Debug|Any CPU.ActiveCfg = Debug|Any CPU
		{9753C870-A5F8-4325-9F95-E243796D17E9}.Debug|Any CPU.Build.0 = Debug|Any CPU
		{9753C870-A5F8-4325-9F95-E243796D17E9}.Debug|Mixed Platforms.ActiveCfg = Debug|Any CPU
		{9753C870-A5F8-4325-9F95-E243796D17E9}.Debug|Mixed Platforms.Build.0 = Debug|Any CPU
		{9753C870-A5F8-4325-9F95-E243796D17E9}.Debug|x86.ActiveCfg = Debug|Any CPU
		{9753C870-A5F8-4325-9F95-E243796D17E9}.Debug|x86.Build.0 = Debug|Any CPU
		{9753C870-A5F8-4325-9F95-E243796D17E9}.Release|Any CPU.ActiveCfg = Release|Any CPU
		{9753C870-A5F8-4325-9F95-E243796D17E9}.Release|Any CPU.Build.0 = Release|Any CPU
		{9753C870-A5F8-4325-9F95-E243796D17E9}.Release|Mixed Platforms.ActiveCfg = Release|Any CPU
		{9753C870-A5F8-4325-9F95-E243796D17E9}.Release|Mixed Platforms.Build.0 = Release|Any CPU
		{9753C870-A5F8-4325-9F95-E243796D17E9}.Release|x86.ActiveCfg = Release|Any CPU
		{9753C870-A5F8-4325-9F95-E243796D17E9}.Release|x86.Build.0 = Release|Any CPU
	EndGlobalSection
	GlobalSection(SolutionProperties) = preSolution
		HideSolutionNode = FALSE
	EndGlobalSection
	GlobalSection(NestedProjects) = preSolution
		{6765A31E-69E8-4541-BF5E-F419B32E6069} = {35800589-CB56-4489-A217-2108E97ECFAC}
		{A0D7E2E0-144C-409B-B5F2-107780F69B6D} = {35800589-CB56-4489-A217-2108E97ECFAC}
		{060F714F-AC6B-4834-964B-AB46CE23E5A4} = {35800589-CB56-4489-A217-2108E97ECFAC}
		{2C66D9D2-6A55-429F-9B68-1FB1EC1D8EF2} = {35800589-CB56-4489-A217-2108E97ECFAC}
		{136189D9-1A3E-4D85-B3DF-E2EBCCE0FC92} = {35800589-CB56-4489-A217-2108E97ECFAC}
	EndGlobalSection
	GlobalSection(ExtensibilityGlobals) = postSolution
		EnterpriseLibraryConfigurationToolBinariesPathV6 = packages\EnterpriseLibrary.Common.6.0.1304.0\lib\NET45;packages\EnterpriseLibrary.Data.6.0.1304.0\lib\NET45
		SolutionGuid = {8E4220DF-EC8D-48F6-9BFD-A7279785472C}
	EndGlobalSection
	GlobalSection(CodealikeProperties) = postSolution
		SolutionGuid = b618b640-2142-4e92-919b-4083a9829d77
	EndGlobalSection
	GlobalSection(TestCaseManagementSettings) = postSolution
		CategoryFile = BaseClasses1.vsmdi
	EndGlobalSection
EndGlobal
