
Microsoft Visual Studio Solution File, Format Version 12.00
# Visual Studio 14
VisualStudioVersion = 14.0.25420.1
MinimumVisualStudioVersion = 10.0.40219.1
Project("{2150E333-8FDC-42A3-9474-1A3956D46DE8}") = "DataItemGeneratorConfig", "DataItemGeneratorConfig", "{2CE91D47-F20E-41FB-8824-D422D5E2AB85}"
	ProjectSection(SolutionItems) = preProject
		DataItemGenerator.config.xml = DataItemGenerator.config.xml
	EndProjectSection
EndProject
Project("{2150E333-8FDC-42A3-9474-1A3956D46DE8}") = "StrongNameKey", "StrongNameKey", "{5509EDEF-3EA1-4BBA-905A-34C9C89004C0}"
	ProjectSection(SolutionItems) = preProject
		Konfidence.nl.snk = Konfidence.nl.snk
	EndProjectSection
EndProject
Project("{FAE04EC0-301F-11D3-BF4B-00C04F79EFBC}") = "Konfidence.BaseClasses", "Konfidence.BaseClasses\Konfidence.BaseClasses.csproj", "{D71A4677-79C7-443B-900D-218FBCFE8728}"
EndProject
Project("{FAE04EC0-301F-11D3-BF4B-00C04F79EFBC}") = "Konfidence.BaseUserControlHelpers", "Konfidence.BaseUserControlHelpers\Konfidence.BaseUserControlHelpers.csproj", "{D60A1063-3897-44FA-97F5-85A9C25B1F8C}"
EndProject
Project("{FAE04EC0-301F-11D3-BF4B-00C04F79EFBC}") = "Konfidence.BaseDatabaseClasses", "Konfidence.BaseDataBaseClasses\Konfidence.BaseDatabaseClasses.csproj", "{2B4CCFAC-0B45-4F69-96BB-A60C4584027F}"
EndProject
Project("{FAE04EC0-301F-11D3-BF4B-00C04F79EFBC}") = "Konfidence.BaseThreadClasses", "Konfidence.BaseThreadClasses\Konfidence.BaseThreadClasses.csproj", "{536AED59-A354-4905-AFC9-6FF981B06413}"
EndProject
Project("{FAE04EC0-301F-11D3-BF4B-00C04F79EFBC}") = "Konfidence.BaseHelper", "Konfidence.BaseHelper\Konfidence.BaseHelper.csproj", "{687FBFF3-F978-48F9-BF2B-AF242FC8214C}"
EndProject
Project("{FAE04EC0-301F-11D3-BF4B-00C04F79EFBC}") = "Konfidence.BaseWindowComponents", "Konfidence.BaseWindowComponents\Konfidence.BaseWindowComponents.csproj", "{D1AE74F0-8D30-4F7B-983B-46466C7DBB5C}"
EndProject
Project("{FAE04EC0-301F-11D3-BF4B-00C04F79EFBC}") = "Konfidence.BaseWindowForms", "Konfidence.BaseWindowForms\Konfidence.BaseWindowForms.csproj", "{0D53566A-235C-47C3-8DE0-60538050FD9C}"
EndProject
Project("{FAE04EC0-301F-11D3-BF4B-00C04F79EFBC}") = "Konfidence.UtilHelper", "Konfidence.UtilHelper\Konfidence.UtilHelper.csproj", "{BAD05CC5-FB06-4B17-8089-67CF420159B9}"
EndProject
Project("{FAE04EC0-301F-11D3-BF4B-00C04F79EFBC}") = "Konfidence.DesignPatterns", "Konfidence.Designpatterns\Konfidence.DesignPatterns.csproj", "{3D3FD6C6-3583-4047-B960-EF45030FBDE2}"
EndProject
Project("{FAE04EC0-301F-11D3-BF4B-00C04F79EFBC}") = "Konfidence.Test.Smo", "Konfidence.Test.Smo\Konfidence.Test.Smo.csproj", "{060F714F-AC6B-4834-964B-AB46CE23E5A4}"
EndProject
Project("{FAE04EC0-301F-11D3-BF4B-00C04F79EFBC}") = "Konfidence.Security", "Konfidence.Security\Konfidence.Security.csproj", "{EA37BC31-3523-495C-A0A0-3828065EE218}"
EndProject
Project("{FAE04EC0-301F-11D3-BF4B-00C04F79EFBC}") = "Konfidence.Test.BaseWebsiteClasses", "Konfidence.Test.BaseWebsiteClasses\Konfidence.Test.BaseWebsiteClasses.csproj", "{499C842D-9F66-487F-A886-389F32BA4233}"
EndProject
Project("{FAE04EC0-301F-11D3-BF4B-00C04F79EFBC}") = "Konfidence.Mail", "Konfidence.Mail\Konfidence.Mail.csproj", "{769D1ED1-E250-4F31-9B11-C1D5F8B255FF}"
EndProject
Project("{FAE04EC0-301F-11D3-BF4B-00C04F79EFBC}") = "Konfidence.BaseUnitTestClasses", "Konfidence.BaseUnitTestClasses\Konfidence.BaseUnitTestClasses.csproj", "{04F8ACA5-F277-4A6B-A25C-3B6493CB2A14}"
EndProject
Project("{FAE04EC0-301F-11D3-BF4B-00C04F79EFBC}") = "Konfidence.MenuClasses", "Konfidence.MenuClasses\Konfidence.MenuClasses.csproj", "{411D4B61-9DDF-43F9-AB11-B256DD8287E5}"
EndProject
Project("{2150E333-8FDC-42A3-9474-1A3956D46DE8}") = ".nuget", ".nuget", "{1D94BDD9-A879-4163-BB2C-225088B97A67}"
	ProjectSection(SolutionItems) = preProject
		.nuget\NuGet.Config = .nuget\NuGet.Config
	EndProjectSection
EndProject
Project("{FAE04EC0-301F-11D3-BF4B-00C04F79EFBC}") = "Indy.Sockets", "Indy.Sockets\Indy.Sockets.csproj", "{45611CFC-0567-4374-B7BB-2C50A92D8CF5}"
EndProject
Project("{FAE04EC0-301F-11D3-BF4B-00C04F79EFBC}") = "Konfidence.Smo", "Konfidence.Smo\Konfidence.Smo.csproj", "{6CEE30A7-D859-496D-9899-9DE1654DF995}"
EndProject
Project("{FAE04EC0-301F-11D3-BF4B-00C04F79EFBC}") = "Konfidence.Test.MenuClasses", "Konfidence.Test.MenuClasses\Konfidence.Test.MenuClasses.csproj", "{D6499F79-C2CD-4EFB-85DA-4D91A5FEFCFB}"
EndProject
Project("{2150E333-8FDC-42A3-9474-1A3956D46DE8}") = "Test", "Test", "{35800589-CB56-4489-A217-2108E97ECFAC}"
EndProject
Global
	GlobalSection(SolutionConfigurationPlatforms) = preSolution
		Debug|Any CPU = Debug|Any CPU
		Debug|Mixed Platforms = Debug|Mixed Platforms
		Debug|x86 = Debug|x86
		Release|Any CPU = Release|Any CPU
		Release|Mixed Platforms = Release|Mixed Platforms
		Release|x86 = Release|x86
	EndGlobalSection
	GlobalSection(ProjectConfigurationPlatforms) = postSolution
		{D71A4677-79C7-443B-900D-218FBCFE8728}.Debug|Any CPU.ActiveCfg = Debug|Any CPU
		{D71A4677-79C7-443B-900D-218FBCFE8728}.Debug|Any CPU.Build.0 = Debug|Any CPU
		{D71A4677-79C7-443B-900D-218FBCFE8728}.Debug|Mixed Platforms.ActiveCfg = Debug|Any CPU
		{D71A4677-79C7-443B-900D-218FBCFE8728}.Debug|Mixed Platforms.Build.0 = Debug|Any CPU
		{D71A4677-79C7-443B-900D-218FBCFE8728}.Debug|x86.ActiveCfg = Debug|Any CPU
		{D71A4677-79C7-443B-900D-218FBCFE8728}.Release|Any CPU.ActiveCfg = Release|Any CPU
		{D71A4677-79C7-443B-900D-218FBCFE8728}.Release|Any CPU.Build.0 = Release|Any CPU
		{D71A4677-79C7-443B-900D-218FBCFE8728}.Release|Mixed Platforms.ActiveCfg = Release|Any CPU
		{D71A4677-79C7-443B-900D-218FBCFE8728}.Release|Mixed Platforms.Build.0 = Release|Any CPU
		{D71A4677-79C7-443B-900D-218FBCFE8728}.Release|x86.ActiveCfg = Release|Any CPU
		{D60A1063-3897-44FA-97F5-85A9C25B1F8C}.Debug|Any CPU.ActiveCfg = Debug|Any CPU
		{D60A1063-3897-44FA-97F5-85A9C25B1F8C}.Debug|Any CPU.Build.0 = Debug|Any CPU
		{D60A1063-3897-44FA-97F5-85A9C25B1F8C}.Debug|Mixed Platforms.ActiveCfg = Debug|Any CPU
		{D60A1063-3897-44FA-97F5-85A9C25B1F8C}.Debug|Mixed Platforms.Build.0 = Debug|Any CPU
		{D60A1063-3897-44FA-97F5-85A9C25B1F8C}.Debug|x86.ActiveCfg = Debug|Any CPU
		{D60A1063-3897-44FA-97F5-85A9C25B1F8C}.Release|Any CPU.ActiveCfg = Release|Any CPU
		{D60A1063-3897-44FA-97F5-85A9C25B1F8C}.Release|Any CPU.Build.0 = Release|Any CPU
		{D60A1063-3897-44FA-97F5-85A9C25B1F8C}.Release|Mixed Platforms.ActiveCfg = Release|Any CPU
		{D60A1063-3897-44FA-97F5-85A9C25B1F8C}.Release|Mixed Platforms.Build.0 = Release|Any CPU
		{D60A1063-3897-44FA-97F5-85A9C25B1F8C}.Release|x86.ActiveCfg = Release|Any CPU
		{2B4CCFAC-0B45-4F69-96BB-A60C4584027F}.Debug|Any CPU.ActiveCfg = Debug|Any CPU
		{2B4CCFAC-0B45-4F69-96BB-A60C4584027F}.Debug|Any CPU.Build.0 = Debug|Any CPU
		{2B4CCFAC-0B45-4F69-96BB-A60C4584027F}.Debug|Mixed Platforms.ActiveCfg = Debug|Any CPU
		{2B4CCFAC-0B45-4F69-96BB-A60C4584027F}.Debug|Mixed Platforms.Build.0 = Debug|Any CPU
		{2B4CCFAC-0B45-4F69-96BB-A60C4584027F}.Debug|x86.ActiveCfg = Debug|Any CPU
		{2B4CCFAC-0B45-4F69-96BB-A60C4584027F}.Release|Any CPU.ActiveCfg = Release|Any CPU
		{2B4CCFAC-0B45-4F69-96BB-A60C4584027F}.Release|Any CPU.Build.0 = Release|Any CPU
		{2B4CCFAC-0B45-4F69-96BB-A60C4584027F}.Release|Mixed Platforms.ActiveCfg = Release|Any CPU
		{2B4CCFAC-0B45-4F69-96BB-A60C4584027F}.Release|Mixed Platforms.Build.0 = Release|Any CPU
		{2B4CCFAC-0B45-4F69-96BB-A60C4584027F}.Release|x86.ActiveCfg = Release|Any CPU
		{536AED59-A354-4905-AFC9-6FF981B06413}.Debug|Any CPU.ActiveCfg = Debug|Any CPU
		{536AED59-A354-4905-AFC9-6FF981B06413}.Debug|Any CPU.Build.0 = Debug|Any CPU
		{536AED59-A354-4905-AFC9-6FF981B06413}.Debug|Mixed Platforms.ActiveCfg = Debug|Any CPU
		{536AED59-A354-4905-AFC9-6FF981B06413}.Debug|Mixed Platforms.Build.0 = Debug|Any CPU
		{536AED59-A354-4905-AFC9-6FF981B06413}.Debug|x86.ActiveCfg = Debug|Any CPU
		{536AED59-A354-4905-AFC9-6FF981B06413}.Release|Any CPU.ActiveCfg = Release|Any CPU
		{536AED59-A354-4905-AFC9-6FF981B06413}.Release|Any CPU.Build.0 = Release|Any CPU
		{536AED59-A354-4905-AFC9-6FF981B06413}.Release|Mixed Platforms.ActiveCfg = Release|Any CPU
		{536AED59-A354-4905-AFC9-6FF981B06413}.Release|Mixed Platforms.Build.0 = Release|Any CPU
		{536AED59-A354-4905-AFC9-6FF981B06413}.Release|x86.ActiveCfg = Release|Any CPU
		{687FBFF3-F978-48F9-BF2B-AF242FC8214C}.Debug|Any CPU.ActiveCfg = Debug|Any CPU
		{687FBFF3-F978-48F9-BF2B-AF242FC8214C}.Debug|Any CPU.Build.0 = Debug|Any CPU
		{687FBFF3-F978-48F9-BF2B-AF242FC8214C}.Debug|Mixed Platforms.ActiveCfg = Debug|Any CPU
		{687FBFF3-F978-48F9-BF2B-AF242FC8214C}.Debug|Mixed Platforms.Build.0 = Debug|Any CPU
		{687FBFF3-F978-48F9-BF2B-AF242FC8214C}.Debug|x86.ActiveCfg = Debug|Any CPU
		{687FBFF3-F978-48F9-BF2B-AF242FC8214C}.Release|Any CPU.ActiveCfg = Release|Any CPU
		{687FBFF3-F978-48F9-BF2B-AF242FC8214C}.Release|Any CPU.Build.0 = Release|Any CPU
		{687FBFF3-F978-48F9-BF2B-AF242FC8214C}.Release|Mixed Platforms.ActiveCfg = Release|Any CPU
		{687FBFF3-F978-48F9-BF2B-AF242FC8214C}.Release|Mixed Platforms.Build.0 = Release|Any CPU
		{687FBFF3-F978-48F9-BF2B-AF242FC8214C}.Release|x86.ActiveCfg = Release|Any CPU
		{D1AE74F0-8D30-4F7B-983B-46466C7DBB5C}.Debug|Any CPU.ActiveCfg = Debug|Any CPU
		{D1AE74F0-8D30-4F7B-983B-46466C7DBB5C}.Debug|Any CPU.Build.0 = Debug|Any CPU
		{D1AE74F0-8D30-4F7B-983B-46466C7DBB5C}.Debug|Mixed Platforms.ActiveCfg = Debug|Any CPU
		{D1AE74F0-8D30-4F7B-983B-46466C7DBB5C}.Debug|Mixed Platforms.Build.0 = Debug|Any CPU
		{D1AE74F0-8D30-4F7B-983B-46466C7DBB5C}.Debug|x86.ActiveCfg = Debug|Any CPU
		{D1AE74F0-8D30-4F7B-983B-46466C7DBB5C}.Release|Any CPU.ActiveCfg = Release|Any CPU
		{D1AE74F0-8D30-4F7B-983B-46466C7DBB5C}.Release|Any CPU.Build.0 = Release|Any CPU
		{D1AE74F0-8D30-4F7B-983B-46466C7DBB5C}.Release|Mixed Platforms.ActiveCfg = Release|Any CPU
		{D1AE74F0-8D30-4F7B-983B-46466C7DBB5C}.Release|Mixed Platforms.Build.0 = Release|Any CPU
		{D1AE74F0-8D30-4F7B-983B-46466C7DBB5C}.Release|x86.ActiveCfg = Release|Any CPU
		{0D53566A-235C-47C3-8DE0-60538050FD9C}.Debug|Any CPU.ActiveCfg = Debug|Any CPU
		{0D53566A-235C-47C3-8DE0-60538050FD9C}.Debug|Any CPU.Build.0 = Debug|Any CPU
		{0D53566A-235C-47C3-8DE0-60538050FD9C}.Debug|Mixed Platforms.ActiveCfg = Debug|Any CPU
		{0D53566A-235C-47C3-8DE0-60538050FD9C}.Debug|Mixed Platforms.Build.0 = Debug|Any CPU
		{0D53566A-235C-47C3-8DE0-60538050FD9C}.Debug|x86.ActiveCfg = Debug|Any CPU
		{0D53566A-235C-47C3-8DE0-60538050FD9C}.Release|Any CPU.ActiveCfg = Release|Any CPU
		{0D53566A-235C-47C3-8DE0-60538050FD9C}.Release|Any CPU.Build.0 = Release|Any CPU
		{0D53566A-235C-47C3-8DE0-60538050FD9C}.Release|Mixed Platforms.ActiveCfg = Release|Any CPU
		{0D53566A-235C-47C3-8DE0-60538050FD9C}.Release|Mixed Platforms.Build.0 = Release|Any CPU
		{0D53566A-235C-47C3-8DE0-60538050FD9C}.Release|x86.ActiveCfg = Release|Any CPU
		{BAD05CC5-FB06-4B17-8089-67CF420159B9}.Debug|Any CPU.ActiveCfg = Debug|Any CPU
		{BAD05CC5-FB06-4B17-8089-67CF420159B9}.Debug|Any CPU.Build.0 = Debug|Any CPU
		{BAD05CC5-FB06-4B17-8089-67CF420159B9}.Debug|Mixed Platforms.ActiveCfg = Debug|Any CPU
		{BAD05CC5-FB06-4B17-8089-67CF420159B9}.Debug|Mixed Platforms.Build.0 = Debug|Any CPU
		{BAD05CC5-FB06-4B17-8089-67CF420159B9}.Debug|x86.ActiveCfg = Debug|Any CPU
		{BAD05CC5-FB06-4B17-8089-67CF420159B9}.Release|Any CPU.ActiveCfg = Release|Any CPU
		{BAD05CC5-FB06-4B17-8089-67CF420159B9}.Release|Any CPU.Build.0 = Release|Any CPU
		{BAD05CC5-FB06-4B17-8089-67CF420159B9}.Release|Mixed Platforms.ActiveCfg = Release|Any CPU
		{BAD05CC5-FB06-4B17-8089-67CF420159B9}.Release|Mixed Platforms.Build.0 = Release|Any CPU
		{BAD05CC5-FB06-4B17-8089-67CF420159B9}.Release|x86.ActiveCfg = Release|Any CPU
		{3D3FD6C6-3583-4047-B960-EF45030FBDE2}.Debug|Any CPU.ActiveCfg = Debug|Any CPU
		{3D3FD6C6-3583-4047-B960-EF45030FBDE2}.Debug|Any CPU.Build.0 = Debug|Any CPU
		{3D3FD6C6-3583-4047-B960-EF45030FBDE2}.Debug|Mixed Platforms.ActiveCfg = Debug|Any CPU
		{3D3FD6C6-3583-4047-B960-EF45030FBDE2}.Debug|Mixed Platforms.Build.0 = Debug|Any CPU
		{3D3FD6C6-3583-4047-B960-EF45030FBDE2}.Debug|x86.ActiveCfg = Debug|Any CPU
		{3D3FD6C6-3583-4047-B960-EF45030FBDE2}.Release|Any CPU.ActiveCfg = Release|Any CPU
		{3D3FD6C6-3583-4047-B960-EF45030FBDE2}.Release|Any CPU.Build.0 = Release|Any CPU
		{3D3FD6C6-3583-4047-B960-EF45030FBDE2}.Release|Mixed Platforms.ActiveCfg = Release|Any CPU
		{3D3FD6C6-3583-4047-B960-EF45030FBDE2}.Release|Mixed Platforms.Build.0 = Release|Any CPU
		{3D3FD6C6-3583-4047-B960-EF45030FBDE2}.Release|x86.ActiveCfg = Release|Any CPU
		{060F714F-AC6B-4834-964B-AB46CE23E5A4}.Debug|Any CPU.ActiveCfg = Debug|Any CPU
		{060F714F-AC6B-4834-964B-AB46CE23E5A4}.Debug|Any CPU.Build.0 = Debug|Any CPU
		{060F714F-AC6B-4834-964B-AB46CE23E5A4}.Debug|Mixed Platforms.ActiveCfg = Debug|Any CPU
		{060F714F-AC6B-4834-964B-AB46CE23E5A4}.Debug|Mixed Platforms.Build.0 = Debug|Any CPU
		{060F714F-AC6B-4834-964B-AB46CE23E5A4}.Debug|x86.ActiveCfg = Debug|Any CPU
		{060F714F-AC6B-4834-964B-AB46CE23E5A4}.Release|Any CPU.ActiveCfg = Release|Any CPU
		{060F714F-AC6B-4834-964B-AB46CE23E5A4}.Release|Any CPU.Build.0 = Release|Any CPU
		{060F714F-AC6B-4834-964B-AB46CE23E5A4}.Release|Mixed Platforms.ActiveCfg = Release|x86
		{060F714F-AC6B-4834-964B-AB46CE23E5A4}.Release|Mixed Platforms.Build.0 = Release|x86
		{060F714F-AC6B-4834-964B-AB46CE23E5A4}.Release|x86.ActiveCfg = Release|Any CPU
		{EA37BC31-3523-495C-A0A0-3828065EE218}.Debug|Any CPU.ActiveCfg = Debug|Any CPU
		{EA37BC31-3523-495C-A0A0-3828065EE218}.Debug|Any CPU.Build.0 = Debug|Any CPU
		{EA37BC31-3523-495C-A0A0-3828065EE218}.Debug|Mixed Platforms.ActiveCfg = Debug|Any CPU
		{EA37BC31-3523-495C-A0A0-3828065EE218}.Debug|Mixed Platforms.Build.0 = Debug|Any CPU
		{EA37BC31-3523-495C-A0A0-3828065EE218}.Debug|x86.ActiveCfg = Debug|Any CPU
		{EA37BC31-3523-495C-A0A0-3828065EE218}.Release|Any CPU.ActiveCfg = Release|Any CPU
		{EA37BC31-3523-495C-A0A0-3828065EE218}.Release|Any CPU.Build.0 = Release|Any CPU
		{EA37BC31-3523-495C-A0A0-3828065EE218}.Release|Mixed Platforms.ActiveCfg = Release|Any CPU
		{EA37BC31-3523-495C-A0A0-3828065EE218}.Release|Mixed Platforms.Build.0 = Release|Any CPU
		{EA37BC31-3523-495C-A0A0-3828065EE218}.Release|x86.ActiveCfg = Release|Any CPU
		{499C842D-9F66-487F-A886-389F32BA4233}.Debug|Any CPU.ActiveCfg = Debug|Any CPU
		{499C842D-9F66-487F-A886-389F32BA4233}.Debug|Any CPU.Build.0 = Debug|Any CPU
		{499C842D-9F66-487F-A886-389F32BA4233}.Debug|Mixed Platforms.ActiveCfg = Debug|Any CPU
		{499C842D-9F66-487F-A886-389F32BA4233}.Debug|Mixed Platforms.Build.0 = Debug|Any CPU
		{499C842D-9F66-487F-A886-389F32BA4233}.Debug|x86.ActiveCfg = Debug|Any CPU
		{499C842D-9F66-487F-A886-389F32BA4233}.Release|Any CPU.ActiveCfg = Release|Any CPU
		{499C842D-9F66-487F-A886-389F32BA4233}.Release|Any CPU.Build.0 = Release|Any CPU
		{499C842D-9F66-487F-A886-389F32BA4233}.Release|Mixed Platforms.ActiveCfg = Release|Any CPU
		{499C842D-9F66-487F-A886-389F32BA4233}.Release|Mixed Platforms.Build.0 = Release|Any CPU
		{499C842D-9F66-487F-A886-389F32BA4233}.Release|x86.ActiveCfg = Release|Any CPU
		{769D1ED1-E250-4F31-9B11-C1D5F8B255FF}.Debug|Any CPU.ActiveCfg = Debug|Any CPU
		{769D1ED1-E250-4F31-9B11-C1D5F8B255FF}.Debug|Any CPU.Build.0 = Debug|Any CPU
		{769D1ED1-E250-4F31-9B11-C1D5F8B255FF}.Debug|Mixed Platforms.ActiveCfg = Debug|Any CPU
		{769D1ED1-E250-4F31-9B11-C1D5F8B255FF}.Debug|Mixed Platforms.Build.0 = Debug|Any CPU
		{769D1ED1-E250-4F31-9B11-C1D5F8B255FF}.Debug|x86.ActiveCfg = Debug|Any CPU
		{769D1ED1-E250-4F31-9B11-C1D5F8B255FF}.Release|Any CPU.ActiveCfg = Release|Any CPU
		{769D1ED1-E250-4F31-9B11-C1D5F8B255FF}.Release|Any CPU.Build.0 = Release|Any CPU
		{769D1ED1-E250-4F31-9B11-C1D5F8B255FF}.Release|Mixed Platforms.ActiveCfg = Release|Any CPU
		{769D1ED1-E250-4F31-9B11-C1D5F8B255FF}.Release|Mixed Platforms.Build.0 = Release|Any CPU
		{769D1ED1-E250-4F31-9B11-C1D5F8B255FF}.Release|x86.ActiveCfg = Release|Any CPU
		{04F8ACA5-F277-4A6B-A25C-3B6493CB2A14}.Debug|Any CPU.ActiveCfg = Debug|Any CPU
		{04F8ACA5-F277-4A6B-A25C-3B6493CB2A14}.Debug|Any CPU.Build.0 = Debug|Any CPU
		{04F8ACA5-F277-4A6B-A25C-3B6493CB2A14}.Debug|Mixed Platforms.ActiveCfg = Debug|Any CPU
		{04F8ACA5-F277-4A6B-A25C-3B6493CB2A14}.Debug|Mixed Platforms.Build.0 = Debug|Any CPU
		{04F8ACA5-F277-4A6B-A25C-3B6493CB2A14}.Debug|x86.ActiveCfg = Debug|Any CPU
		{04F8ACA5-F277-4A6B-A25C-3B6493CB2A14}.Release|Any CPU.ActiveCfg = Release|Any CPU
		{04F8ACA5-F277-4A6B-A25C-3B6493CB2A14}.Release|Any CPU.Build.0 = Release|Any CPU
		{04F8ACA5-F277-4A6B-A25C-3B6493CB2A14}.Release|Mixed Platforms.ActiveCfg = Release|Any CPU
		{04F8ACA5-F277-4A6B-A25C-3B6493CB2A14}.Release|Mixed Platforms.Build.0 = Release|Any CPU
		{04F8ACA5-F277-4A6B-A25C-3B6493CB2A14}.Release|x86.ActiveCfg = Release|Any CPU
		{411D4B61-9DDF-43F9-AB11-B256DD8287E5}.Debug|Any CPU.ActiveCfg = Debug|Any CPU
		{411D4B61-9DDF-43F9-AB11-B256DD8287E5}.Debug|Any CPU.Build.0 = Debug|Any CPU
		{411D4B61-9DDF-43F9-AB11-B256DD8287E5}.Debug|Mixed Platforms.ActiveCfg = Debug|Any CPU
		{411D4B61-9DDF-43F9-AB11-B256DD8287E5}.Debug|Mixed Platforms.Build.0 = Debug|Any CPU
		{411D4B61-9DDF-43F9-AB11-B256DD8287E5}.Debug|x86.ActiveCfg = Debug|Any CPU
		{411D4B61-9DDF-43F9-AB11-B256DD8287E5}.Release|Any CPU.ActiveCfg = Release|Any CPU
		{411D4B61-9DDF-43F9-AB11-B256DD8287E5}.Release|Any CPU.Build.0 = Release|Any CPU
		{411D4B61-9DDF-43F9-AB11-B256DD8287E5}.Release|Mixed Platforms.ActiveCfg = Release|Any CPU
		{411D4B61-9DDF-43F9-AB11-B256DD8287E5}.Release|Mixed Platforms.Build.0 = Release|Any CPU
		{411D4B61-9DDF-43F9-AB11-B256DD8287E5}.Release|x86.ActiveCfg = Release|Any CPU
		{45611CFC-0567-4374-B7BB-2C50A92D8CF5}.Debug|Any CPU.ActiveCfg = Debug|Any CPU
		{45611CFC-0567-4374-B7BB-2C50A92D8CF5}.Debug|Any CPU.Build.0 = Debug|Any CPU
		{45611CFC-0567-4374-B7BB-2C50A92D8CF5}.Debug|Mixed Platforms.ActiveCfg = Debug|Any CPU
		{45611CFC-0567-4374-B7BB-2C50A92D8CF5}.Debug|Mixed Platforms.Build.0 = Debug|Any CPU
		{45611CFC-0567-4374-B7BB-2C50A92D8CF5}.Debug|x86.ActiveCfg = Debug|Any CPU
		{45611CFC-0567-4374-B7BB-2C50A92D8CF5}.Debug|x86.Build.0 = Debug|Any CPU
		{45611CFC-0567-4374-B7BB-2C50A92D8CF5}.Release|Any CPU.ActiveCfg = Release|Any CPU
		{45611CFC-0567-4374-B7BB-2C50A92D8CF5}.Release|Any CPU.Build.0 = Release|Any CPU
		{45611CFC-0567-4374-B7BB-2C50A92D8CF5}.Release|Mixed Platforms.ActiveCfg = Release|Any CPU
		{45611CFC-0567-4374-B7BB-2C50A92D8CF5}.Release|Mixed Platforms.Build.0 = Release|Any CPU
		{45611CFC-0567-4374-B7BB-2C50A92D8CF5}.Release|x86.ActiveCfg = Release|Any CPU
		{45611CFC-0567-4374-B7BB-2C50A92D8CF5}.Release|x86.Build.0 = Release|Any CPU
		{6CEE30A7-D859-496D-9899-9DE1654DF995}.Debug|Any CPU.ActiveCfg = Debug|Any CPU
		{6CEE30A7-D859-496D-9899-9DE1654DF995}.Debug|Any CPU.Build.0 = Debug|Any CPU
		{6CEE30A7-D859-496D-9899-9DE1654DF995}.Debug|Mixed Platforms.ActiveCfg = Debug|Any CPU
		{6CEE30A7-D859-496D-9899-9DE1654DF995}.Debug|Mixed Platforms.Build.0 = Debug|Any CPU
		{6CEE30A7-D859-496D-9899-9DE1654DF995}.Debug|x86.ActiveCfg = Debug|Any CPU
		{6CEE30A7-D859-496D-9899-9DE1654DF995}.Debug|x86.Build.0 = Debug|Any CPU
		{6CEE30A7-D859-496D-9899-9DE1654DF995}.Release|Any CPU.ActiveCfg = Release|Any CPU
		{6CEE30A7-D859-496D-9899-9DE1654DF995}.Release|Any CPU.Build.0 = Release|Any CPU
		{6CEE30A7-D859-496D-9899-9DE1654DF995}.Release|Mixed Platforms.ActiveCfg = Release|Any CPU
		{6CEE30A7-D859-496D-9899-9DE1654DF995}.Release|Mixed Platforms.Build.0 = Release|Any CPU
		{6CEE30A7-D859-496D-9899-9DE1654DF995}.Release|x86.ActiveCfg = Release|Any CPU
		{6CEE30A7-D859-496D-9899-9DE1654DF995}.Release|x86.Build.0 = Release|Any CPU
		{D6499F79-C2CD-4EFB-85DA-4D91A5FEFCFB}.Debug|Any CPU.ActiveCfg = Debug|Any CPU
		{D6499F79-C2CD-4EFB-85DA-4D91A5FEFCFB}.Debug|Any CPU.Build.0 = Debug|Any CPU
		{D6499F79-C2CD-4EFB-85DA-4D91A5FEFCFB}.Debug|Mixed Platforms.ActiveCfg = Debug|Any CPU
		{D6499F79-C2CD-4EFB-85DA-4D91A5FEFCFB}.Debug|Mixed Platforms.Build.0 = Debug|Any CPU
		{D6499F79-C2CD-4EFB-85DA-4D91A5FEFCFB}.Debug|x86.ActiveCfg = Debug|Any CPU
		{D6499F79-C2CD-4EFB-85DA-4D91A5FEFCFB}.Debug|x86.Build.0 = Debug|Any CPU
		{D6499F79-C2CD-4EFB-85DA-4D91A5FEFCFB}.Release|Any CPU.ActiveCfg = Release|Any CPU
		{D6499F79-C2CD-4EFB-85DA-4D91A5FEFCFB}.Release|Any CPU.Build.0 = Release|Any CPU
		{D6499F79-C2CD-4EFB-85DA-4D91A5FEFCFB}.Release|Mixed Platforms.ActiveCfg = Release|Any CPU
		{D6499F79-C2CD-4EFB-85DA-4D91A5FEFCFB}.Release|Mixed Platforms.Build.0 = Release|Any CPU
		{D6499F79-C2CD-4EFB-85DA-4D91A5FEFCFB}.Release|x86.ActiveCfg = Release|Any CPU
		{D6499F79-C2CD-4EFB-85DA-4D91A5FEFCFB}.Release|x86.Build.0 = Release|Any CPU
	EndGlobalSection
	GlobalSection(SolutionProperties) = preSolution
		HideSolutionNode = FALSE
	EndGlobalSection
	GlobalSection(NestedProjects) = preSolution
		{060F714F-AC6B-4834-964B-AB46CE23E5A4} = {35800589-CB56-4489-A217-2108E97ECFAC}
		{499C842D-9F66-487F-A886-389F32BA4233} = {35800589-CB56-4489-A217-2108E97ECFAC}
		{D6499F79-C2CD-4EFB-85DA-4D91A5FEFCFB} = {35800589-CB56-4489-A217-2108E97ECFAC}
	EndGlobalSection
	GlobalSection(ExtensibilityGlobals) = postSolution
		EnterpriseLibraryConfigurationToolBinariesPathV6 = packages\EnterpriseLibrary.Common.6.0.1304.0\lib\NET45;packages\EnterpriseLibrary.Data.6.0.1304.0\lib\NET45
	EndGlobalSection
	GlobalSection(TeamFoundationVersionControl) = preSolution
		SccNumberOfProjects = 19
		SccEnterpriseProvider = {4CA58AB2-18FA-4F8D-95D4-32DDF27D184C}
		SccTeamFoundationServer = http://tfs.konfidence.nl:8080/tfs/konfidence
		SccLocalPath0 = .
		SccProjectUniqueName1 = Konfidence.BaseClasses\\Konfidence.BaseClasses.csproj
		SccProjectName1 = Konfidence.BaseClasses
		SccLocalPath1 = Konfidence.BaseClasses
		SccProjectUniqueName2 = Konfidence.BaseDataBaseClasses\\Konfidence.BaseDatabaseClasses.csproj
		SccProjectName2 = Konfidence.BaseDataBaseClasses
		SccLocalPath2 = Konfidence.BaseDataBaseClasses
		SccProjectUniqueName3 = Konfidence.BaseHelper\\Konfidence.BaseHelper.csproj
		SccProjectName3 = Konfidence.BaseHelper
		SccLocalPath3 = Konfidence.BaseHelper
		SccProjectUniqueName4 = Konfidence.BaseThreadClasses\\Konfidence.BaseThreadClasses.csproj
		SccProjectName4 = Konfidence.BaseThreadClasses
		SccLocalPath4 = Konfidence.BaseThreadClasses
		SccProjectUniqueName5 = Konfidence.BaseUserControlHelpers\\Konfidence.BaseUserControlHelpers.csproj
		SccProjectName5 = Konfidence.BaseUserControlHelpers
		SccLocalPath5 = Konfidence.BaseUserControlHelpers
		SccProjectUniqueName6 = Konfidence.BaseWindowComponents\\Konfidence.BaseWindowComponents.csproj
		SccProjectName6 = Konfidence.BaseWindowComponents
		SccLocalPath6 = Konfidence.BaseWindowComponents
		SccProjectUniqueName7 = Konfidence.BaseWindowForms\\Konfidence.BaseWindowForms.csproj
		SccProjectName7 = Konfidence.BaseWindowForms
		SccLocalPath7 = Konfidence.BaseWindowForms
		SccProjectUniqueName8 = Konfidence.Designpatterns\\Konfidence.DesignPatterns.csproj
		SccProjectName8 = Konfidence.Designpatterns
		SccLocalPath8 = Konfidence.Designpatterns
		SccProjectUniqueName9 = Konfidence.UtilHelper\\Konfidence.UtilHelper.csproj
		SccProjectName9 = Konfidence.UtilHelper
		SccLocalPath9 = Konfidence.UtilHelper
		SccProjectUniqueName10 = Konfidence.Security\\Konfidence.Security.csproj
		SccProjectName10 = Konfidence.Security
		SccLocalPath10 = Konfidence.Security
		SccProjectUniqueName11 = Konfidence.Mail\\Konfidence.Mail.csproj
		SccProjectName11 = Konfidence.Mail
		SccLocalPath11 = Konfidence.Mail
		SccProjectUniqueName12 = Konfidence.BaseUnitTestClasses\\Konfidence.BaseUnitTestClasses.csproj
		SccProjectName12 = Konfidence.BaseUnitTestClasses
		SccLocalPath12 = Konfidence.BaseUnitTestClasses
		SccProjectUniqueName13 = Indy.Sockets\\Indy.Sockets.csproj
		SccProjectName13 = Indy.Sockets
		SccLocalPath13 = Indy.Sockets
		SccProjectUniqueName14 = Konfidence.MenuClasses\\Konfidence.MenuClasses.csproj
		SccProjectName14 = Konfidence.MenuClasses
		SccLocalPath14 = Konfidence.MenuClasses
		SccProjectUniqueName15 = Konfidence.Smo\\Konfidence.Smo.csproj
		SccProjectName15 = Konfidence.Smo
		SccLocalPath15 = Konfidence.Smo
		SccProjectUniqueName16 = Konfidence.Test.BaseWebsiteClasses\\Konfidence.Test.BaseWebsiteClasses.csproj
		SccProjectTopLevelParentUniqueName16 = BaseClasses.sln
		SccProjectName16 = Konfidence.Test.BaseWebsiteClasses
		SccLocalPath16 = Konfidence.Test.BaseWebsiteClasses
		SccProjectUniqueName17 = Konfidence.Test.MenuClasses\\Konfidence.Test.MenuClasses.csproj
		SccProjectTopLevelParentUniqueName17 = BaseClasses.sln
		SccProjectName17 = Konfidence.Test.MenuClasses
		SccLocalPath17 = Konfidence.Test.MenuClasses
		SccProjectUniqueName18 = Konfidence.Test.Smo\\Konfidence.Test.Smo.csproj
		SccProjectTopLevelParentUniqueName18 = BaseClasses.sln
		SccProjectName18 = Konfidence.Test.Smo
		SccLocalPath18 = Konfidence.Test.Smo
	EndGlobalSection
	GlobalSection(CodealikeProperties) = postSolution
		SolutionGuid = b618b640-2142-4e92-919b-4083a9829d77
	EndGlobalSection
	GlobalSection(TestCaseManagementSettings) = postSolution
		CategoryFile = BaseClasses1.vsmdi
	EndGlobalSection
EndGlobal
