
Microsoft Visual Studio Solution File, Format Version 10.00
# Visual Studio 2008
Project("{FAE04EC0-301F-11D3-BF4B-00C04F79EFBC}") = "Konfidence.BaseClasses", "Konfidence.BaseClasses\Konfidence.BaseClasses.csproj", "{D71A4677-79C7-443B-900D-218FBCFE8728}"
EndProject
Project("{FAE04EC0-301F-11D3-BF4B-00C04F79EFBC}") = "Konfidence.BaseUserControlHelpers", "Konfidence.BaseUserControlHelpers\Konfidence.BaseUserControlHelpers.csproj", "{D60A1063-3897-44FA-97F5-85A9C25B1F8C}"
EndProject
Project("{FAE04EC0-301F-11D3-BF4B-00C04F79EFBC}") = "Konfidence.BaseDataBaseClasses", "Konfidence.BaseDataBaseClasses\Konfidence.BaseDataBaseClasses.csproj", "{2B4CCFAC-0B45-4F69-96BB-A60C4584027F}"
EndProject
Project("{FAE04EC0-301F-11D3-BF4B-00C04F79EFBC}") = "Konfidence.BaseThreadClasses", "Konfidence.BaseThreadClasses\Konfidence.BaseThreadClasses.csproj", "{536AED59-A354-4905-AFC9-6FF981B06413}"
EndProject
Project("{FAE04EC0-301F-11D3-BF4B-00C04F79EFBC}") = "Konfidence.BaseHelper", "Konfidence.BaseHelper\Konfidence.BaseHelper.csproj", "{687FBFF3-F978-48F9-BF2B-AF242FC8214C}"
EndProject
Project("{FAE04EC0-301F-11D3-BF4B-00C04F79EFBC}") = "Konfidence.BaseWindowComponents", "Konfidence.BaseWindowComponents\Konfidence.BaseWindowComponents.csproj", "{D1AE74F0-8D30-4F7B-983B-46466C7DBB5C}"
EndProject
Project("{FAE04EC0-301F-11D3-BF4B-00C04F79EFBC}") = "Konfidence.BaseWindowForms", "Konfidence.BaseWindowForms\Konfidence.BaseWindowForms.csproj", "{0D53566A-235C-47C3-8DE0-60538050FD9C}"
EndProject
Project("{FAE04EC0-301F-11D3-BF4B-00C04F79EFBC}") = "Konfidence.UtilHelper", "Konfidence.UtilHelper\Konfidence.UtilHelper.csproj", "{BAD05CC5-FB06-4B17-8089-67CF420159B9}"
EndProject
Project("{2150E333-8FDC-42A3-9474-1A3956D46DE8}") = "StrongNameKey", "StrongNameKey", "{5509EDEF-3EA1-4BBA-905A-34C9C89004C0}"
	ProjectSection(SolutionItems) = preProject
		Konfidence.nl.snk = Konfidence.nl.snk
	EndProjectSection
EndProject
Project("{FAE04EC0-301F-11D3-BF4B-00C04F79EFBC}") = "Konfidence.Designpatterns", "Konfidence.Designpatterns\Konfidence.Designpatterns.csproj", "{3D3FD6C6-3583-4047-B960-EF45030FBDE2}"
EndProject
Global
	GlobalSection(SourceCodeControl) = preSolution
		SccNumberOfProjects = 10
		SccLocalPath0 = .
		SccProjectUniqueName1 = Konfidence.BaseClasses\\Konfidence.BaseClasses.csproj
		SccProjectName1 = \u0022$/HelperClasses/Konfidence.BaseClasses\u0022,\u0020XVEAAAAA
		SccLocalPath1 = Konfidence.BaseClasses
		SccProjectUniqueName2 = Konfidence.BaseDataBaseClasses\\Konfidence.BaseDataBaseClasses.csproj
		SccProjectName2 = \u0022$/HelperClasses/Konfidence.BaseDataBaseClasses\u0022,\u0020ZVEAAAAA
		SccLocalPath2 = Konfidence.BaseDataBaseClasses
		SccProjectUniqueName3 = Konfidence.BaseUserControlHelpers\\Konfidence.BaseUserControlHelpers.csproj
		SccProjectName3 = \u0022$/HelperClasses/Konfidence.BaseUserControlHelpers\u0022,\u0020FWEAAAAA
		SccLocalPath3 = Konfidence.BaseUserControlHelpers
		SccProjectUniqueName4 = Konfidence.BaseThreadClasses\\Konfidence.BaseThreadClasses.csproj
		SccProjectName4 = \u0022$/HelperClasses/Konfidence.BaseThreadClasses\u0022,\u0020DWEAAAAA
		SccLocalPath4 = Konfidence.BaseThreadClasses
		SccProjectUniqueName5 = Konfidence.Designpatterns\\Konfidence.Designpatterns.csproj
		SccProjectName5 = \u0022$/HelperClasses/Konfidence.Designpatterns\u0022,\u0020EXEAAAAA
		SccLocalPath5 = Konfidence.Designpatterns
		SccProjectUniqueName6 = Konfidence.BaseHelper\\Konfidence.BaseHelper.csproj
		SccProjectName6 = \u0022$/HelperClasses/Konfidence.BaseHelper\u0022,\u0020YEGAAAAA
		SccLocalPath6 = Konfidence.BaseHelper
		SccProjectUniqueName7 = Konfidence.BaseWindowComponents\\Konfidence.BaseWindowComponents.csproj
		SccProjectName7 = \u0022$/HelperClasses/Konfidence.BaseWindowComponents\u0022,\u0020LFGAAAAA
		SccLocalPath7 = Konfidence.BaseWindowComponents
		SccProjectUniqueName8 = Konfidence.BaseWindowForms\\Konfidence.BaseWindowForms.csproj
		SccProjectName8 = \u0022$/HelperClasses/Konfidence.BaseWindowForms\u0022,\u0020NFGAAAAA
		SccLocalPath8 = Konfidence.BaseWindowForms
		SccProjectUniqueName9 = Konfidence.UtilHelper\\Konfidence.UtilHelper.csproj
		SccProjectName9 = \u0022$/HelperClasses/Konfidence.UtilHelper\u0022,\u0020PFGAAAAA
		SccLocalPath9 = Konfidence.UtilHelper
	EndGlobalSection
	GlobalSection(SolutionConfigurationPlatforms) = preSolution
		Debug|Any CPU = Debug|Any CPU
		Release|Any CPU = Release|Any CPU
	EndGlobalSection
	GlobalSection(ProjectConfigurationPlatforms) = postSolution
		{D71A4677-79C7-443B-900D-218FBCFE8728}.Debug|Any CPU.ActiveCfg = Debug|Any CPU
		{D71A4677-79C7-443B-900D-218FBCFE8728}.Debug|Any CPU.Build.0 = Debug|Any CPU
		{D71A4677-79C7-443B-900D-218FBCFE8728}.Release|Any CPU.ActiveCfg = Release|Any CPU
		{D71A4677-79C7-443B-900D-218FBCFE8728}.Release|Any CPU.Build.0 = Release|Any CPU
		{D60A1063-3897-44FA-97F5-85A9C25B1F8C}.Debug|Any CPU.ActiveCfg = Debug|Any CPU
		{D60A1063-3897-44FA-97F5-85A9C25B1F8C}.Debug|Any CPU.Build.0 = Debug|Any CPU
		{D60A1063-3897-44FA-97F5-85A9C25B1F8C}.Release|Any CPU.ActiveCfg = Release|Any CPU
		{D60A1063-3897-44FA-97F5-85A9C25B1F8C}.Release|Any CPU.Build.0 = Release|Any CPU
		{2B4CCFAC-0B45-4F69-96BB-A60C4584027F}.Debug|Any CPU.ActiveCfg = Debug|Any CPU
		{2B4CCFAC-0B45-4F69-96BB-A60C4584027F}.Debug|Any CPU.Build.0 = Debug|Any CPU
		{2B4CCFAC-0B45-4F69-96BB-A60C4584027F}.Release|Any CPU.ActiveCfg = Release|Any CPU
		{2B4CCFAC-0B45-4F69-96BB-A60C4584027F}.Release|Any CPU.Build.0 = Release|Any CPU
		{536AED59-A354-4905-AFC9-6FF981B06413}.Debug|Any CPU.ActiveCfg = Debug|Any CPU
		{536AED59-A354-4905-AFC9-6FF981B06413}.Debug|Any CPU.Build.0 = Debug|Any CPU
		{536AED59-A354-4905-AFC9-6FF981B06413}.Release|Any CPU.ActiveCfg = Release|Any CPU
		{536AED59-A354-4905-AFC9-6FF981B06413}.Release|Any CPU.Build.0 = Release|Any CPU
		{687FBFF3-F978-48F9-BF2B-AF242FC8214C}.Debug|Any CPU.ActiveCfg = Debug|Any CPU
		{687FBFF3-F978-48F9-BF2B-AF242FC8214C}.Debug|Any CPU.Build.0 = Debug|Any CPU
		{687FBFF3-F978-48F9-BF2B-AF242FC8214C}.Release|Any CPU.ActiveCfg = Release|Any CPU
		{687FBFF3-F978-48F9-BF2B-AF242FC8214C}.Release|Any CPU.Build.0 = Release|Any CPU
		{D1AE74F0-8D30-4F7B-983B-46466C7DBB5C}.Debug|Any CPU.ActiveCfg = Debug|Any CPU
		{D1AE74F0-8D30-4F7B-983B-46466C7DBB5C}.Debug|Any CPU.Build.0 = Debug|Any CPU
		{D1AE74F0-8D30-4F7B-983B-46466C7DBB5C}.Release|Any CPU.ActiveCfg = Release|Any CPU
		{D1AE74F0-8D30-4F7B-983B-46466C7DBB5C}.Release|Any CPU.Build.0 = Release|Any CPU
		{0D53566A-235C-47C3-8DE0-60538050FD9C}.Debug|Any CPU.ActiveCfg = Debug|Any CPU
		{0D53566A-235C-47C3-8DE0-60538050FD9C}.Debug|Any CPU.Build.0 = Debug|Any CPU
		{0D53566A-235C-47C3-8DE0-60538050FD9C}.Release|Any CPU.ActiveCfg = Release|Any CPU
		{0D53566A-235C-47C3-8DE0-60538050FD9C}.Release|Any CPU.Build.0 = Release|Any CPU
		{BAD05CC5-FB06-4B17-8089-67CF420159B9}.Debug|Any CPU.ActiveCfg = Debug|Any CPU
		{BAD05CC5-FB06-4B17-8089-67CF420159B9}.Debug|Any CPU.Build.0 = Debug|Any CPU
		{BAD05CC5-FB06-4B17-8089-67CF420159B9}.Release|Any CPU.ActiveCfg = Release|Any CPU
		{BAD05CC5-FB06-4B17-8089-67CF420159B9}.Release|Any CPU.Build.0 = Release|Any CPU
		{3D3FD6C6-3583-4047-B960-EF45030FBDE2}.Debug|Any CPU.ActiveCfg = Debug|Any CPU
		{3D3FD6C6-3583-4047-B960-EF45030FBDE2}.Debug|Any CPU.Build.0 = Debug|Any CPU
		{3D3FD6C6-3583-4047-B960-EF45030FBDE2}.Release|Any CPU.ActiveCfg = Release|Any CPU
		{3D3FD6C6-3583-4047-B960-EF45030FBDE2}.Release|Any CPU.Build.0 = Release|Any CPU
	EndGlobalSection
	GlobalSection(SolutionProperties) = preSolution
		HideSolutionNode = FALSE
	EndGlobalSection
EndGlobal
