
Microsoft Visual Studio Solution File, Format Version 12.00
# Visual Studio Version 16
VisualStudioVersion = 16.0.29209.152
MinimumVisualStudioVersion = 10.0.40219.1
Project("{9A19103F-16F7-4668-BE54-9A1E7A4F7556}") = "Konfidence.BaseClasses", "Konfidence.BaseClasses\Konfidence.BaseClasses.csproj", "{E13A1158-20B9-4C50-A63E-A2F4296C752E}"
EndProject
Project("{2150E333-8FDC-42A3-9474-1A3956D46DE8}") = "Solution Items", "Solution Items", "{98EF0879-A9EF-450A-BB97-BAEB47F12BDF}"
	ProjectSection(SolutionItems) = preProject
		.gitattribute = .gitattribute
		.gitignore = .gitignore
		ClassModelGenerator.config.json = ClassModelGenerator.config.json
		Directory.Build.props = Directory.Build.props
		Directory.Build.targets = Directory.Build.targets
		..\SqlClientSettings.json = ..\SqlClientSettings.json
	EndProjectSection
EndProject
Project("{9A19103F-16F7-4668-BE54-9A1E7A4F7556}") = "Konfidence.BaseDatabaseClasses", "Konfidence.BaseDataBaseClasses\Konfidence.BaseDatabaseClasses.csproj", "{3C54A77F-ABD5-4BB0-80E4-6417008E189A}"
EndProject
Project("{9A19103F-16F7-4668-BE54-9A1E7A4F7556}") = "Konfidence.DatabaseInterface", "Konfidence.DataBaseInterface\Konfidence.DatabaseInterface.csproj", "{41925B8B-5083-4FE5-A4FD-82F0174DE19E}"
EndProject
Project("{9A19103F-16F7-4668-BE54-9A1E7A4F7556}") = "Konfidence.SqlHostProvider", "Konfidence.SqlHostProvider\Konfidence.SqlHostProvider.csproj", "{67C4EDC3-5E7A-4C2A-9F82-329A7AAF3254}"
EndProject
Project("{9A19103F-16F7-4668-BE54-9A1E7A4F7556}") = "Konfidence.Security", "Konfidence.Security\Konfidence.Security.csproj", "{20287813-52A4-4043-ABC8-3013F4701774}"
EndProject
Project("{2150E333-8FDC-42A3-9474-1A3956D46DE8}") = "Test", "Test", "{AE05D666-5600-4C5A-A903-038C94787EB4}"
EndProject
Project("{9A19103F-16F7-4668-BE54-9A1E7A4F7556}") = "Konfidence.BaseDatabaseClasses.Integration.Tests", "Konfidence.BaseDatabaseClasses.Integration.Tests\Konfidence.BaseDatabaseClasses.Integration.Tests.csproj", "{5A793535-B73E-49DD-B329-131F9DA971DB}"
EndProject
Project("{9A19103F-16F7-4668-BE54-9A1E7A4F7556}") = "Konfidence.BaseDatabaseClasses.Tests", "Konfidence.BaseDatabaseClasses.Tests\Konfidence.BaseDatabaseClasses.Tests.csproj", "{76862657-1597-4BA2-BD11-4344AEBD1D32}"
EndProject
Project("{9A19103F-16F7-4668-BE54-9A1E7A4F7556}") = "Konfidence.Security.Tests", "Konfidence.Security.Tests\Konfidence.Security.Tests.csproj", "{9055CC5D-FD7D-4748-8968-98EFF6B98803}"
EndProject
Project("{9A19103F-16F7-4668-BE54-9A1E7A4F7556}") = "Konfidence.SqlHostProvider.Tests", "Konfidence.SqlHostProvider.Tests\Konfidence.SqlHostProvider.Tests.csproj", "{FAF276FC-1E51-43E6-A4F3-D83D667E5160}"
EndProject
Project("{9A19103F-16F7-4668-BE54-9A1E7A4F7556}") = "Konfidence.TestTools", "Konfidence.TestTools\Konfidence.TestTools.csproj", "{D319CC64-AE94-4266-A474-BDD83BE3FD84}"
EndProject
Project("{9A19103F-16F7-4668-BE54-9A1E7A4F7556}") = "Konfidence.BaseThreadClasses", "Konfidence.BaseThreadClasses\Konfidence.BaseThreadClasses.csproj", "{C2231079-3640-4C1B-868E-37FCA3591E96}"
EndProject
Project("{9A19103F-16F7-4668-BE54-9A1E7A4F7556}") = "Konfidence.UtilHelper", "Konfidence.UtilHelper\Konfidence.UtilHelper.csproj", "{95E6C8C5-C551-4E40-99AE-D08C3379810A}"
EndProject
Project("{9A19103F-16F7-4668-BE54-9A1E7A4F7556}") = "Konfidence.Mail", "Konfidence.Mail\Konfidence.Mail.csproj", "{7253F59F-834C-4A49-B93D-AC2DF2536E36}"
EndProject
Project("{9A19103F-16F7-4668-BE54-9A1E7A4F7556}") = "ClientSettingsUpdater", "ClientSettingsUpdater\ClientSettingsUpdater.csproj", "{687CFA15-FB09-46FC-8769-2B5C4494080D}"
EndProject
Project("{9A19103F-16F7-4668-BE54-9A1E7A4F7556}") = "TestByHandApp", "TestByHandApp\TestByHandApp.csproj", "{2CFB0201-0A93-4384-BD3C-546EF66CB0B9}"
EndProject
Project("{9A19103F-16F7-4668-BE54-9A1E7A4F7556}") = "Konfidence.BaseRest.Client", "Konfidence.BaseRest.Client\Konfidence.BaseRest.Client.csproj", "{ED7FFF5E-56BF-4B71-A1C7-C66202CFDD4C}"
EndProject
Project("{9A19103F-16F7-4668-BE54-9A1E7A4F7556}") = "Konfidence.TestClasses", "Konfidence.TestClasses\Konfidence.TestClasses.csproj", "{C75C5853-9352-4FFC-BB6C-05A23F1E095D}"
EndProject
Project("{9A19103F-16F7-4668-BE54-9A1E7A4F7556}") = "Konfidence.TestClasses.Tests", "Konfidence.TestClasses.Tests\Konfidence.TestClasses.Tests.csproj", "{B7530A18-6DBE-4340-852E-ACBE78B44A2E}"
EndProject
Global
	GlobalSection(SolutionConfigurationPlatforms) = preSolution
		Debug|Any CPU = Debug|Any CPU
		Release|Any CPU = Release|Any CPU
	EndGlobalSection
	GlobalSection(ProjectConfigurationPlatforms) = postSolution
		{E13A1158-20B9-4C50-A63E-A2F4296C752E}.Debug|Any CPU.ActiveCfg = Debug|Any CPU
		{E13A1158-20B9-4C50-A63E-A2F4296C752E}.Debug|Any CPU.Build.0 = Debug|Any CPU
		{E13A1158-20B9-4C50-A63E-A2F4296C752E}.Release|Any CPU.ActiveCfg = Release|Any CPU
		{E13A1158-20B9-4C50-A63E-A2F4296C752E}.Release|Any CPU.Build.0 = Release|Any CPU
		{3C54A77F-ABD5-4BB0-80E4-6417008E189A}.Debug|Any CPU.ActiveCfg = Debug|Any CPU
		{3C54A77F-ABD5-4BB0-80E4-6417008E189A}.Debug|Any CPU.Build.0 = Debug|Any CPU
		{3C54A77F-ABD5-4BB0-80E4-6417008E189A}.Release|Any CPU.ActiveCfg = Release|Any CPU
		{3C54A77F-ABD5-4BB0-80E4-6417008E189A}.Release|Any CPU.Build.0 = Release|Any CPU
		{41925B8B-5083-4FE5-A4FD-82F0174DE19E}.Debug|Any CPU.ActiveCfg = Debug|Any CPU
		{41925B8B-5083-4FE5-A4FD-82F0174DE19E}.Debug|Any CPU.Build.0 = Debug|Any CPU
		{41925B8B-5083-4FE5-A4FD-82F0174DE19E}.Release|Any CPU.ActiveCfg = Release|Any CPU
		{41925B8B-5083-4FE5-A4FD-82F0174DE19E}.Release|Any CPU.Build.0 = Release|Any CPU
		{67C4EDC3-5E7A-4C2A-9F82-329A7AAF3254}.Debug|Any CPU.ActiveCfg = Debug|Any CPU
		{67C4EDC3-5E7A-4C2A-9F82-329A7AAF3254}.Debug|Any CPU.Build.0 = Debug|Any CPU
		{67C4EDC3-5E7A-4C2A-9F82-329A7AAF3254}.Release|Any CPU.ActiveCfg = Release|Any CPU
		{67C4EDC3-5E7A-4C2A-9F82-329A7AAF3254}.Release|Any CPU.Build.0 = Release|Any CPU
		{20287813-52A4-4043-ABC8-3013F4701774}.Debug|Any CPU.ActiveCfg = Debug|Any CPU
		{20287813-52A4-4043-ABC8-3013F4701774}.Debug|Any CPU.Build.0 = Debug|Any CPU
		{20287813-52A4-4043-ABC8-3013F4701774}.Release|Any CPU.ActiveCfg = Release|Any CPU
		{20287813-52A4-4043-ABC8-3013F4701774}.Release|Any CPU.Build.0 = Release|Any CPU
		{5A793535-B73E-49DD-B329-131F9DA971DB}.Debug|Any CPU.ActiveCfg = Debug|Any CPU
		{5A793535-B73E-49DD-B329-131F9DA971DB}.Debug|Any CPU.Build.0 = Debug|Any CPU
		{5A793535-B73E-49DD-B329-131F9DA971DB}.Release|Any CPU.ActiveCfg = Release|Any CPU
		{5A793535-B73E-49DD-B329-131F9DA971DB}.Release|Any CPU.Build.0 = Release|Any CPU
		{76862657-1597-4BA2-BD11-4344AEBD1D32}.Debug|Any CPU.ActiveCfg = Debug|Any CPU
		{76862657-1597-4BA2-BD11-4344AEBD1D32}.Debug|Any CPU.Build.0 = Debug|Any CPU
		{76862657-1597-4BA2-BD11-4344AEBD1D32}.Release|Any CPU.ActiveCfg = Release|Any CPU
		{76862657-1597-4BA2-BD11-4344AEBD1D32}.Release|Any CPU.Build.0 = Release|Any CPU
		{9055CC5D-FD7D-4748-8968-98EFF6B98803}.Debug|Any CPU.ActiveCfg = Debug|Any CPU
		{9055CC5D-FD7D-4748-8968-98EFF6B98803}.Debug|Any CPU.Build.0 = Debug|Any CPU
		{9055CC5D-FD7D-4748-8968-98EFF6B98803}.Release|Any CPU.ActiveCfg = Release|Any CPU
		{9055CC5D-FD7D-4748-8968-98EFF6B98803}.Release|Any CPU.Build.0 = Release|Any CPU
		{FAF276FC-1E51-43E6-A4F3-D83D667E5160}.Debug|Any CPU.ActiveCfg = Debug|Any CPU
		{FAF276FC-1E51-43E6-A4F3-D83D667E5160}.Debug|Any CPU.Build.0 = Debug|Any CPU
		{FAF276FC-1E51-43E6-A4F3-D83D667E5160}.Release|Any CPU.ActiveCfg = Release|Any CPU
		{FAF276FC-1E51-43E6-A4F3-D83D667E5160}.Release|Any CPU.Build.0 = Release|Any CPU
		{D319CC64-AE94-4266-A474-BDD83BE3FD84}.Debug|Any CPU.ActiveCfg = Debug|Any CPU
		{D319CC64-AE94-4266-A474-BDD83BE3FD84}.Debug|Any CPU.Build.0 = Debug|Any CPU
		{D319CC64-AE94-4266-A474-BDD83BE3FD84}.Release|Any CPU.ActiveCfg = Release|Any CPU
		{D319CC64-AE94-4266-A474-BDD83BE3FD84}.Release|Any CPU.Build.0 = Release|Any CPU
		{C2231079-3640-4C1B-868E-37FCA3591E96}.Debug|Any CPU.ActiveCfg = Debug|Any CPU
		{C2231079-3640-4C1B-868E-37FCA3591E96}.Debug|Any CPU.Build.0 = Debug|Any CPU
		{C2231079-3640-4C1B-868E-37FCA3591E96}.Release|Any CPU.ActiveCfg = Release|Any CPU
		{C2231079-3640-4C1B-868E-37FCA3591E96}.Release|Any CPU.Build.0 = Release|Any CPU
		{95E6C8C5-C551-4E40-99AE-D08C3379810A}.Debug|Any CPU.ActiveCfg = Debug|Any CPU
		{95E6C8C5-C551-4E40-99AE-D08C3379810A}.Debug|Any CPU.Build.0 = Debug|Any CPU
		{95E6C8C5-C551-4E40-99AE-D08C3379810A}.Release|Any CPU.ActiveCfg = Release|Any CPU
		{95E6C8C5-C551-4E40-99AE-D08C3379810A}.Release|Any CPU.Build.0 = Release|Any CPU
		{7253F59F-834C-4A49-B93D-AC2DF2536E36}.Debug|Any CPU.ActiveCfg = Debug|Any CPU
		{7253F59F-834C-4A49-B93D-AC2DF2536E36}.Debug|Any CPU.Build.0 = Debug|Any CPU
		{7253F59F-834C-4A49-B93D-AC2DF2536E36}.Release|Any CPU.ActiveCfg = Release|Any CPU
		{7253F59F-834C-4A49-B93D-AC2DF2536E36}.Release|Any CPU.Build.0 = Release|Any CPU
		{687CFA15-FB09-46FC-8769-2B5C4494080D}.Debug|Any CPU.ActiveCfg = Debug|Any CPU
		{687CFA15-FB09-46FC-8769-2B5C4494080D}.Debug|Any CPU.Build.0 = Debug|Any CPU
		{687CFA15-FB09-46FC-8769-2B5C4494080D}.Release|Any CPU.ActiveCfg = Release|Any CPU
		{687CFA15-FB09-46FC-8769-2B5C4494080D}.Release|Any CPU.Build.0 = Release|Any CPU
		{2CFB0201-0A93-4384-BD3C-546EF66CB0B9}.Debug|Any CPU.ActiveCfg = Debug|Any CPU
		{2CFB0201-0A93-4384-BD3C-546EF66CB0B9}.Debug|Any CPU.Build.0 = Debug|Any CPU
		{2CFB0201-0A93-4384-BD3C-546EF66CB0B9}.Release|Any CPU.ActiveCfg = Release|Any CPU
		{2CFB0201-0A93-4384-BD3C-546EF66CB0B9}.Release|Any CPU.Build.0 = Release|Any CPU
		{ED7FFF5E-56BF-4B71-A1C7-C66202CFDD4C}.Debug|Any CPU.ActiveCfg = Debug|Any CPU
		{ED7FFF5E-56BF-4B71-A1C7-C66202CFDD4C}.Debug|Any CPU.Build.0 = Debug|Any CPU
		{ED7FFF5E-56BF-4B71-A1C7-C66202CFDD4C}.Release|Any CPU.ActiveCfg = Release|Any CPU
		{ED7FFF5E-56BF-4B71-A1C7-C66202CFDD4C}.Release|Any CPU.Build.0 = Release|Any CPU
		{C75C5853-9352-4FFC-BB6C-05A23F1E095D}.Debug|Any CPU.ActiveCfg = Debug|Any CPU
		{C75C5853-9352-4FFC-BB6C-05A23F1E095D}.Debug|Any CPU.Build.0 = Debug|Any CPU
		{C75C5853-9352-4FFC-BB6C-05A23F1E095D}.Release|Any CPU.ActiveCfg = Release|Any CPU
		{C75C5853-9352-4FFC-BB6C-05A23F1E095D}.Release|Any CPU.Build.0 = Release|Any CPU
		{B7530A18-6DBE-4340-852E-ACBE78B44A2E}.Debug|Any CPU.ActiveCfg = Debug|Any CPU
		{B7530A18-6DBE-4340-852E-ACBE78B44A2E}.Debug|Any CPU.Build.0 = Debug|Any CPU
		{B7530A18-6DBE-4340-852E-ACBE78B44A2E}.Release|Any CPU.ActiveCfg = Release|Any CPU
		{B7530A18-6DBE-4340-852E-ACBE78B44A2E}.Release|Any CPU.Build.0 = Release|Any CPU
	EndGlobalSection
	GlobalSection(SolutionProperties) = preSolution
		HideSolutionNode = FALSE
	EndGlobalSection
	GlobalSection(NestedProjects) = preSolution
		{5A793535-B73E-49DD-B329-131F9DA971DB} = {AE05D666-5600-4C5A-A903-038C94787EB4}
		{76862657-1597-4BA2-BD11-4344AEBD1D32} = {AE05D666-5600-4C5A-A903-038C94787EB4}
		{9055CC5D-FD7D-4748-8968-98EFF6B98803} = {AE05D666-5600-4C5A-A903-038C94787EB4}
		{FAF276FC-1E51-43E6-A4F3-D83D667E5160} = {AE05D666-5600-4C5A-A903-038C94787EB4}
		{2CFB0201-0A93-4384-BD3C-546EF66CB0B9} = {AE05D666-5600-4C5A-A903-038C94787EB4}
		{B7530A18-6DBE-4340-852E-ACBE78B44A2E} = {AE05D666-5600-4C5A-A903-038C94787EB4}
	EndGlobalSection
	GlobalSection(ExtensibilityGlobals) = postSolution
		SolutionGuid = {9B102BFD-CA61-4D89-A274-368CA1DF0437}
	EndGlobalSection
EndGlobal
