
Microsoft Visual Studio Solution File, Format Version 12.00
# Visual Studio Version 16
VisualStudioVersion = 16.0.29209.152
MinimumVisualStudioVersion = 10.0.40219.1
Project("{9A19103F-16F7-4668-BE54-9A1E7A4F7556}") = "Konfidence.BaseDatabaseClasses", "Konfidence.BaseDataBaseClasses\Konfidence.BaseDatabaseClasses.csproj", "{30105947-0528-48D8-AF54-21C680CDA76F}"
EndProject
Project("{9A19103F-16F7-4668-BE54-9A1E7A4F7556}") = "Konfidence.BaseDataInterfaces", "Konfidence.BaseDataInterfaces\Konfidence.BaseDataInterfaces.csproj", "{8A7FDA50-7120-47E2-B18C-5ABAF46AD9BD}"
EndProject
Global
	GlobalSection(SolutionConfigurationPlatforms) = preSolution
		Debug|Any CPU = Debug|Any CPU
		Release|Any CPU = Release|Any CPU
	EndGlobalSection
	GlobalSection(ProjectConfigurationPlatforms) = postSolution
		{30105947-0528-48D8-AF54-21C680CDA76F}.Debug|Any CPU.ActiveCfg = Debug|Any CPU
		{30105947-0528-48D8-AF54-21C680CDA76F}.Debug|Any CPU.Build.0 = Debug|Any CPU
		{30105947-0528-48D8-AF54-21C680CDA76F}.Release|Any CPU.ActiveCfg = Release|Any CPU
		{30105947-0528-48D8-AF54-21C680CDA76F}.Release|Any CPU.Build.0 = Release|Any CPU
		{8A7FDA50-7120-47E2-B18C-5ABAF46AD9BD}.Debug|Any CPU.ActiveCfg = Debug|Any CPU
		{8A7FDA50-7120-47E2-B18C-5ABAF46AD9BD}.Debug|Any CPU.Build.0 = Debug|Any CPU
		{8A7FDA50-7120-47E2-B18C-5ABAF46AD9BD}.Release|Any CPU.ActiveCfg = Release|Any CPU
		{8A7FDA50-7120-47E2-B18C-5ABAF46AD9BD}.Release|Any CPU.Build.0 = Release|Any CPU
	EndGlobalSection
	GlobalSection(SolutionProperties) = preSolution
		HideSolutionNode = FALSE
	EndGlobalSection
	GlobalSection(ExtensibilityGlobals) = postSolution
		SolutionGuid = {9B102BFD-CA61-4D89-A274-368CA1DF0437}
	EndGlobalSection
EndGlobal
