
Microsoft Visual Studio Solution File, Format Version 12.00
# Visual Studio Version 16
VisualStudioVersion = 16.0.29209.152
MinimumVisualStudioVersion = 10.0.40219.1
Project("{9A19103F-16F7-4668-BE54-9A1E7A4F7556}") = "Konfidence.BaseClasses", "Konfidence.BaseClasses\Konfidence.BaseClasses.csproj", "{E13A1158-20B9-4C50-A63E-A2F4296C752E}"
EndProject
Project("{2150E333-8FDC-42A3-9474-1A3956D46DE8}") = "Solution Items", "Solution Items", "{98EF0879-A9EF-450A-BB97-BAEB47F12BDF}"
	ProjectSection(SolutionItems) = preProject
		.gitattribute = .gitattribute
		.gitignore = .gitignore
		ClassModelGenerator.config.json = ClassModelGenerator.config.json
		Directory.Build.props = Directory.Build.props
		Directory.Build.targets = Directory.Build.targets
		LICENSE.txt = LICENSE.txt
		README.md = README.md
		..\SqlClientSettings.json = ..\SqlClientSettings.json
	EndProjectSection
EndProject
Project("{9A19103F-16F7-4668-BE54-9A1E7A4F7556}") = "Konfidence.BaseDatabaseClasses", "Konfidence.BaseDataBaseClasses\Konfidence.BaseDatabaseClasses.csproj", "{3C54A77F-ABD5-4BB0-80E4-6417008E189A}"
EndProject
Project("{9A19103F-16F7-4668-BE54-9A1E7A4F7556}") = "Konfidence.DatabaseInterface", "Konfidence.DataBaseInterface\Konfidence.DatabaseInterface.csproj", "{41925B8B-5083-4FE5-A4FD-82F0174DE19E}"
EndProject
Project("{9A19103F-16F7-4668-BE54-9A1E7A4F7556}") = "Konfidence.SqlHostProvider", "Konfidence.SqlHostProvider\Konfidence.SqlHostProvider.csproj", "{67C4EDC3-5E7A-4C2A-9F82-329A7AAF3254}"
EndProject
Project("{9A19103F-16F7-4668-BE54-9A1E7A4F7556}") = "Konfidence.Security", "Konfidence.Security\Konfidence.Security.csproj", "{20287813-52A4-4043-ABC8-3013F4701774}"
EndProject
Project("{2150E333-8FDC-42A3-9474-1A3956D46DE8}") = "Test", "Test", "{AE05D666-5600-4C5A-A903-038C94787EB4}"
EndProject
Project("{9A19103F-16F7-4668-BE54-9A1E7A4F7556}") = "Konfidence.TestTools", "Konfidence.TestTools\Konfidence.TestTools.csproj", "{D319CC64-AE94-4266-A474-BDD83BE3FD84}"
EndProject
Project("{9A19103F-16F7-4668-BE54-9A1E7A4F7556}") = "Konfidence.BaseThreadClasses", "Konfidence.BaseThreadClasses\Konfidence.BaseThreadClasses.csproj", "{C2231079-3640-4C1B-868E-37FCA3591E96}"
EndProject
Project("{9A19103F-16F7-4668-BE54-9A1E7A4F7556}") = "Konfidence.UtilHelper", "Konfidence.UtilHelper\Konfidence.UtilHelper.csproj", "{95E6C8C5-C551-4E40-99AE-D08C3379810A}"
EndProject
Project("{9A19103F-16F7-4668-BE54-9A1E7A4F7556}") = "Konfidence.Mail", "Konfidence.Mail\Konfidence.Mail.csproj", "{7253F59F-834C-4A49-B93D-AC2DF2536E36}"
EndProject
Project("{9A19103F-16F7-4668-BE54-9A1E7A4F7556}") = "Konfidence.BaseRest.Client", "Konfidence.BaseRest.Client\Konfidence.BaseRest.Client.csproj", "{ED7FFF5E-56BF-4B71-A1C7-C66202CFDD4C}"
EndProject
Project("{9A19103F-16F7-4668-BE54-9A1E7A4F7556}") = "ClientSettingsUpdater", "Tools\ClientSettingsUpdater\ClientSettingsUpdater.csproj", "{BBE30B23-D95E-4DDD-A38F-F1966D93DAB4}"
EndProject
Project("{2150E333-8FDC-42A3-9474-1A3956D46DE8}") = "Tools", "Tools", "{658C19AA-3C4B-4420-B432-65638F83EE57}"
EndProject
Project("{9A19103F-16F7-4668-BE54-9A1E7A4F7556}") = "TestByHandApp", "Test\TestByHandApp\TestByHandApp.csproj", "{EE8C972B-9A60-4AC5-9792-ACF952EDF104}"
EndProject
Project("{9A19103F-16F7-4668-BE54-9A1E7A4F7556}") = "Konfidence.TestClasses", "Test\Konfidence.TestClasses\Konfidence.TestClasses.csproj", "{553B501A-84DE-4211-A015-E6F02D175E39}"
EndProject
Project("{9A19103F-16F7-4668-BE54-9A1E7A4F7556}") = "Konfidence.TestClasses.Tests", "Test\Konfidence.TestClasses.Tests\Konfidence.TestClasses.Tests.csproj", "{77A58886-B7F9-4F5E-8088-57DB54799C43}"
EndProject
Project("{9A19103F-16F7-4668-BE54-9A1E7A4F7556}") = "Konfidence.SqlHostProvider.Tests", "Test\Konfidence.SqlHostProvider.Tests\Konfidence.SqlHostProvider.Tests.csproj", "{A719BAEF-F3F3-4BA6-8C09-6F4CCBC04193}"
EndProject
Project("{9A19103F-16F7-4668-BE54-9A1E7A4F7556}") = "Konfidence.Security.Tests", "Test\Konfidence.Security.Tests\Konfidence.Security.Tests.csproj", "{EF2F9DBD-2435-4379-9024-5531F587539C}"
EndProject
Project("{9A19103F-16F7-4668-BE54-9A1E7A4F7556}") = "Konfidence.BaseDatabaseClasses.Tests", "Test\Konfidence.BaseDatabaseClasses.Tests\Konfidence.BaseDatabaseClasses.Tests.csproj", "{D5932518-4099-4749-9BE5-CBBD5B4E14D6}"
EndProject
Project("{9A19103F-16F7-4668-BE54-9A1E7A4F7556}") = "Konfidence.BaseDatabaseClasses.Integration.Tests", "Test\Konfidence.BaseDatabaseClasses.Integration.Tests\Konfidence.BaseDatabaseClasses.Integration.Tests.csproj", "{71FFB837-A28C-4F6E-8928-05217E1CA303}"
EndProject
Project("{2150E333-8FDC-42A3-9474-1A3956D46DE8}") = ".nuget", ".nuget", "{2CC07503-FF58-43E0-BCEB-69F7E4D28E3E}"
	ProjectSection(SolutionItems) = preProject
		.nuget\NuGet.Config = .nuget\NuGet.Config
	EndProjectSection
EndProject
Project("{9A19103F-16F7-4668-BE54-9A1E7A4F7556}") = "Konfidence.DatabaseInterface.Code", "Konfidence.DatabaseInterface.Code\Konfidence.DatabaseInterface.Code.csproj", "{4956D7EE-0D76-42F9-A5B7-6C292204BD0C}"
EndProject
Global
	GlobalSection(SolutionConfigurationPlatforms) = preSolution
		Debug|Any CPU = Debug|Any CPU
		Release|Any CPU = Release|Any CPU
	EndGlobalSection
	GlobalSection(ProjectConfigurationPlatforms) = postSolution
		{E13A1158-20B9-4C50-A63E-A2F4296C752E}.Debug|Any CPU.ActiveCfg = Debug|Any CPU
		{E13A1158-20B9-4C50-A63E-A2F4296C752E}.Debug|Any CPU.Build.0 = Debug|Any CPU
		{E13A1158-20B9-4C50-A63E-A2F4296C752E}.Release|Any CPU.ActiveCfg = Release|Any CPU
		{E13A1158-20B9-4C50-A63E-A2F4296C752E}.Release|Any CPU.Build.0 = Release|Any CPU
		{3C54A77F-ABD5-4BB0-80E4-6417008E189A}.Debug|Any CPU.ActiveCfg = Debug|Any CPU
		{3C54A77F-ABD5-4BB0-80E4-6417008E189A}.Debug|Any CPU.Build.0 = Debug|Any CPU
		{3C54A77F-ABD5-4BB0-80E4-6417008E189A}.Release|Any CPU.ActiveCfg = Release|Any CPU
		{3C54A77F-ABD5-4BB0-80E4-6417008E189A}.Release|Any CPU.Build.0 = Release|Any CPU
		{41925B8B-5083-4FE5-A4FD-82F0174DE19E}.Debug|Any CPU.ActiveCfg = Debug|Any CPU
		{41925B8B-5083-4FE5-A4FD-82F0174DE19E}.Debug|Any CPU.Build.0 = Debug|Any CPU
		{41925B8B-5083-4FE5-A4FD-82F0174DE19E}.Release|Any CPU.ActiveCfg = Release|Any CPU
		{41925B8B-5083-4FE5-A4FD-82F0174DE19E}.Release|Any CPU.Build.0 = Release|Any CPU
		{67C4EDC3-5E7A-4C2A-9F82-329A7AAF3254}.Debug|Any CPU.ActiveCfg = Debug|Any CPU
		{67C4EDC3-5E7A-4C2A-9F82-329A7AAF3254}.Debug|Any CPU.Build.0 = Debug|Any CPU
		{67C4EDC3-5E7A-4C2A-9F82-329A7AAF3254}.Release|Any CPU.ActiveCfg = Release|Any CPU
		{67C4EDC3-5E7A-4C2A-9F82-329A7AAF3254}.Release|Any CPU.Build.0 = Release|Any CPU
		{20287813-52A4-4043-ABC8-3013F4701774}.Debug|Any CPU.ActiveCfg = Debug|Any CPU
		{20287813-52A4-4043-ABC8-3013F4701774}.Debug|Any CPU.Build.0 = Debug|Any CPU
		{20287813-52A4-4043-ABC8-3013F4701774}.Release|Any CPU.ActiveCfg = Release|Any CPU
		{20287813-52A4-4043-ABC8-3013F4701774}.Release|Any CPU.Build.0 = Release|Any CPU
		{D319CC64-AE94-4266-A474-BDD83BE3FD84}.Debug|Any CPU.ActiveCfg = Debug|Any CPU
		{D319CC64-AE94-4266-A474-BDD83BE3FD84}.Debug|Any CPU.Build.0 = Debug|Any CPU
		{D319CC64-AE94-4266-A474-BDD83BE3FD84}.Release|Any CPU.ActiveCfg = Release|Any CPU
		{D319CC64-AE94-4266-A474-BDD83BE3FD84}.Release|Any CPU.Build.0 = Release|Any CPU
		{C2231079-3640-4C1B-868E-37FCA3591E96}.Debug|Any CPU.ActiveCfg = Debug|Any CPU
		{C2231079-3640-4C1B-868E-37FCA3591E96}.Debug|Any CPU.Build.0 = Debug|Any CPU
		{C2231079-3640-4C1B-868E-37FCA3591E96}.Release|Any CPU.ActiveCfg = Release|Any CPU
		{C2231079-3640-4C1B-868E-37FCA3591E96}.Release|Any CPU.Build.0 = Release|Any CPU
		{95E6C8C5-C551-4E40-99AE-D08C3379810A}.Debug|Any CPU.ActiveCfg = Debug|Any CPU
		{95E6C8C5-C551-4E40-99AE-D08C3379810A}.Debug|Any CPU.Build.0 = Debug|Any CPU
		{95E6C8C5-C551-4E40-99AE-D08C3379810A}.Release|Any CPU.ActiveCfg = Release|Any CPU
		{95E6C8C5-C551-4E40-99AE-D08C3379810A}.Release|Any CPU.Build.0 = Release|Any CPU
		{7253F59F-834C-4A49-B93D-AC2DF2536E36}.Debug|Any CPU.ActiveCfg = Debug|Any CPU
		{7253F59F-834C-4A49-B93D-AC2DF2536E36}.Debug|Any CPU.Build.0 = Debug|Any CPU
		{7253F59F-834C-4A49-B93D-AC2DF2536E36}.Release|Any CPU.ActiveCfg = Release|Any CPU
		{7253F59F-834C-4A49-B93D-AC2DF2536E36}.Release|Any CPU.Build.0 = Release|Any CPU
		{ED7FFF5E-56BF-4B71-A1C7-C66202CFDD4C}.Debug|Any CPU.ActiveCfg = Debug|Any CPU
		{ED7FFF5E-56BF-4B71-A1C7-C66202CFDD4C}.Debug|Any CPU.Build.0 = Debug|Any CPU
		{ED7FFF5E-56BF-4B71-A1C7-C66202CFDD4C}.Release|Any CPU.ActiveCfg = Release|Any CPU
		{ED7FFF5E-56BF-4B71-A1C7-C66202CFDD4C}.Release|Any CPU.Build.0 = Release|Any CPU
		{BBE30B23-D95E-4DDD-A38F-F1966D93DAB4}.Debug|Any CPU.ActiveCfg = Debug|Any CPU
		{BBE30B23-D95E-4DDD-A38F-F1966D93DAB4}.Debug|Any CPU.Build.0 = Debug|Any CPU
		{BBE30B23-D95E-4DDD-A38F-F1966D93DAB4}.Release|Any CPU.ActiveCfg = Release|Any CPU
		{BBE30B23-D95E-4DDD-A38F-F1966D93DAB4}.Release|Any CPU.Build.0 = Release|Any CPU
		{EE8C972B-9A60-4AC5-9792-ACF952EDF104}.Debug|Any CPU.ActiveCfg = Debug|Any CPU
		{EE8C972B-9A60-4AC5-9792-ACF952EDF104}.Debug|Any CPU.Build.0 = Debug|Any CPU
		{EE8C972B-9A60-4AC5-9792-ACF952EDF104}.Release|Any CPU.ActiveCfg = Release|Any CPU
		{EE8C972B-9A60-4AC5-9792-ACF952EDF104}.Release|Any CPU.Build.0 = Release|Any CPU
		{553B501A-84DE-4211-A015-E6F02D175E39}.Debug|Any CPU.ActiveCfg = Debug|Any CPU
		{553B501A-84DE-4211-A015-E6F02D175E39}.Debug|Any CPU.Build.0 = Debug|Any CPU
		{553B501A-84DE-4211-A015-E6F02D175E39}.Release|Any CPU.ActiveCfg = Release|Any CPU
		{553B501A-84DE-4211-A015-E6F02D175E39}.Release|Any CPU.Build.0 = Release|Any CPU
		{77A58886-B7F9-4F5E-8088-57DB54799C43}.Debug|Any CPU.ActiveCfg = Debug|Any CPU
		{77A58886-B7F9-4F5E-8088-57DB54799C43}.Debug|Any CPU.Build.0 = Debug|Any CPU
		{77A58886-B7F9-4F5E-8088-57DB54799C43}.Release|Any CPU.ActiveCfg = Release|Any CPU
		{77A58886-B7F9-4F5E-8088-57DB54799C43}.Release|Any CPU.Build.0 = Release|Any CPU
		{A719BAEF-F3F3-4BA6-8C09-6F4CCBC04193}.Debug|Any CPU.ActiveCfg = Debug|Any CPU
		{A719BAEF-F3F3-4BA6-8C09-6F4CCBC04193}.Debug|Any CPU.Build.0 = Debug|Any CPU
		{A719BAEF-F3F3-4BA6-8C09-6F4CCBC04193}.Release|Any CPU.ActiveCfg = Release|Any CPU
		{A719BAEF-F3F3-4BA6-8C09-6F4CCBC04193}.Release|Any CPU.Build.0 = Release|Any CPU
		{EF2F9DBD-2435-4379-9024-5531F587539C}.Debug|Any CPU.ActiveCfg = Debug|Any CPU
		{EF2F9DBD-2435-4379-9024-5531F587539C}.Debug|Any CPU.Build.0 = Debug|Any CPU
		{EF2F9DBD-2435-4379-9024-5531F587539C}.Release|Any CPU.ActiveCfg = Release|Any CPU
		{EF2F9DBD-2435-4379-9024-5531F587539C}.Release|Any CPU.Build.0 = Release|Any CPU
		{D5932518-4099-4749-9BE5-CBBD5B4E14D6}.Debug|Any CPU.ActiveCfg = Debug|Any CPU
		{D5932518-4099-4749-9BE5-CBBD5B4E14D6}.Debug|Any CPU.Build.0 = Debug|Any CPU
		{D5932518-4099-4749-9BE5-CBBD5B4E14D6}.Release|Any CPU.ActiveCfg = Release|Any CPU
		{D5932518-4099-4749-9BE5-CBBD5B4E14D6}.Release|Any CPU.Build.0 = Release|Any CPU
		{71FFB837-A28C-4F6E-8928-05217E1CA303}.Debug|Any CPU.ActiveCfg = Debug|Any CPU
		{71FFB837-A28C-4F6E-8928-05217E1CA303}.Debug|Any CPU.Build.0 = Debug|Any CPU
		{71FFB837-A28C-4F6E-8928-05217E1CA303}.Release|Any CPU.ActiveCfg = Release|Any CPU
		{71FFB837-A28C-4F6E-8928-05217E1CA303}.Release|Any CPU.Build.0 = Release|Any CPU
		{4956D7EE-0D76-42F9-A5B7-6C292204BD0C}.Debug|Any CPU.ActiveCfg = Debug|Any CPU
		{4956D7EE-0D76-42F9-A5B7-6C292204BD0C}.Debug|Any CPU.Build.0 = Debug|Any CPU
		{4956D7EE-0D76-42F9-A5B7-6C292204BD0C}.Release|Any CPU.ActiveCfg = Release|Any CPU
		{4956D7EE-0D76-42F9-A5B7-6C292204BD0C}.Release|Any CPU.Build.0 = Release|Any CPU
	EndGlobalSection
	GlobalSection(SolutionProperties) = preSolution
		HideSolutionNode = FALSE
	EndGlobalSection
	GlobalSection(NestedProjects) = preSolution
		{BBE30B23-D95E-4DDD-A38F-F1966D93DAB4} = {658C19AA-3C4B-4420-B432-65638F83EE57}
		{EE8C972B-9A60-4AC5-9792-ACF952EDF104} = {AE05D666-5600-4C5A-A903-038C94787EB4}
		{553B501A-84DE-4211-A015-E6F02D175E39} = {AE05D666-5600-4C5A-A903-038C94787EB4}
		{77A58886-B7F9-4F5E-8088-57DB54799C43} = {AE05D666-5600-4C5A-A903-038C94787EB4}
		{A719BAEF-F3F3-4BA6-8C09-6F4CCBC04193} = {AE05D666-5600-4C5A-A903-038C94787EB4}
		{EF2F9DBD-2435-4379-9024-5531F587539C} = {AE05D666-5600-4C5A-A903-038C94787EB4}
		{D5932518-4099-4749-9BE5-CBBD5B4E14D6} = {AE05D666-5600-4C5A-A903-038C94787EB4}
		{71FFB837-A28C-4F6E-8928-05217E1CA303} = {AE05D666-5600-4C5A-A903-038C94787EB4}
	EndGlobalSection
	GlobalSection(ExtensibilityGlobals) = postSolution
		SolutionGuid = {9B102BFD-CA61-4D89-A274-368CA1DF0437}
	EndGlobalSection
EndGlobal
