
Microsoft Visual Studio Solution File, Format Version 12.00
# Visual Studio Version 18
VisualStudioVersion = 18.3.11505.172
MinimumVisualStudioVersion = 10.0.40219.1
Project("{9A19103F-16F7-4668-BE54-9A1E7A4F7556}") = "Konfidence.BaseClasses", "Konfidence.BaseClasses\Konfidence.BaseClasses.csproj", "{E13A1158-20B9-4C50-A63E-A2F4296C752E}"
EndProject
Project("{2150E333-8FDC-42A3-9474-1A3956D46DE8}") = "Solution Items", "Solution Items", "{98EF0879-A9EF-450A-BB97-BAEB47F12BDF}"
	ProjectSection(SolutionItems) = preProject
		.EditorConfig = .EditorConfig
		.gitattribute = .gitattribute
		.gitignore = .gitignore
		Konfidence.BaseClasses.Readme.md = Konfidence.BaseClasses.Readme.md
		LICENSE.txt = LICENSE.txt
		README.md = README.md
	EndProjectSection
EndProject
Project("{9A19103F-16F7-4668-BE54-9A1E7A4F7556}") = "Konfidence.BaseDatabaseClasses", "Konfidence.BaseDataBaseClasses\Konfidence.BaseDatabaseClasses.csproj", "{3C54A77F-ABD5-4BB0-80E4-6417008E189A}"
EndProject
Project("{9A19103F-16F7-4668-BE54-9A1E7A4F7556}") = "Konfidence.DatabaseInterface", "Konfidence.DataBaseInterface\Konfidence.DatabaseInterface.csproj", "{41925B8B-5083-4FE5-A4FD-82F0174DE19E}"
EndProject
Project("{9A19103F-16F7-4668-BE54-9A1E7A4F7556}") = "Konfidence.SqlHostProvider", "Konfidence.SqlHostProvider\Konfidence.SqlHostProvider.csproj", "{67C4EDC3-5E7A-4C2A-9F82-329A7AAF3254}"
EndProject
Project("{9A19103F-16F7-4668-BE54-9A1E7A4F7556}") = "Konfidence.Security", "Konfidence.Security\Konfidence.Security.csproj", "{20287813-52A4-4043-ABC8-3013F4701774}"
EndProject
Project("{9A19103F-16F7-4668-BE54-9A1E7A4F7556}") = "Konfidence.SqlDataAccess", "Konfidence.SqlDataAccess\Konfidence.SqlDataAccess.csproj", "{BDF47A0E-6D30-4A14-8A2D-2B17ADA9EC00}"
EndProject
Project("{2150E333-8FDC-42A3-9474-1A3956D46DE8}") = ".Tests", ".Tests", "{AE05D666-5600-4C5A-A903-038C94787EB4}"
EndProject
Project("{9A19103F-16F7-4668-BE54-9A1E7A4F7556}") = "Konfidence.BaseThreadClasses", "Konfidence.BaseThreadClasses\Konfidence.BaseThreadClasses.csproj", "{C2231079-3640-4C1B-868E-37FCA3591E96}"
EndProject
Project("{9A19103F-16F7-4668-BE54-9A1E7A4F7556}") = "Konfidence.UtilHelper", "Konfidence.UtilHelper\Konfidence.UtilHelper.csproj", "{95E6C8C5-C551-4E40-99AE-D08C3379810A}"
EndProject
Project("{9A19103F-16F7-4668-BE54-9A1E7A4F7556}") = "Konfidence.Mail", "Konfidence.Mail\Konfidence.Mail.csproj", "{7253F59F-834C-4A49-B93D-AC2DF2536E36}"
EndProject
Project("{9A19103F-16F7-4668-BE54-9A1E7A4F7556}") = "Konfidence.BaseRest.Client", "Konfidence.BaseRest.Client\Konfidence.BaseRest.Client.csproj", "{ED7FFF5E-56BF-4B71-A1C7-C66202CFDD4C}"
EndProject
Project("{9A19103F-16F7-4668-BE54-9A1E7A4F7556}") = "ClientSettingsUpdater", "Tools\ClientSettingsUpdater\ClientSettingsUpdater.csproj", "{BBE30B23-D95E-4DDD-A38F-F1966D93DAB4}"
EndProject
Project("{2150E333-8FDC-42A3-9474-1A3956D46DE8}") = ".Tools", ".Tools", "{658C19AA-3C4B-4420-B432-65638F83EE57}"
EndProject
Project("{9A19103F-16F7-4668-BE54-9A1E7A4F7556}") = "TestByHandApp", "Test\TestByHandApp\TestByHandApp.csproj", "{EE8C972B-9A60-4AC5-9792-ACF952EDF104}"
EndProject
Project("{9A19103F-16F7-4668-BE54-9A1E7A4F7556}") = "Konfidence.TestClasses.IntegrationTest", "Test\Konfidence.TestClasses.IntegrationTest\Konfidence.TestClasses.IntegrationTest.csproj", "{77A58886-B7F9-4F5E-8088-57DB54799C43}"
EndProject
Project("{9A19103F-16F7-4668-BE54-9A1E7A4F7556}") = "Konfidence.SqlHostProvider.IntegrationTest", "Test\Konfidence.SqlHostProvider.IntegrationTest\Konfidence.SqlHostProvider.IntegrationTest.csproj", "{88040F5B-17B6-496B-B042-DC6C5DCD24A4}"
EndProject
Project("{9A19103F-16F7-4668-BE54-9A1E7A4F7556}") = "Konfidence.SqlDataAccess.UnitTest", "Test\Konfidence.SqlDataAccess.UnitTest\Konfidence.SqlDataAccess.UnitTest.csproj", "{0837A45E-0B70-4A81-9602-CF023A56C8F7}"
EndProject
Project("{9A19103F-16F7-4668-BE54-9A1E7A4F7556}") = "Konfidence.Security.UnitTest", "Test\Konfidence.Security.UnitTest\Konfidence.Security.UnitTest.csproj", "{EF2F9DBD-2435-4379-9024-5531F587539C}"
EndProject
Project("{9A19103F-16F7-4668-BE54-9A1E7A4F7556}") = "Konfidence.BaseDatabaseClasses.UnitTest", "Test\Konfidence.BaseDatabaseClasses.UnitTest\Konfidence.BaseDatabaseClasses.UnitTest.csproj", "{D5932518-4099-4749-9BE5-CBBD5B4E14D6}"
EndProject
Project("{9A19103F-16F7-4668-BE54-9A1E7A4F7556}") = "Konfidence.BaseDatabaseClasses.IntegrationTest", "Test\Konfidence.BaseDatabaseClasses.IntegrationTest\Konfidence.BaseDatabaseClasses.IntegrationTest.csproj", "{71FFB837-A28C-4F6E-8928-05217E1CA303}"
EndProject
Project("{2150E333-8FDC-42A3-9474-1A3956D46DE8}") = ".nuget", ".nuget", "{2CC07503-FF58-43E0-BCEB-69F7E4D28E3E}"
	ProjectSection(SolutionItems) = preProject
		.nuget\NuGet.Config = .nuget\NuGet.Config
	EndProjectSection
EndProject
Project("{9A19103F-16F7-4668-BE54-9A1E7A4F7556}") = "ClientSettingsUpdater.UnitTest", "ClientSettingsUpdater.UnitTest\ClientSettingsUpdater.UnitTest.csproj", "{62020D65-5793-46FA-A45D-69CFBEF8F5BF}"
EndProject
Project("{9A19103F-16F7-4668-BE54-9A1E7A4F7556}") = "Konfidence.TestTools", "Tools\Konfidence.TestTools\Konfidence.TestTools.csproj", "{53752CB0-A328-4026-885E-3E6987B683DF}"
EndProject
Project("{9A19103F-16F7-4668-BE54-9A1E7A4F7556}") = "Konfidence.Integration.TestClasses", "Test\Konfidence.Integration.TestClasses\Konfidence.Integration.TestClasses.csproj", "{436E7954-4A38-4A22-9323-385FF227AF4F}"
EndProject
Project("{9A19103F-16F7-4668-BE54-9A1E7A4F7556}") = "Konfidence.BaseClasses.UnitTest", "Test\Konfidence.BaseClasses.UnitTest\Konfidence.BaseClasses.UnitTest.csproj", "{7E57E6BD-6F4A-492A-BE88-4B86A4A46A2E}"
EndProject
Project("{2150E333-8FDC-42A3-9474-1A3956D46DE8}") = ".build", ".build", "{7DD83A46-7588-4BC5-B0ED-C1FFCCDBC764}"
	ProjectSection(SolutionItems) = preProject
		ClassModelGenerator.config.json = ClassModelGenerator.config.json
		Directory.Build.props = Directory.Build.props
		..\SqlClientSettings.json = ..\SqlClientSettings.json
	EndProjectSection
EndProject
Project("{FAE04EC0-301F-11D3-BF4B-00C04F79EFBC}") = "Konfidence.BaseThreadClasses.UnitTest", "Test\Konfidence.BaseThreadClasses.UnitTest\Konfidence.BaseThreadClasses.UnitTest.csproj", "{C2D90E8A-3F5E-4EF3-8C03-96D24797DC9A}"
EndProject
Project("{FAE04EC0-301F-11D3-BF4B-00C04F79EFBC}") = "Konfidence.UtilHelper.UnitTest", "Test\Konfidence.UtilHelper.UnitTest\Konfidence.UtilHelper.UnitTest.csproj", "{7EF1A41F-5E3A-46AD-BD13-4E14988A0E83}"
EndProject
Project("{FAE04EC0-301F-11D3-BF4B-00C04F79EFBC}") = "Konfidence.Mail.UnitTest", "Test\Konfidence.Mail.UnitTest\Konfidence.Mail.UnitTest.csproj", "{45E66163-1E99-41B6-BB8C-33FF3F0A8CAB}"
EndProject
Project("{FAE04EC0-301F-11D3-BF4B-00C04F79EFBC}") = "Konfidence.BaseRest.Client.UnitTest", "Test\Konfidence.BaseRest.Client.UnitTest\Konfidence.BaseRest.Client.UnitTest.csproj", "{BA0E2E03-AA28-47FE-9C80-93EC9C61B076}"
EndProject
Project("{FAE04EC0-301F-11D3-BF4B-00C04F79EFBC}") = "Konfidence.SqlHostProvider.LocalDb.UnitTest", "Test\Konfidence.SqlHostProvider.LocalDb.UnitTest\Konfidence.SqlHostProvider.LocalDb.UnitTest.csproj", "{ED2900D1-33C5-42A9-84CE-FA23A1336C79}"
EndProject
Project("{FAE04EC0-301F-11D3-BF4B-00C04F79EFBC}") = "Konfidence.BaseDatabaseClasses.LocalDb.UnitTest", "Test\Konfidence.BaseDatabaseClasses.LocalDb.UnitTest\Konfidence.BaseDatabaseClasses.LocalDb.UnitTest.csproj", "{11F66C61-58EF-4B29-AB6B-2B15452BF47C}"
EndProject
Project("{FAE04EC0-301F-11D3-BF4B-00C04F79EFBC}") = "Konfidence.TestClasses.LocalDb.UnitTest", "Test\Konfidence.TestClasses.LocalDb.UnitTest\Konfidence.TestClasses.LocalDb.UnitTest.csproj", "{FAA689DF-D639-4862-BCBD-D2F32F55FE86}"
EndProject
Project("{FAE04EC0-301F-11D3-BF4B-00C04F79EFBC}") = "Konfidence.SqlHostProvider.UnitTest", "Test\Konfidence.SqlHostProvider.UnitTest\Konfidence.SqlHostProvider.UnitTest.csproj", "{DBDAFC1A-6A5B-454E-8915-AFC164D469CB}"
EndProject
Global
	GlobalSection(SolutionConfigurationPlatforms) = preSolution
		Debug|Any CPU = Debug|Any CPU
		Debug|x64 = Debug|x64
		Debug|x86 = Debug|x86
		Release|Any CPU = Release|Any CPU
		Release|x64 = Release|x64
		Release|x86 = Release|x86
	EndGlobalSection
	GlobalSection(ProjectConfigurationPlatforms) = postSolution
		{E13A1158-20B9-4C50-A63E-A2F4296C752E}.Debug|Any CPU.ActiveCfg = Debug|Any CPU
		{E13A1158-20B9-4C50-A63E-A2F4296C752E}.Debug|Any CPU.Build.0 = Debug|Any CPU
		{E13A1158-20B9-4C50-A63E-A2F4296C752E}.Debug|x64.ActiveCfg = Debug|Any CPU
		{E13A1158-20B9-4C50-A63E-A2F4296C752E}.Debug|x64.Build.0 = Debug|Any CPU
		{E13A1158-20B9-4C50-A63E-A2F4296C752E}.Debug|x86.ActiveCfg = Debug|Any CPU
		{E13A1158-20B9-4C50-A63E-A2F4296C752E}.Debug|x86.Build.0 = Debug|Any CPU
		{E13A1158-20B9-4C50-A63E-A2F4296C752E}.Release|Any CPU.ActiveCfg = Release|Any CPU
		{E13A1158-20B9-4C50-A63E-A2F4296C752E}.Release|Any CPU.Build.0 = Release|Any CPU
		{E13A1158-20B9-4C50-A63E-A2F4296C752E}.Release|x64.ActiveCfg = Release|Any CPU
		{E13A1158-20B9-4C50-A63E-A2F4296C752E}.Release|x64.Build.0 = Release|Any CPU
		{E13A1158-20B9-4C50-A63E-A2F4296C752E}.Release|x86.ActiveCfg = Release|Any CPU
		{E13A1158-20B9-4C50-A63E-A2F4296C752E}.Release|x86.Build.0 = Release|Any CPU
		{3C54A77F-ABD5-4BB0-80E4-6417008E189A}.Debug|Any CPU.ActiveCfg = Debug|Any CPU
		{3C54A77F-ABD5-4BB0-80E4-6417008E189A}.Debug|Any CPU.Build.0 = Debug|Any CPU
		{3C54A77F-ABD5-4BB0-80E4-6417008E189A}.Debug|x64.ActiveCfg = Debug|Any CPU
		{3C54A77F-ABD5-4BB0-80E4-6417008E189A}.Debug|x64.Build.0 = Debug|Any CPU
		{3C54A77F-ABD5-4BB0-80E4-6417008E189A}.Debug|x86.ActiveCfg = Debug|Any CPU
		{3C54A77F-ABD5-4BB0-80E4-6417008E189A}.Debug|x86.Build.0 = Debug|Any CPU
		{3C54A77F-ABD5-4BB0-80E4-6417008E189A}.Release|Any CPU.ActiveCfg = Release|Any CPU
		{3C54A77F-ABD5-4BB0-80E4-6417008E189A}.Release|Any CPU.Build.0 = Release|Any CPU
		{3C54A77F-ABD5-4BB0-80E4-6417008E189A}.Release|x64.ActiveCfg = Release|Any CPU
		{3C54A77F-ABD5-4BB0-80E4-6417008E189A}.Release|x64.Build.0 = Release|Any CPU
		{3C54A77F-ABD5-4BB0-80E4-6417008E189A}.Release|x86.ActiveCfg = Release|Any CPU
		{3C54A77F-ABD5-4BB0-80E4-6417008E189A}.Release|x86.Build.0 = Release|Any CPU
		{41925B8B-5083-4FE5-A4FD-82F0174DE19E}.Debug|Any CPU.ActiveCfg = Debug|Any CPU
		{41925B8B-5083-4FE5-A4FD-82F0174DE19E}.Debug|Any CPU.Build.0 = Debug|Any CPU
		{41925B8B-5083-4FE5-A4FD-82F0174DE19E}.Debug|x64.ActiveCfg = Debug|Any CPU
		{41925B8B-5083-4FE5-A4FD-82F0174DE19E}.Debug|x64.Build.0 = Debug|Any CPU
		{41925B8B-5083-4FE5-A4FD-82F0174DE19E}.Debug|x86.ActiveCfg = Debug|Any CPU
		{41925B8B-5083-4FE5-A4FD-82F0174DE19E}.Debug|x86.Build.0 = Debug|Any CPU
		{41925B8B-5083-4FE5-A4FD-82F0174DE19E}.Release|Any CPU.ActiveCfg = Release|Any CPU
		{41925B8B-5083-4FE5-A4FD-82F0174DE19E}.Release|Any CPU.Build.0 = Release|Any CPU
		{41925B8B-5083-4FE5-A4FD-82F0174DE19E}.Release|x64.ActiveCfg = Release|Any CPU
		{41925B8B-5083-4FE5-A4FD-82F0174DE19E}.Release|x64.Build.0 = Release|Any CPU
		{41925B8B-5083-4FE5-A4FD-82F0174DE19E}.Release|x86.ActiveCfg = Release|Any CPU
		{41925B8B-5083-4FE5-A4FD-82F0174DE19E}.Release|x86.Build.0 = Release|Any CPU
		{67C4EDC3-5E7A-4C2A-9F82-329A7AAF3254}.Debug|Any CPU.ActiveCfg = Debug|Any CPU
		{67C4EDC3-5E7A-4C2A-9F82-329A7AAF3254}.Debug|Any CPU.Build.0 = Debug|Any CPU
		{67C4EDC3-5E7A-4C2A-9F82-329A7AAF3254}.Debug|x64.ActiveCfg = Debug|Any CPU
		{67C4EDC3-5E7A-4C2A-9F82-329A7AAF3254}.Debug|x64.Build.0 = Debug|Any CPU
		{67C4EDC3-5E7A-4C2A-9F82-329A7AAF3254}.Debug|x86.ActiveCfg = Debug|Any CPU
		{67C4EDC3-5E7A-4C2A-9F82-329A7AAF3254}.Debug|x86.Build.0 = Debug|Any CPU
		{67C4EDC3-5E7A-4C2A-9F82-329A7AAF3254}.Release|Any CPU.ActiveCfg = Release|Any CPU
		{67C4EDC3-5E7A-4C2A-9F82-329A7AAF3254}.Release|Any CPU.Build.0 = Release|Any CPU
		{67C4EDC3-5E7A-4C2A-9F82-329A7AAF3254}.Release|x64.ActiveCfg = Release|Any CPU
		{67C4EDC3-5E7A-4C2A-9F82-329A7AAF3254}.Release|x64.Build.0 = Release|Any CPU
		{67C4EDC3-5E7A-4C2A-9F82-329A7AAF3254}.Release|x86.ActiveCfg = Release|Any CPU
		{67C4EDC3-5E7A-4C2A-9F82-329A7AAF3254}.Release|x86.Build.0 = Release|Any CPU
		{20287813-52A4-4043-ABC8-3013F4701774}.Debug|Any CPU.ActiveCfg = Debug|Any CPU
		{20287813-52A4-4043-ABC8-3013F4701774}.Debug|Any CPU.Build.0 = Debug|Any CPU
		{20287813-52A4-4043-ABC8-3013F4701774}.Debug|x64.ActiveCfg = Debug|Any CPU
		{20287813-52A4-4043-ABC8-3013F4701774}.Debug|x64.Build.0 = Debug|Any CPU
		{20287813-52A4-4043-ABC8-3013F4701774}.Debug|x86.ActiveCfg = Debug|Any CPU
		{20287813-52A4-4043-ABC8-3013F4701774}.Debug|x86.Build.0 = Debug|Any CPU
		{20287813-52A4-4043-ABC8-3013F4701774}.Release|Any CPU.ActiveCfg = Release|Any CPU
		{20287813-52A4-4043-ABC8-3013F4701774}.Release|Any CPU.Build.0 = Release|Any CPU
		{20287813-52A4-4043-ABC8-3013F4701774}.Release|x64.ActiveCfg = Release|Any CPU
		{20287813-52A4-4043-ABC8-3013F4701774}.Release|x64.Build.0 = Release|Any CPU
		{20287813-52A4-4043-ABC8-3013F4701774}.Release|x86.ActiveCfg = Release|Any CPU
		{20287813-52A4-4043-ABC8-3013F4701774}.Release|x86.Build.0 = Release|Any CPU
		{BDF47A0E-6D30-4A14-8A2D-2B17ADA9EC00}.Debug|Any CPU.ActiveCfg = Debug|Any CPU
		{BDF47A0E-6D30-4A14-8A2D-2B17ADA9EC00}.Debug|Any CPU.Build.0 = Debug|Any CPU
		{BDF47A0E-6D30-4A14-8A2D-2B17ADA9EC00}.Debug|x64.ActiveCfg = Debug|Any CPU
		{BDF47A0E-6D30-4A14-8A2D-2B17ADA9EC00}.Debug|x64.Build.0 = Debug|Any CPU
		{BDF47A0E-6D30-4A14-8A2D-2B17ADA9EC00}.Debug|x86.ActiveCfg = Debug|Any CPU
		{BDF47A0E-6D30-4A14-8A2D-2B17ADA9EC00}.Debug|x86.Build.0 = Debug|Any CPU
		{BDF47A0E-6D30-4A14-8A2D-2B17ADA9EC00}.Release|Any CPU.ActiveCfg = Release|Any CPU
		{BDF47A0E-6D30-4A14-8A2D-2B17ADA9EC00}.Release|Any CPU.Build.0 = Release|Any CPU
		{BDF47A0E-6D30-4A14-8A2D-2B17ADA9EC00}.Release|x64.ActiveCfg = Release|Any CPU
		{BDF47A0E-6D30-4A14-8A2D-2B17ADA9EC00}.Release|x64.Build.0 = Release|Any CPU
		{BDF47A0E-6D30-4A14-8A2D-2B17ADA9EC00}.Release|x86.ActiveCfg = Release|Any CPU
		{BDF47A0E-6D30-4A14-8A2D-2B17ADA9EC00}.Release|x86.Build.0 = Release|Any CPU
		{C2231079-3640-4C1B-868E-37FCA3591E96}.Debug|Any CPU.ActiveCfg = Debug|Any CPU
		{C2231079-3640-4C1B-868E-37FCA3591E96}.Debug|Any CPU.Build.0 = Debug|Any CPU
		{C2231079-3640-4C1B-868E-37FCA3591E96}.Debug|x64.ActiveCfg = Debug|Any CPU
		{C2231079-3640-4C1B-868E-37FCA3591E96}.Debug|x64.Build.0 = Debug|Any CPU
		{C2231079-3640-4C1B-868E-37FCA3591E96}.Debug|x86.ActiveCfg = Debug|Any CPU
		{C2231079-3640-4C1B-868E-37FCA3591E96}.Debug|x86.Build.0 = Debug|Any CPU
		{C2231079-3640-4C1B-868E-37FCA3591E96}.Release|Any CPU.ActiveCfg = Release|Any CPU
		{C2231079-3640-4C1B-868E-37FCA3591E96}.Release|Any CPU.Build.0 = Release|Any CPU
		{C2231079-3640-4C1B-868E-37FCA3591E96}.Release|x64.ActiveCfg = Release|Any CPU
		{C2231079-3640-4C1B-868E-37FCA3591E96}.Release|x64.Build.0 = Release|Any CPU
		{C2231079-3640-4C1B-868E-37FCA3591E96}.Release|x86.ActiveCfg = Release|Any CPU
		{C2231079-3640-4C1B-868E-37FCA3591E96}.Release|x86.Build.0 = Release|Any CPU
		{95E6C8C5-C551-4E40-99AE-D08C3379810A}.Debug|Any CPU.ActiveCfg = Debug|Any CPU
		{95E6C8C5-C551-4E40-99AE-D08C3379810A}.Debug|Any CPU.Build.0 = Debug|Any CPU
		{95E6C8C5-C551-4E40-99AE-D08C3379810A}.Debug|x64.ActiveCfg = Debug|Any CPU
		{95E6C8C5-C551-4E40-99AE-D08C3379810A}.Debug|x64.Build.0 = Debug|Any CPU
		{95E6C8C5-C551-4E40-99AE-D08C3379810A}.Debug|x86.ActiveCfg = Debug|Any CPU
		{95E6C8C5-C551-4E40-99AE-D08C3379810A}.Debug|x86.Build.0 = Debug|Any CPU
		{95E6C8C5-C551-4E40-99AE-D08C3379810A}.Release|Any CPU.ActiveCfg = Release|Any CPU
		{95E6C8C5-C551-4E40-99AE-D08C3379810A}.Release|Any CPU.Build.0 = Release|Any CPU
		{95E6C8C5-C551-4E40-99AE-D08C3379810A}.Release|x64.ActiveCfg = Release|Any CPU
		{95E6C8C5-C551-4E40-99AE-D08C3379810A}.Release|x64.Build.0 = Release|Any CPU
		{95E6C8C5-C551-4E40-99AE-D08C3379810A}.Release|x86.ActiveCfg = Release|Any CPU
		{95E6C8C5-C551-4E40-99AE-D08C3379810A}.Release|x86.Build.0 = Release|Any CPU
		{7253F59F-834C-4A49-B93D-AC2DF2536E36}.Debug|Any CPU.ActiveCfg = Debug|Any CPU
		{7253F59F-834C-4A49-B93D-AC2DF2536E36}.Debug|Any CPU.Build.0 = Debug|Any CPU
		{7253F59F-834C-4A49-B93D-AC2DF2536E36}.Debug|x64.ActiveCfg = Debug|Any CPU
		{7253F59F-834C-4A49-B93D-AC2DF2536E36}.Debug|x64.Build.0 = Debug|Any CPU
		{7253F59F-834C-4A49-B93D-AC2DF2536E36}.Debug|x86.ActiveCfg = Debug|Any CPU
		{7253F59F-834C-4A49-B93D-AC2DF2536E36}.Debug|x86.Build.0 = Debug|Any CPU
		{7253F59F-834C-4A49-B93D-AC2DF2536E36}.Release|Any CPU.ActiveCfg = Release|Any CPU
		{7253F59F-834C-4A49-B93D-AC2DF2536E36}.Release|Any CPU.Build.0 = Release|Any CPU
		{7253F59F-834C-4A49-B93D-AC2DF2536E36}.Release|x64.ActiveCfg = Release|Any CPU
		{7253F59F-834C-4A49-B93D-AC2DF2536E36}.Release|x64.Build.0 = Release|Any CPU
		{7253F59F-834C-4A49-B93D-AC2DF2536E36}.Release|x86.ActiveCfg = Release|Any CPU
		{7253F59F-834C-4A49-B93D-AC2DF2536E36}.Release|x86.Build.0 = Release|Any CPU
		{ED7FFF5E-56BF-4B71-A1C7-C66202CFDD4C}.Debug|Any CPU.ActiveCfg = Debug|Any CPU
		{ED7FFF5E-56BF-4B71-A1C7-C66202CFDD4C}.Debug|Any CPU.Build.0 = Debug|Any CPU
		{ED7FFF5E-56BF-4B71-A1C7-C66202CFDD4C}.Debug|x64.ActiveCfg = Debug|Any CPU
		{ED7FFF5E-56BF-4B71-A1C7-C66202CFDD4C}.Debug|x64.Build.0 = Debug|Any CPU
		{ED7FFF5E-56BF-4B71-A1C7-C66202CFDD4C}.Debug|x86.ActiveCfg = Debug|Any CPU
		{ED7FFF5E-56BF-4B71-A1C7-C66202CFDD4C}.Debug|x86.Build.0 = Debug|Any CPU
		{ED7FFF5E-56BF-4B71-A1C7-C66202CFDD4C}.Release|Any CPU.ActiveCfg = Release|Any CPU
		{ED7FFF5E-56BF-4B71-A1C7-C66202CFDD4C}.Release|Any CPU.Build.0 = Release|Any CPU
		{ED7FFF5E-56BF-4B71-A1C7-C66202CFDD4C}.Release|x64.ActiveCfg = Release|Any CPU
		{ED7FFF5E-56BF-4B71-A1C7-C66202CFDD4C}.Release|x64.Build.0 = Release|Any CPU
		{ED7FFF5E-56BF-4B71-A1C7-C66202CFDD4C}.Release|x86.ActiveCfg = Release|Any CPU
		{ED7FFF5E-56BF-4B71-A1C7-C66202CFDD4C}.Release|x86.Build.0 = Release|Any CPU
		{BBE30B23-D95E-4DDD-A38F-F1966D93DAB4}.Debug|Any CPU.ActiveCfg = Debug|Any CPU
		{BBE30B23-D95E-4DDD-A38F-F1966D93DAB4}.Debug|Any CPU.Build.0 = Debug|Any CPU
		{BBE30B23-D95E-4DDD-A38F-F1966D93DAB4}.Debug|x64.ActiveCfg = Debug|Any CPU
		{BBE30B23-D95E-4DDD-A38F-F1966D93DAB4}.Debug|x64.Build.0 = Debug|Any CPU
		{BBE30B23-D95E-4DDD-A38F-F1966D93DAB4}.Debug|x86.ActiveCfg = Debug|Any CPU
		{BBE30B23-D95E-4DDD-A38F-F1966D93DAB4}.Debug|x86.Build.0 = Debug|Any CPU
		{BBE30B23-D95E-4DDD-A38F-F1966D93DAB4}.Release|Any CPU.ActiveCfg = Release|Any CPU
		{BBE30B23-D95E-4DDD-A38F-F1966D93DAB4}.Release|Any CPU.Build.0 = Release|Any CPU
		{BBE30B23-D95E-4DDD-A38F-F1966D93DAB4}.Release|x64.ActiveCfg = Release|Any CPU
		{BBE30B23-D95E-4DDD-A38F-F1966D93DAB4}.Release|x64.Build.0 = Release|Any CPU
		{BBE30B23-D95E-4DDD-A38F-F1966D93DAB4}.Release|x86.ActiveCfg = Release|Any CPU
		{BBE30B23-D95E-4DDD-A38F-F1966D93DAB4}.Release|x86.Build.0 = Release|Any CPU
		{EE8C972B-9A60-4AC5-9792-ACF952EDF104}.Debug|Any CPU.ActiveCfg = Debug|Any CPU
		{EE8C972B-9A60-4AC5-9792-ACF952EDF104}.Debug|Any CPU.Build.0 = Debug|Any CPU
		{EE8C972B-9A60-4AC5-9792-ACF952EDF104}.Debug|x64.ActiveCfg = Debug|Any CPU
		{EE8C972B-9A60-4AC5-9792-ACF952EDF104}.Debug|x64.Build.0 = Debug|Any CPU
		{EE8C972B-9A60-4AC5-9792-ACF952EDF104}.Debug|x86.ActiveCfg = Debug|Any CPU
		{EE8C972B-9A60-4AC5-9792-ACF952EDF104}.Debug|x86.Build.0 = Debug|Any CPU
		{EE8C972B-9A60-4AC5-9792-ACF952EDF104}.Release|Any CPU.ActiveCfg = Release|Any CPU
		{EE8C972B-9A60-4AC5-9792-ACF952EDF104}.Release|Any CPU.Build.0 = Release|Any CPU
		{EE8C972B-9A60-4AC5-9792-ACF952EDF104}.Release|x64.ActiveCfg = Release|Any CPU
		{EE8C972B-9A60-4AC5-9792-ACF952EDF104}.Release|x64.Build.0 = Release|Any CPU
		{EE8C972B-9A60-4AC5-9792-ACF952EDF104}.Release|x86.ActiveCfg = Release|Any CPU
		{EE8C972B-9A60-4AC5-9792-ACF952EDF104}.Release|x86.Build.0 = Release|Any CPU
		{77A58886-B7F9-4F5E-8088-57DB54799C43}.Debug|Any CPU.ActiveCfg = Debug|Any CPU
		{77A58886-B7F9-4F5E-8088-57DB54799C43}.Debug|Any CPU.Build.0 = Debug|Any CPU
		{77A58886-B7F9-4F5E-8088-57DB54799C43}.Debug|x64.ActiveCfg = Debug|Any CPU
		{77A58886-B7F9-4F5E-8088-57DB54799C43}.Debug|x64.Build.0 = Debug|Any CPU
		{77A58886-B7F9-4F5E-8088-57DB54799C43}.Debug|x86.ActiveCfg = Debug|Any CPU
		{77A58886-B7F9-4F5E-8088-57DB54799C43}.Debug|x86.Build.0 = Debug|Any CPU
		{77A58886-B7F9-4F5E-8088-57DB54799C43}.Release|Any CPU.ActiveCfg = Release|Any CPU
		{77A58886-B7F9-4F5E-8088-57DB54799C43}.Release|Any CPU.Build.0 = Release|Any CPU
		{77A58886-B7F9-4F5E-8088-57DB54799C43}.Release|x64.ActiveCfg = Release|Any CPU
		{77A58886-B7F9-4F5E-8088-57DB54799C43}.Release|x64.Build.0 = Release|Any CPU
		{77A58886-B7F9-4F5E-8088-57DB54799C43}.Release|x86.ActiveCfg = Release|Any CPU
		{77A58886-B7F9-4F5E-8088-57DB54799C43}.Release|x86.Build.0 = Release|Any CPU
		{88040F5B-17B6-496B-B042-DC6C5DCD24A4}.Debug|Any CPU.ActiveCfg = Debug|Any CPU
		{88040F5B-17B6-496B-B042-DC6C5DCD24A4}.Debug|Any CPU.Build.0 = Debug|Any CPU
		{88040F5B-17B6-496B-B042-DC6C5DCD24A4}.Debug|x64.ActiveCfg = Debug|Any CPU
		{88040F5B-17B6-496B-B042-DC6C5DCD24A4}.Debug|x64.Build.0 = Debug|Any CPU
		{88040F5B-17B6-496B-B042-DC6C5DCD24A4}.Debug|x86.ActiveCfg = Debug|Any CPU
		{88040F5B-17B6-496B-B042-DC6C5DCD24A4}.Debug|x86.Build.0 = Debug|Any CPU
		{88040F5B-17B6-496B-B042-DC6C5DCD24A4}.Release|Any CPU.ActiveCfg = Release|Any CPU
		{88040F5B-17B6-496B-B042-DC6C5DCD24A4}.Release|Any CPU.Build.0 = Release|Any CPU
		{88040F5B-17B6-496B-B042-DC6C5DCD24A4}.Release|x64.ActiveCfg = Release|Any CPU
		{88040F5B-17B6-496B-B042-DC6C5DCD24A4}.Release|x64.Build.0 = Release|Any CPU
		{88040F5B-17B6-496B-B042-DC6C5DCD24A4}.Release|x86.ActiveCfg = Release|Any CPU
		{88040F5B-17B6-496B-B042-DC6C5DCD24A4}.Release|x86.Build.0 = Release|Any CPU
		{0837A45E-0B70-4A81-9602-CF023A56C8F7}.Debug|Any CPU.ActiveCfg = Debug|Any CPU
		{0837A45E-0B70-4A81-9602-CF023A56C8F7}.Debug|Any CPU.Build.0 = Debug|Any CPU
		{0837A45E-0B70-4A81-9602-CF023A56C8F7}.Debug|x64.ActiveCfg = Debug|Any CPU
		{0837A45E-0B70-4A81-9602-CF023A56C8F7}.Debug|x64.Build.0 = Debug|Any CPU
		{0837A45E-0B70-4A81-9602-CF023A56C8F7}.Debug|x86.ActiveCfg = Debug|Any CPU
		{0837A45E-0B70-4A81-9602-CF023A56C8F7}.Debug|x86.Build.0 = Debug|Any CPU
		{0837A45E-0B70-4A81-9602-CF023A56C8F7}.Release|Any CPU.ActiveCfg = Release|Any CPU
		{0837A45E-0B70-4A81-9602-CF023A56C8F7}.Release|Any CPU.Build.0 = Release|Any CPU
		{0837A45E-0B70-4A81-9602-CF023A56C8F7}.Release|x64.ActiveCfg = Release|Any CPU
		{0837A45E-0B70-4A81-9602-CF023A56C8F7}.Release|x64.Build.0 = Release|Any CPU
		{0837A45E-0B70-4A81-9602-CF023A56C8F7}.Release|x86.ActiveCfg = Release|Any CPU
		{0837A45E-0B70-4A81-9602-CF023A56C8F7}.Release|x86.Build.0 = Release|Any CPU
		{EF2F9DBD-2435-4379-9024-5531F587539C}.Debug|Any CPU.ActiveCfg = Debug|Any CPU
		{EF2F9DBD-2435-4379-9024-5531F587539C}.Debug|Any CPU.Build.0 = Debug|Any CPU
		{EF2F9DBD-2435-4379-9024-5531F587539C}.Debug|x64.ActiveCfg = Debug|Any CPU
		{EF2F9DBD-2435-4379-9024-5531F587539C}.Debug|x64.Build.0 = Debug|Any CPU
		{EF2F9DBD-2435-4379-9024-5531F587539C}.Debug|x86.ActiveCfg = Debug|Any CPU
		{EF2F9DBD-2435-4379-9024-5531F587539C}.Debug|x86.Build.0 = Debug|Any CPU
		{EF2F9DBD-2435-4379-9024-5531F587539C}.Release|Any CPU.ActiveCfg = Release|Any CPU
		{EF2F9DBD-2435-4379-9024-5531F587539C}.Release|Any CPU.Build.0 = Release|Any CPU
		{EF2F9DBD-2435-4379-9024-5531F587539C}.Release|x64.ActiveCfg = Release|Any CPU
		{EF2F9DBD-2435-4379-9024-5531F587539C}.Release|x64.Build.0 = Release|Any CPU
		{EF2F9DBD-2435-4379-9024-5531F587539C}.Release|x86.ActiveCfg = Release|Any CPU
		{EF2F9DBD-2435-4379-9024-5531F587539C}.Release|x86.Build.0 = Release|Any CPU
		{D5932518-4099-4749-9BE5-CBBD5B4E14D6}.Debug|Any CPU.ActiveCfg = Debug|Any CPU
		{D5932518-4099-4749-9BE5-CBBD5B4E14D6}.Debug|Any CPU.Build.0 = Debug|Any CPU
		{D5932518-4099-4749-9BE5-CBBD5B4E14D6}.Debug|x64.ActiveCfg = Debug|Any CPU
		{D5932518-4099-4749-9BE5-CBBD5B4E14D6}.Debug|x64.Build.0 = Debug|Any CPU
		{D5932518-4099-4749-9BE5-CBBD5B4E14D6}.Debug|x86.ActiveCfg = Debug|Any CPU
		{D5932518-4099-4749-9BE5-CBBD5B4E14D6}.Debug|x86.Build.0 = Debug|Any CPU
		{D5932518-4099-4749-9BE5-CBBD5B4E14D6}.Release|Any CPU.ActiveCfg = Release|Any CPU
		{D5932518-4099-4749-9BE5-CBBD5B4E14D6}.Release|Any CPU.Build.0 = Release|Any CPU
		{D5932518-4099-4749-9BE5-CBBD5B4E14D6}.Release|x64.ActiveCfg = Release|Any CPU
		{D5932518-4099-4749-9BE5-CBBD5B4E14D6}.Release|x64.Build.0 = Release|Any CPU
		{D5932518-4099-4749-9BE5-CBBD5B4E14D6}.Release|x86.ActiveCfg = Release|Any CPU
		{D5932518-4099-4749-9BE5-CBBD5B4E14D6}.Release|x86.Build.0 = Release|Any CPU
		{71FFB837-A28C-4F6E-8928-05217E1CA303}.Debug|Any CPU.ActiveCfg = Debug|Any CPU
		{71FFB837-A28C-4F6E-8928-05217E1CA303}.Debug|Any CPU.Build.0 = Debug|Any CPU
		{71FFB837-A28C-4F6E-8928-05217E1CA303}.Debug|x64.ActiveCfg = Debug|Any CPU
		{71FFB837-A28C-4F6E-8928-05217E1CA303}.Debug|x64.Build.0 = Debug|Any CPU
		{71FFB837-A28C-4F6E-8928-05217E1CA303}.Debug|x86.ActiveCfg = Debug|Any CPU
		{71FFB837-A28C-4F6E-8928-05217E1CA303}.Debug|x86.Build.0 = Debug|Any CPU
		{71FFB837-A28C-4F6E-8928-05217E1CA303}.Release|Any CPU.ActiveCfg = Release|Any CPU
		{71FFB837-A28C-4F6E-8928-05217E1CA303}.Release|Any CPU.Build.0 = Release|Any CPU
		{71FFB837-A28C-4F6E-8928-05217E1CA303}.Release|x64.ActiveCfg = Release|Any CPU
		{71FFB837-A28C-4F6E-8928-05217E1CA303}.Release|x64.Build.0 = Release|Any CPU
		{71FFB837-A28C-4F6E-8928-05217E1CA303}.Release|x86.ActiveCfg = Release|Any CPU
		{71FFB837-A28C-4F6E-8928-05217E1CA303}.Release|x86.Build.0 = Release|Any CPU
		{62020D65-5793-46FA-A45D-69CFBEF8F5BF}.Debug|Any CPU.ActiveCfg = Debug|Any CPU
		{62020D65-5793-46FA-A45D-69CFBEF8F5BF}.Debug|Any CPU.Build.0 = Debug|Any CPU
		{62020D65-5793-46FA-A45D-69CFBEF8F5BF}.Debug|x64.ActiveCfg = Debug|Any CPU
		{62020D65-5793-46FA-A45D-69CFBEF8F5BF}.Debug|x64.Build.0 = Debug|Any CPU
		{62020D65-5793-46FA-A45D-69CFBEF8F5BF}.Debug|x86.ActiveCfg = Debug|Any CPU
		{62020D65-5793-46FA-A45D-69CFBEF8F5BF}.Debug|x86.Build.0 = Debug|Any CPU
		{62020D65-5793-46FA-A45D-69CFBEF8F5BF}.Release|Any CPU.ActiveCfg = Release|Any CPU
		{62020D65-5793-46FA-A45D-69CFBEF8F5BF}.Release|Any CPU.Build.0 = Release|Any CPU
		{62020D65-5793-46FA-A45D-69CFBEF8F5BF}.Release|x64.ActiveCfg = Release|Any CPU
		{62020D65-5793-46FA-A45D-69CFBEF8F5BF}.Release|x64.Build.0 = Release|Any CPU
		{62020D65-5793-46FA-A45D-69CFBEF8F5BF}.Release|x86.ActiveCfg = Release|Any CPU
		{62020D65-5793-46FA-A45D-69CFBEF8F5BF}.Release|x86.Build.0 = Release|Any CPU
		{53752CB0-A328-4026-885E-3E6987B683DF}.Debug|Any CPU.ActiveCfg = Debug|Any CPU
		{53752CB0-A328-4026-885E-3E6987B683DF}.Debug|Any CPU.Build.0 = Debug|Any CPU
		{53752CB0-A328-4026-885E-3E6987B683DF}.Debug|x64.ActiveCfg = Debug|Any CPU
		{53752CB0-A328-4026-885E-3E6987B683DF}.Debug|x64.Build.0 = Debug|Any CPU
		{53752CB0-A328-4026-885E-3E6987B683DF}.Debug|x86.ActiveCfg = Debug|Any CPU
		{53752CB0-A328-4026-885E-3E6987B683DF}.Debug|x86.Build.0 = Debug|Any CPU
		{53752CB0-A328-4026-885E-3E6987B683DF}.Release|Any CPU.ActiveCfg = Release|Any CPU
		{53752CB0-A328-4026-885E-3E6987B683DF}.Release|Any CPU.Build.0 = Release|Any CPU
		{53752CB0-A328-4026-885E-3E6987B683DF}.Release|x64.ActiveCfg = Release|Any CPU
		{53752CB0-A328-4026-885E-3E6987B683DF}.Release|x64.Build.0 = Release|Any CPU
		{53752CB0-A328-4026-885E-3E6987B683DF}.Release|x86.ActiveCfg = Release|Any CPU
		{53752CB0-A328-4026-885E-3E6987B683DF}.Release|x86.Build.0 = Release|Any CPU
		{436E7954-4A38-4A22-9323-385FF227AF4F}.Debug|Any CPU.ActiveCfg = Debug|Any CPU
		{436E7954-4A38-4A22-9323-385FF227AF4F}.Debug|Any CPU.Build.0 = Debug|Any CPU
		{436E7954-4A38-4A22-9323-385FF227AF4F}.Debug|x64.ActiveCfg = Debug|Any CPU
		{436E7954-4A38-4A22-9323-385FF227AF4F}.Debug|x64.Build.0 = Debug|Any CPU
		{436E7954-4A38-4A22-9323-385FF227AF4F}.Debug|x86.ActiveCfg = Debug|Any CPU
		{436E7954-4A38-4A22-9323-385FF227AF4F}.Debug|x86.Build.0 = Debug|Any CPU
		{436E7954-4A38-4A22-9323-385FF227AF4F}.Release|Any CPU.ActiveCfg = Release|Any CPU
		{436E7954-4A38-4A22-9323-385FF227AF4F}.Release|Any CPU.Build.0 = Release|Any CPU
		{436E7954-4A38-4A22-9323-385FF227AF4F}.Release|x64.ActiveCfg = Release|Any CPU
		{436E7954-4A38-4A22-9323-385FF227AF4F}.Release|x64.Build.0 = Release|Any CPU
		{436E7954-4A38-4A22-9323-385FF227AF4F}.Release|x86.ActiveCfg = Release|Any CPU
		{436E7954-4A38-4A22-9323-385FF227AF4F}.Release|x86.Build.0 = Release|Any CPU
		{7E57E6BD-6F4A-492A-BE88-4B86A4A46A2E}.Debug|Any CPU.ActiveCfg = Debug|Any CPU
		{7E57E6BD-6F4A-492A-BE88-4B86A4A46A2E}.Debug|Any CPU.Build.0 = Debug|Any CPU
		{7E57E6BD-6F4A-492A-BE88-4B86A4A46A2E}.Debug|x64.ActiveCfg = Debug|Any CPU
		{7E57E6BD-6F4A-492A-BE88-4B86A4A46A2E}.Debug|x64.Build.0 = Debug|Any CPU
		{7E57E6BD-6F4A-492A-BE88-4B86A4A46A2E}.Debug|x86.ActiveCfg = Debug|Any CPU
		{7E57E6BD-6F4A-492A-BE88-4B86A4A46A2E}.Debug|x86.Build.0 = Debug|Any CPU
		{7E57E6BD-6F4A-492A-BE88-4B86A4A46A2E}.Release|Any CPU.ActiveCfg = Release|Any CPU
		{7E57E6BD-6F4A-492A-BE88-4B86A4A46A2E}.Release|Any CPU.Build.0 = Release|Any CPU
		{7E57E6BD-6F4A-492A-BE88-4B86A4A46A2E}.Release|x64.ActiveCfg = Release|Any CPU
		{7E57E6BD-6F4A-492A-BE88-4B86A4A46A2E}.Release|x64.Build.0 = Release|Any CPU
		{7E57E6BD-6F4A-492A-BE88-4B86A4A46A2E}.Release|x86.ActiveCfg = Release|Any CPU
		{7E57E6BD-6F4A-492A-BE88-4B86A4A46A2E}.Release|x86.Build.0 = Release|Any CPU
		{C2D90E8A-3F5E-4EF3-8C03-96D24797DC9A}.Debug|Any CPU.ActiveCfg = Debug|Any CPU
		{C2D90E8A-3F5E-4EF3-8C03-96D24797DC9A}.Debug|Any CPU.Build.0 = Debug|Any CPU
		{C2D90E8A-3F5E-4EF3-8C03-96D24797DC9A}.Debug|x64.ActiveCfg = Debug|Any CPU
		{C2D90E8A-3F5E-4EF3-8C03-96D24797DC9A}.Debug|x64.Build.0 = Debug|Any CPU
		{C2D90E8A-3F5E-4EF3-8C03-96D24797DC9A}.Debug|x86.ActiveCfg = Debug|Any CPU
		{C2D90E8A-3F5E-4EF3-8C03-96D24797DC9A}.Debug|x86.Build.0 = Debug|Any CPU
		{C2D90E8A-3F5E-4EF3-8C03-96D24797DC9A}.Release|Any CPU.ActiveCfg = Release|Any CPU
		{C2D90E8A-3F5E-4EF3-8C03-96D24797DC9A}.Release|Any CPU.Build.0 = Release|Any CPU
		{C2D90E8A-3F5E-4EF3-8C03-96D24797DC9A}.Release|x64.ActiveCfg = Release|Any CPU
		{C2D90E8A-3F5E-4EF3-8C03-96D24797DC9A}.Release|x64.Build.0 = Release|Any CPU
		{C2D90E8A-3F5E-4EF3-8C03-96D24797DC9A}.Release|x86.ActiveCfg = Release|Any CPU
		{C2D90E8A-3F5E-4EF3-8C03-96D24797DC9A}.Release|x86.Build.0 = Release|Any CPU
		{7EF1A41F-5E3A-46AD-BD13-4E14988A0E83}.Debug|Any CPU.ActiveCfg = Debug|Any CPU
		{7EF1A41F-5E3A-46AD-BD13-4E14988A0E83}.Debug|Any CPU.Build.0 = Debug|Any CPU
		{7EF1A41F-5E3A-46AD-BD13-4E14988A0E83}.Debug|x64.ActiveCfg = Debug|Any CPU
		{7EF1A41F-5E3A-46AD-BD13-4E14988A0E83}.Debug|x64.Build.0 = Debug|Any CPU
		{7EF1A41F-5E3A-46AD-BD13-4E14988A0E83}.Debug|x86.ActiveCfg = Debug|Any CPU
		{7EF1A41F-5E3A-46AD-BD13-4E14988A0E83}.Debug|x86.Build.0 = Debug|Any CPU
		{7EF1A41F-5E3A-46AD-BD13-4E14988A0E83}.Release|Any CPU.ActiveCfg = Release|Any CPU
		{7EF1A41F-5E3A-46AD-BD13-4E14988A0E83}.Release|Any CPU.Build.0 = Release|Any CPU
		{7EF1A41F-5E3A-46AD-BD13-4E14988A0E83}.Release|x64.ActiveCfg = Release|Any CPU
		{7EF1A41F-5E3A-46AD-BD13-4E14988A0E83}.Release|x64.Build.0 = Release|Any CPU
		{7EF1A41F-5E3A-46AD-BD13-4E14988A0E83}.Release|x86.ActiveCfg = Release|Any CPU
		{7EF1A41F-5E3A-46AD-BD13-4E14988A0E83}.Release|x86.Build.0 = Release|Any CPU
		{45E66163-1E99-41B6-BB8C-33FF3F0A8CAB}.Debug|Any CPU.ActiveCfg = Debug|Any CPU
		{45E66163-1E99-41B6-BB8C-33FF3F0A8CAB}.Debug|Any CPU.Build.0 = Debug|Any CPU
		{45E66163-1E99-41B6-BB8C-33FF3F0A8CAB}.Debug|x64.ActiveCfg = Debug|Any CPU
		{45E66163-1E99-41B6-BB8C-33FF3F0A8CAB}.Debug|x64.Build.0 = Debug|Any CPU
		{45E66163-1E99-41B6-BB8C-33FF3F0A8CAB}.Debug|x86.ActiveCfg = Debug|Any CPU
		{45E66163-1E99-41B6-BB8C-33FF3F0A8CAB}.Debug|x86.Build.0 = Debug|Any CPU
		{45E66163-1E99-41B6-BB8C-33FF3F0A8CAB}.Release|Any CPU.ActiveCfg = Release|Any CPU
		{45E66163-1E99-41B6-BB8C-33FF3F0A8CAB}.Release|Any CPU.Build.0 = Release|Any CPU
		{45E66163-1E99-41B6-BB8C-33FF3F0A8CAB}.Release|x64.ActiveCfg = Release|Any CPU
		{45E66163-1E99-41B6-BB8C-33FF3F0A8CAB}.Release|x64.Build.0 = Release|Any CPU
		{45E66163-1E99-41B6-BB8C-33FF3F0A8CAB}.Release|x86.ActiveCfg = Release|Any CPU
		{45E66163-1E99-41B6-BB8C-33FF3F0A8CAB}.Release|x86.Build.0 = Release|Any CPU
		{BA0E2E03-AA28-47FE-9C80-93EC9C61B076}.Debug|Any CPU.ActiveCfg = Debug|Any CPU
		{BA0E2E03-AA28-47FE-9C80-93EC9C61B076}.Debug|Any CPU.Build.0 = Debug|Any CPU
		{BA0E2E03-AA28-47FE-9C80-93EC9C61B076}.Debug|x64.ActiveCfg = Debug|Any CPU
		{BA0E2E03-AA28-47FE-9C80-93EC9C61B076}.Debug|x64.Build.0 = Debug|Any CPU
		{BA0E2E03-AA28-47FE-9C80-93EC9C61B076}.Debug|x86.ActiveCfg = Debug|Any CPU
		{BA0E2E03-AA28-47FE-9C80-93EC9C61B076}.Debug|x86.Build.0 = Debug|Any CPU
		{BA0E2E03-AA28-47FE-9C80-93EC9C61B076}.Release|Any CPU.ActiveCfg = Release|Any CPU
		{BA0E2E03-AA28-47FE-9C80-93EC9C61B076}.Release|Any CPU.Build.0 = Release|Any CPU
		{BA0E2E03-AA28-47FE-9C80-93EC9C61B076}.Release|x64.ActiveCfg = Release|Any CPU
		{BA0E2E03-AA28-47FE-9C80-93EC9C61B076}.Release|x64.Build.0 = Release|Any CPU
		{BA0E2E03-AA28-47FE-9C80-93EC9C61B076}.Release|x86.ActiveCfg = Release|Any CPU
		{BA0E2E03-AA28-47FE-9C80-93EC9C61B076}.Release|x86.Build.0 = Release|Any CPU
		{ED2900D1-33C5-42A9-84CE-FA23A1336C79}.Debug|Any CPU.ActiveCfg = Debug|Any CPU
		{ED2900D1-33C5-42A9-84CE-FA23A1336C79}.Debug|Any CPU.Build.0 = Debug|Any CPU
		{ED2900D1-33C5-42A9-84CE-FA23A1336C79}.Debug|x64.ActiveCfg = Debug|Any CPU
		{ED2900D1-33C5-42A9-84CE-FA23A1336C79}.Debug|x64.Build.0 = Debug|Any CPU
		{ED2900D1-33C5-42A9-84CE-FA23A1336C79}.Debug|x86.ActiveCfg = Debug|Any CPU
		{ED2900D1-33C5-42A9-84CE-FA23A1336C79}.Debug|x86.Build.0 = Debug|Any CPU
		{ED2900D1-33C5-42A9-84CE-FA23A1336C79}.Release|Any CPU.ActiveCfg = Release|Any CPU
		{ED2900D1-33C5-42A9-84CE-FA23A1336C79}.Release|Any CPU.Build.0 = Release|Any CPU
		{ED2900D1-33C5-42A9-84CE-FA23A1336C79}.Release|x64.ActiveCfg = Release|Any CPU
		{ED2900D1-33C5-42A9-84CE-FA23A1336C79}.Release|x64.Build.0 = Release|Any CPU
		{ED2900D1-33C5-42A9-84CE-FA23A1336C79}.Release|x86.ActiveCfg = Release|Any CPU
		{ED2900D1-33C5-42A9-84CE-FA23A1336C79}.Release|x86.Build.0 = Release|Any CPU
		{11F66C61-58EF-4B29-AB6B-2B15452BF47C}.Debug|Any CPU.ActiveCfg = Debug|Any CPU
		{11F66C61-58EF-4B29-AB6B-2B15452BF47C}.Debug|Any CPU.Build.0 = Debug|Any CPU
		{11F66C61-58EF-4B29-AB6B-2B15452BF47C}.Debug|x64.ActiveCfg = Debug|Any CPU
		{11F66C61-58EF-4B29-AB6B-2B15452BF47C}.Debug|x64.Build.0 = Debug|Any CPU
		{11F66C61-58EF-4B29-AB6B-2B15452BF47C}.Debug|x86.ActiveCfg = Debug|Any CPU
		{11F66C61-58EF-4B29-AB6B-2B15452BF47C}.Debug|x86.Build.0 = Debug|Any CPU
		{11F66C61-58EF-4B29-AB6B-2B15452BF47C}.Release|Any CPU.ActiveCfg = Release|Any CPU
		{11F66C61-58EF-4B29-AB6B-2B15452BF47C}.Release|Any CPU.Build.0 = Release|Any CPU
		{11F66C61-58EF-4B29-AB6B-2B15452BF47C}.Release|x64.ActiveCfg = Release|Any CPU
		{11F66C61-58EF-4B29-AB6B-2B15452BF47C}.Release|x64.Build.0 = Release|Any CPU
		{11F66C61-58EF-4B29-AB6B-2B15452BF47C}.Release|x86.ActiveCfg = Release|Any CPU
		{11F66C61-58EF-4B29-AB6B-2B15452BF47C}.Release|x86.Build.0 = Release|Any CPU
		{FAA689DF-D639-4862-BCBD-D2F32F55FE86}.Debug|Any CPU.ActiveCfg = Debug|Any CPU
		{FAA689DF-D639-4862-BCBD-D2F32F55FE86}.Debug|Any CPU.Build.0 = Debug|Any CPU
		{FAA689DF-D639-4862-BCBD-D2F32F55FE86}.Debug|x64.ActiveCfg = Debug|Any CPU
		{FAA689DF-D639-4862-BCBD-D2F32F55FE86}.Debug|x64.Build.0 = Debug|Any CPU
		{FAA689DF-D639-4862-BCBD-D2F32F55FE86}.Debug|x86.ActiveCfg = Debug|Any CPU
		{FAA689DF-D639-4862-BCBD-D2F32F55FE86}.Debug|x86.Build.0 = Debug|Any CPU
		{FAA689DF-D639-4862-BCBD-D2F32F55FE86}.Release|Any CPU.ActiveCfg = Release|Any CPU
		{FAA689DF-D639-4862-BCBD-D2F32F55FE86}.Release|Any CPU.Build.0 = Release|Any CPU
		{FAA689DF-D639-4862-BCBD-D2F32F55FE86}.Release|x64.ActiveCfg = Release|Any CPU
		{FAA689DF-D639-4862-BCBD-D2F32F55FE86}.Release|x64.Build.0 = Release|Any CPU
		{FAA689DF-D639-4862-BCBD-D2F32F55FE86}.Release|x86.ActiveCfg = Release|Any CPU
		{FAA689DF-D639-4862-BCBD-D2F32F55FE86}.Release|x86.Build.0 = Release|Any CPU
		{DBDAFC1A-6A5B-454E-8915-AFC164D469CB}.Debug|Any CPU.ActiveCfg = Debug|Any CPU
		{DBDAFC1A-6A5B-454E-8915-AFC164D469CB}.Debug|Any CPU.Build.0 = Debug|Any CPU
		{DBDAFC1A-6A5B-454E-8915-AFC164D469CB}.Debug|x64.ActiveCfg = Debug|Any CPU
		{DBDAFC1A-6A5B-454E-8915-AFC164D469CB}.Debug|x64.Build.0 = Debug|Any CPU
		{DBDAFC1A-6A5B-454E-8915-AFC164D469CB}.Debug|x86.ActiveCfg = Debug|Any CPU
		{DBDAFC1A-6A5B-454E-8915-AFC164D469CB}.Debug|x86.Build.0 = Debug|Any CPU
		{DBDAFC1A-6A5B-454E-8915-AFC164D469CB}.Release|Any CPU.ActiveCfg = Release|Any CPU
		{DBDAFC1A-6A5B-454E-8915-AFC164D469CB}.Release|Any CPU.Build.0 = Release|Any CPU
		{DBDAFC1A-6A5B-454E-8915-AFC164D469CB}.Release|x64.ActiveCfg = Release|Any CPU
		{DBDAFC1A-6A5B-454E-8915-AFC164D469CB}.Release|x64.Build.0 = Release|Any CPU
		{DBDAFC1A-6A5B-454E-8915-AFC164D469CB}.Release|x86.ActiveCfg = Release|Any CPU
		{DBDAFC1A-6A5B-454E-8915-AFC164D469CB}.Release|x86.Build.0 = Release|Any CPU
	EndGlobalSection
	GlobalSection(SolutionProperties) = preSolution
		HideSolutionNode = FALSE
	EndGlobalSection
	GlobalSection(NestedProjects) = preSolution
		{BBE30B23-D95E-4DDD-A38F-F1966D93DAB4} = {658C19AA-3C4B-4420-B432-65638F83EE57}
		{EE8C972B-9A60-4AC5-9792-ACF952EDF104} = {AE05D666-5600-4C5A-A903-038C94787EB4}
		{77A58886-B7F9-4F5E-8088-57DB54799C43} = {AE05D666-5600-4C5A-A903-038C94787EB4}
		{88040F5B-17B6-496B-B042-DC6C5DCD24A4} = {AE05D666-5600-4C5A-A903-038C94787EB4}
		{0837A45E-0B70-4A81-9602-CF023A56C8F7} = {AE05D666-5600-4C5A-A903-038C94787EB4}
		{EF2F9DBD-2435-4379-9024-5531F587539C} = {AE05D666-5600-4C5A-A903-038C94787EB4}
		{D5932518-4099-4749-9BE5-CBBD5B4E14D6} = {AE05D666-5600-4C5A-A903-038C94787EB4}
		{71FFB837-A28C-4F6E-8928-05217E1CA303} = {AE05D666-5600-4C5A-A903-038C94787EB4}
		{62020D65-5793-46FA-A45D-69CFBEF8F5BF} = {AE05D666-5600-4C5A-A903-038C94787EB4}
		{53752CB0-A328-4026-885E-3E6987B683DF} = {658C19AA-3C4B-4420-B432-65638F83EE57}
		{436E7954-4A38-4A22-9323-385FF227AF4F} = {AE05D666-5600-4C5A-A903-038C94787EB4}
		{7E57E6BD-6F4A-492A-BE88-4B86A4A46A2E} = {AE05D666-5600-4C5A-A903-038C94787EB4}
		{C2D90E8A-3F5E-4EF3-8C03-96D24797DC9A} = {AE05D666-5600-4C5A-A903-038C94787EB4}
		{7EF1A41F-5E3A-46AD-BD13-4E14988A0E83} = {AE05D666-5600-4C5A-A903-038C94787EB4}
		{45E66163-1E99-41B6-BB8C-33FF3F0A8CAB} = {AE05D666-5600-4C5A-A903-038C94787EB4}
		{BA0E2E03-AA28-47FE-9C80-93EC9C61B076} = {AE05D666-5600-4C5A-A903-038C94787EB4}
		{ED2900D1-33C5-42A9-84CE-FA23A1336C79} = {AE05D666-5600-4C5A-A903-038C94787EB4}
		{11F66C61-58EF-4B29-AB6B-2B15452BF47C} = {AE05D666-5600-4C5A-A903-038C94787EB4}
		{FAA689DF-D639-4862-BCBD-D2F32F55FE86} = {AE05D666-5600-4C5A-A903-038C94787EB4}
		{DBDAFC1A-6A5B-454E-8915-AFC164D469CB} = {AE05D666-5600-4C5A-A903-038C94787EB4}
	EndGlobalSection
	GlobalSection(ExtensibilityGlobals) = postSolution
		SolutionGuid = {9B102BFD-CA61-4D89-A274-368CA1DF0437}
	EndGlobalSection
EndGlobal
