
Microsoft Visual Studio Solution File, Format Version 12.00
# Visual Studio Version 16
VisualStudioVersion = 16.0.29209.152
MinimumVisualStudioVersion = 10.0.40219.1
Project("{9A19103F-16F7-4668-BE54-9A1E7A4F7556}") = "Konfidence.SqlHostProvider", "Konfidence.SqlHostProvider\Konfidence.SqlHostProvider.csproj", "{3AFAECE6-B6EF-491A-A304-6C1C6F1D5FE4}"
EndProject
Project("{9A19103F-16F7-4668-BE54-9A1E7A4F7556}") = "Konfidence.RepositoryInterface", "Konfidence.RepositoryInterface\Konfidence.RepositoryInterface.csproj", "{9A58D91F-CEE2-4EF0-969A-72AB3CD553EB}"
EndProject
Project("{9A19103F-16F7-4668-BE54-9A1E7A4F7556}") = "Konfidence.BaseDataInterfaces", "Konfidence.BaseDataInterfaces\Konfidence.BaseDataInterfaces.csproj", "{D071EBAB-6DAA-4254-AF89-7A603F0FCF20}"
EndProject
Global
	GlobalSection(SolutionConfigurationPlatforms) = preSolution
		Debug|Any CPU = Debug|Any CPU
		Release|Any CPU = Release|Any CPU
	EndGlobalSection
	GlobalSection(ProjectConfigurationPlatforms) = postSolution
		{3AFAECE6-B6EF-491A-A304-6C1C6F1D5FE4}.Debug|Any CPU.ActiveCfg = Debug|Any CPU
		{3AFAECE6-B6EF-491A-A304-6C1C6F1D5FE4}.Debug|Any CPU.Build.0 = Debug|Any CPU
		{3AFAECE6-B6EF-491A-A304-6C1C6F1D5FE4}.Release|Any CPU.ActiveCfg = Release|Any CPU
		{3AFAECE6-B6EF-491A-A304-6C1C6F1D5FE4}.Release|Any CPU.Build.0 = Release|Any CPU
		{9A58D91F-CEE2-4EF0-969A-72AB3CD553EB}.Debug|Any CPU.ActiveCfg = Debug|Any CPU
		{9A58D91F-CEE2-4EF0-969A-72AB3CD553EB}.Debug|Any CPU.Build.0 = Debug|Any CPU
		{9A58D91F-CEE2-4EF0-969A-72AB3CD553EB}.Release|Any CPU.ActiveCfg = Release|Any CPU
		{9A58D91F-CEE2-4EF0-969A-72AB3CD553EB}.Release|Any CPU.Build.0 = Release|Any CPU
		{D071EBAB-6DAA-4254-AF89-7A603F0FCF20}.Debug|Any CPU.ActiveCfg = Debug|Any CPU
		{D071EBAB-6DAA-4254-AF89-7A603F0FCF20}.Debug|Any CPU.Build.0 = Debug|Any CPU
		{D071EBAB-6DAA-4254-AF89-7A603F0FCF20}.Release|Any CPU.ActiveCfg = Release|Any CPU
		{D071EBAB-6DAA-4254-AF89-7A603F0FCF20}.Release|Any CPU.Build.0 = Release|Any CPU
	EndGlobalSection
	GlobalSection(SolutionProperties) = preSolution
		HideSolutionNode = FALSE
	EndGlobalSection
	GlobalSection(ExtensibilityGlobals) = postSolution
		SolutionGuid = {9B102BFD-CA61-4D89-A274-368CA1DF0437}
	EndGlobalSection
EndGlobal
