
Microsoft Visual Studio Solution File, Format Version 12.00
# Visual Studio 2010
Project("{2150E333-8FDC-42A3-9474-1A3956D46DE8}") = "DataItemGeneratorConfig", "DataItemGeneratorConfig", "{3EC13455-0210-4B1D-B242-97D5517F7784}"
	ProjectSection(SolutionItems) = preProject
		DataItemGenerator.config.xml = DataItemGenerator.config.xml
		y.DataItemGenerator.config.xml = y.DataItemGenerator.config.xml
		z.DataItemGenerator.config.xml = z.DataItemGenerator.config.xml
	EndProjectSection
EndProject
Project("{FAE04EC0-301F-11D3-BF4B-00C04F79EFBC}") = "DataItemGenerator", "DataItemGenerator\DataItemGenerator.csproj", "{54E699C2-B1C2-4016-B743-34C300F5BD99}"
EndProject
Project("{FAE04EC0-301F-11D3-BF4B-00C04F79EFBC}") = "DataItemGeneratorClasses", "DataItemGeneratorClasses\DataItemGeneratorClasses.csproj", "{BB6EC43F-6F08-4EA7-B998-898486871CB6}"
EndProject
Project("{FAE04EC0-301F-11D3-BF4B-00C04F79EFBC}") = "SourceSafeSample", "SourceSafeSample\SourceSafeSample.csproj", "{33193ACA-CBD8-4778-8845-E37BAE5A05B4}"
EndProject
Project("{FAE04EC0-301F-11D3-BF4B-00C04F79EFBC}") = "TemplateClasses", "TemplateClasses\TemplateClasses.csproj", "{1CF98EB8-98A3-4DAE-9F9D-9BC5A3970D0D}"
EndProject
Project("{FAE04EC0-301F-11D3-BF4B-00C04F79EFBC}") = "TemplateWebService", "TemplateWebService\TemplateWebService.csproj", "{CF54C51E-D836-4D91-8705-660CBF0ABDED}"
EndProject
Project("{FAE04EC0-301F-11D3-BF4B-00C04F79EFBC}") = "KonfidenceClassGeneratorTest", "KonfidenceClassGeneratorTest\KonfidenceClassGeneratorTest.csproj", "{F224812D-F846-4E36-8A6F-2F7520E366B9}"
EndProject
Project("{2150E333-8FDC-42A3-9474-1A3956D46DE8}") = "Solution Items", "Solution Items", "{AC6D2E55-D22E-4EFA-A0BC-B802C0457FE6}"
	ProjectSection(SolutionItems) = preProject
		KonfidenceClassGenerator.vsmdi = KonfidenceClassGenerator.vsmdi
		Local.testsettings = Local.testsettings
		TraceAndTestImpact.testsettings = TraceAndTestImpact.testsettings
	EndProjectSection
EndProject
Global
	GlobalSection(TeamFoundationVersionControl) = preSolution
		SccNumberOfProjects = 7
		SccEnterpriseProvider = {4CA58AB2-18FA-4F8D-95D4-32DDF27D184C}
		SccTeamFoundationServer = http://tfs.konfidence.nl:8080/tfs/konfidence
		SccLocalPath0 = .
		SccProjectUniqueName1 = DataItemGenerator\\DataItemGenerator.csproj
		SccProjectName1 = DataItemGenerator
		SccLocalPath1 = DataItemGenerator
		SccProjectUniqueName2 = DataItemGeneratorClasses\\DataItemGeneratorClasses.csproj
		SccProjectName2 = DataItemGeneratorClasses
		SccLocalPath2 = DataItemGeneratorClasses
		SccProjectUniqueName3 = SourceSafeSample\\SourceSafeSample.csproj
		SccProjectName3 = SourceSafeSample
		SccLocalPath3 = SourceSafeSample
		SccProjectUniqueName4 = TemplateClasses\\TemplateClasses.csproj
		SccProjectName4 = TemplateClasses
		SccLocalPath4 = TemplateClasses
		SccProjectUniqueName5 = TemplateWebService\\TemplateWebService.csproj
		SccProjectName5 = TemplateWebService
		SccLocalPath5 = TemplateWebService
		SccProjectUniqueName6 = KonfidenceClassGeneratorTest\\KonfidenceClassGeneratorTest.csproj
		SccProjectName6 = KonfidenceClassGeneratorTest
		SccLocalPath6 = KonfidenceClassGeneratorTest
	EndGlobalSection
	GlobalSection(TestCaseManagementSettings) = postSolution
		CategoryFile = KonfidenceClassGenerator.vsmdi
	EndGlobalSection
	GlobalSection(SolutionConfigurationPlatforms) = preSolution
		Debug|Any CPU = Debug|Any CPU
		Release|Any CPU = Release|Any CPU
	EndGlobalSection
	GlobalSection(ProjectConfigurationPlatforms) = postSolution
		{54E699C2-B1C2-4016-B743-34C300F5BD99}.Debug|Any CPU.ActiveCfg = Debug|Any CPU
		{54E699C2-B1C2-4016-B743-34C300F5BD99}.Debug|Any CPU.Build.0 = Debug|Any CPU
		{54E699C2-B1C2-4016-B743-34C300F5BD99}.Release|Any CPU.ActiveCfg = Release|Any CPU
		{54E699C2-B1C2-4016-B743-34C300F5BD99}.Release|Any CPU.Build.0 = Release|Any CPU
		{BB6EC43F-6F08-4EA7-B998-898486871CB6}.Debug|Any CPU.ActiveCfg = Debug|Any CPU
		{BB6EC43F-6F08-4EA7-B998-898486871CB6}.Debug|Any CPU.Build.0 = Debug|Any CPU
		{BB6EC43F-6F08-4EA7-B998-898486871CB6}.Release|Any CPU.ActiveCfg = Release|Any CPU
		{BB6EC43F-6F08-4EA7-B998-898486871CB6}.Release|Any CPU.Build.0 = Release|Any CPU
		{33193ACA-CBD8-4778-8845-E37BAE5A05B4}.Debug|Any CPU.ActiveCfg = Debug|Any CPU
		{33193ACA-CBD8-4778-8845-E37BAE5A05B4}.Debug|Any CPU.Build.0 = Debug|Any CPU
		{33193ACA-CBD8-4778-8845-E37BAE5A05B4}.Release|Any CPU.ActiveCfg = Release|Any CPU
		{33193ACA-CBD8-4778-8845-E37BAE5A05B4}.Release|Any CPU.Build.0 = Release|Any CPU
		{1CF98EB8-98A3-4DAE-9F9D-9BC5A3970D0D}.Debug|Any CPU.ActiveCfg = Debug|Any CPU
		{1CF98EB8-98A3-4DAE-9F9D-9BC5A3970D0D}.Debug|Any CPU.Build.0 = Debug|Any CPU
		{1CF98EB8-98A3-4DAE-9F9D-9BC5A3970D0D}.Release|Any CPU.ActiveCfg = Release|Any CPU
		{1CF98EB8-98A3-4DAE-9F9D-9BC5A3970D0D}.Release|Any CPU.Build.0 = Release|Any CPU
		{CF54C51E-D836-4D91-8705-660CBF0ABDED}.Debug|Any CPU.ActiveCfg = Debug|Any CPU
		{CF54C51E-D836-4D91-8705-660CBF0ABDED}.Debug|Any CPU.Build.0 = Debug|Any CPU
		{CF54C51E-D836-4D91-8705-660CBF0ABDED}.Release|Any CPU.ActiveCfg = Release|Any CPU
		{CF54C51E-D836-4D91-8705-660CBF0ABDED}.Release|Any CPU.Build.0 = Release|Any CPU
		{F224812D-F846-4E36-8A6F-2F7520E366B9}.Debug|Any CPU.ActiveCfg = Debug|Any CPU
		{F224812D-F846-4E36-8A6F-2F7520E366B9}.Debug|Any CPU.Build.0 = Debug|Any CPU
		{F224812D-F846-4E36-8A6F-2F7520E366B9}.Release|Any CPU.ActiveCfg = Release|Any CPU
		{F224812D-F846-4E36-8A6F-2F7520E366B9}.Release|Any CPU.Build.0 = Release|Any CPU
	EndGlobalSection
	GlobalSection(SolutionProperties) = preSolution
		HideSolutionNode = FALSE
	EndGlobalSection
EndGlobal
