
Microsoft Visual Studio Solution File, Format Version 11.00
# Visual Studio 2010
Project("{FAE04EC0-301F-11D3-BF4B-00C04F79EFBC}") = "Basics", "Basics.csproj", "{832B1FD7-72E5-4F81-BDCA-BEC1ED9EF212}"
EndProject
Global
 
	GlobalSection(SolutionConfigurationPlatforms) = preSolution
		Debug|Any CPU = Debug|Any CPU
		Release|Any CPU = Release|Any CPU
	EndGlobalSection
	GlobalSection(ProjectConfigurationPlatforms) = postSolution
		{832B1FD7-72E5-4F81-BDCA-BEC1ED9EF212}.Debug|Any CPU.ActiveCfg = Debug|Any CPU
		{832B1FD7-72E5-4F81-BDCA-BEC1ED9EF212}.Debug|Any CPU.Build.0 = Debug|Any CPU
		{832B1FD7-72E5-4F81-BDCA-BEC1ED9EF212}.Release|Any CPU.ActiveCfg = Release|Any CPU
		{832B1FD7-72E5-4F81-BDCA-BEC1ED9EF212}.Release|Any CPU.Build.0 = Release|Any CPU
	EndGlobalSection
	GlobalSection(SolutionProperties) = preSolution
		HideSolutionNode = FALSE
	EndGlobalSection
EndGlobal
